
Microsoft Visual Studio Solution File, Format Version 12.00
# Visual Studio Version 16
VisualStudioVersion = 16.0.30907.101
MinimumVisualStudioVersion = 10.0.40219.1
Project("{9A19103F-16F7-4668-BE54-9A1E7A4F7556}") = "SOPWebServer", "SOPWebServer\SOPWebServer.csproj", "{6B8E5AC8-2B20-46BC-AA3A-627F3A95537B}"
EndProject
Project("{2150E333-8FDC-42A3-9474-1A3956D46DE8}") = "Utility", "Utility", "{28730916-1182-4A2B-B948-BE41554B8458}"
EndProject
Project("{9A19103F-16F7-4668-BE54-9A1E7A4F7556}") = "dnsDapperDBUtil", "..\..\..\..\esdk\dnsDapperDBUtil\dnsDapperDBUtil\dnsDapperDBUtil.csproj", "{37F95296-5C4E-4E2F-9FE1-9D5C4970290F}"
EndProject
Project("{2150E333-8FDC-42A3-9474-1A3956D46DE8}") = "ModelLayer", "ModelLayer", "{70E51BCD-9E61-4A3A-8818-072C9FEAAFDF}"
EndProject
Project("{2150E333-8FDC-42A3-9474-1A3956D46DE8}") = "Controller", "Controller", "{95DDBE55-27C9-4982-B743-1DF3D31E478F}"
EndProject
Project("{2150E333-8FDC-42A3-9474-1A3956D46DE8}") = "BusinessLogicLayer", "BusinessLogicLayer", "{98C3C4E9-1A8B-4FF3-AED8-9968624AB29D}"
EndProject
Project("{9A19103F-16F7-4668-BE54-9A1E7A4F7556}") = "Response", "..\..\Utility\Response\Response.csproj", "{B9F873EB-911C-48C3-8D65-224899DCAA27}"
EndProject
Project("{2150E333-8FDC-42A3-9474-1A3956D46DE8}") = "DataAccessLayer", "DataAccessLayer", "{DD5BD7CE-9D0B-4DDB-83D2-9B41632ADEEB}"
EndProject
Project("{9A19103F-16F7-4668-BE54-9A1E7A4F7556}") = "dnsData2", "..\..\Utility\dnsData\dnsData2.csproj", "{BBBAE6CF-B539-469A-873D-2C59245CA22F}"
EndProject
Project("{9A19103F-16F7-4668-BE54-9A1E7A4F7556}") = "Base.Model", "..\..\Base\Base.Model\Base.Model.csproj", "{FE29F1A0-8CE7-4AC7-839E-DC6E7B5B9FBC}"
EndProject
Project("{9A19103F-16F7-4668-BE54-9A1E7A4F7556}") = "Base.DAL", "..\..\Base\Base.DAL\Base.DAL.csproj", "{642F9206-E8B2-44A9-889F-030D66E0E8A8}"
EndProject
Project("{9A19103F-16F7-4668-BE54-9A1E7A4F7556}") = "SOPWebServer.Controller", "..\..\Base\SOPWebServer\SOPWebServer.Controller\SOPWebServer.Controller.csproj", "{9DCF1151-78D8-45C1-9815-7F7E6F4EC3D8}"
EndProject
Project("{9A19103F-16F7-4668-BE54-9A1E7A4F7556}") = "SOPWebServer.IBLL", "..\..\Base\SOPWebServer\SOPWebServer.IBLL\SOPWebServer.IBLL.csproj", "{BA26D80C-31E2-452B-9AE8-AF0F891B2AA8}"
EndProject
Project("{9A19103F-16F7-4668-BE54-9A1E7A4F7556}") = "SOPWebServer.BLL", "..\..\Base\SOPWebServer\SOPWebServer.BLL\SOPWebServer.BLL.csproj", "{079B9B27-472A-4298-8CE6-2B71FA421112}"
EndProject
Project("{FAE04EC0-301F-11D3-BF4B-00C04F79EFBC}") = "SOPWebServer.Agent.BLL", "SOPWebServer.Agent.BLL\SOPWebServer.Agent.BLL.csproj", "{63AB9FDD-05C2-4326-A254-A2F68821F116}"
EndProject
Project("{FAE04EC0-301F-11D3-BF4B-00C04F79EFBC}") = "Base.SOPSimulator.IBLL", "..\..\Base\SOPSimulator\Base.SOPSimulator.IBLL\Base.SOPSimulator.IBLL.csproj", "{6061381A-AB02-4553-8D4A-8A5DA576A753}"
EndProject
Project("{FAE04EC0-301F-11D3-BF4B-00C04F79EFBC}") = "Base.SOPManager.IBLL", "..\..\Base\SOPManager\Base.SOPManager.IBLL\Base.SOPManager.IBLL.csproj", "{D8FD9E2E-CBBF-465A-A91A-846D85F39CA9}"
EndProject
Project("{FAE04EC0-301F-11D3-BF4B-00C04F79EFBC}") = "Base.SDMS.IBLL", "..\..\Base\SDMS\Base.SDMS.IBLL\Base.SDMS.IBLL.csproj", "{0FF3EB97-5E32-4FEE-BD24-434A8E8C418C}"
EndProject
Project("{FAE04EC0-301F-11D3-BF4B-00C04F79EFBC}") = "Base.SOPSimulator.BLL", "..\..\Base\SOPSimulator\Base.SOPSimulator.BLL\Base.SOPSimulator.BLL.csproj", "{6C113172-0A1D-4E2B-A821-C8DBDC2B0F79}"
EndProject
Project("{FAE04EC0-301F-11D3-BF4B-00C04F79EFBC}") = "dnsSMS", "..\..\..\..\esdk\dnsSMS\dnsSMS\dnsSMS.csproj", "{4417C16E-4D5A-4F92-B657-30F28091869E}"
EndProject
Global
	GlobalSection(SolutionConfigurationPlatforms) = preSolution
		Debug|Any CPU = Debug|Any CPU
		Release_Kakao|Any CPU = Release_Kakao|Any CPU
		Release_Kakaowork|Any CPU = Release_Kakaowork|Any CPU
		Release_SKT_MCS|Any CPU = Release_SKT_MCS|Any CPU
		Release_Soulbrain_MCS|Any CPU = Release_Soulbrain_MCS|Any CPU
		Release_UNE_MCS|Any CPU = Release_UNE_MCS|Any CPU
		Release|Any CPU = Release|Any CPU
	EndGlobalSection
	GlobalSection(ProjectConfigurationPlatforms) = postSolution
		{6B8E5AC8-2B20-46BC-AA3A-627F3A95537B}.Debug|Any CPU.ActiveCfg = Debug|Any CPU
		{6B8E5AC8-2B20-46BC-AA3A-627F3A95537B}.Debug|Any CPU.Build.0 = Debug|Any CPU
		{6B8E5AC8-2B20-46BC-AA3A-627F3A95537B}.Release_Kakao|Any CPU.ActiveCfg = Release|Any CPU
		{6B8E5AC8-2B20-46BC-AA3A-627F3A95537B}.Release_Kakao|Any CPU.Build.0 = Release|Any CPU
		{6B8E5AC8-2B20-46BC-AA3A-627F3A95537B}.Release_Kakaowork|Any CPU.ActiveCfg = Release|Any CPU
		{6B8E5AC8-2B20-46BC-AA3A-627F3A95537B}.Release_Kakaowork|Any CPU.Build.0 = Release|Any CPU
		{6B8E5AC8-2B20-46BC-AA3A-627F3A95537B}.Release_SKT_MCS|Any CPU.ActiveCfg = Release|Any CPU
		{6B8E5AC8-2B20-46BC-AA3A-627F3A95537B}.Release_SKT_MCS|Any CPU.Build.0 = Release|Any CPU
		{6B8E5AC8-2B20-46BC-AA3A-627F3A95537B}.Release_Soulbrain_MCS|Any CPU.ActiveCfg = Release|Any CPU
		{6B8E5AC8-2B20-46BC-AA3A-627F3A95537B}.Release_Soulbrain_MCS|Any CPU.Build.0 = Release|Any CPU
		{6B8E5AC8-2B20-46BC-AA3A-627F3A95537B}.Release_UNE_MCS|Any CPU.ActiveCfg = Release|Any CPU
		{6B8E5AC8-2B20-46BC-AA3A-627F3A95537B}.Release_UNE_MCS|Any CPU.Build.0 = Release|Any CPU
		{6B8E5AC8-2B20-46BC-AA3A-627F3A95537B}.Release|Any CPU.ActiveCfg = Release|Any CPU
		{6B8E5AC8-2B20-46BC-AA3A-627F3A95537B}.Release|Any CPU.Build.0 = Release|Any CPU
		{37F95296-5C4E-4E2F-9FE1-9D5C4970290F}.Debug|Any CPU.ActiveCfg = Debug|Any CPU
		{37F95296-5C4E-4E2F-9FE1-9D5C4970290F}.Debug|Any CPU.Build.0 = Debug|Any CPU
		{37F95296-5C4E-4E2F-9FE1-9D5C4970290F}.Release_Kakao|Any CPU.ActiveCfg = Release|Any CPU
		{37F95296-5C4E-4E2F-9FE1-9D5C4970290F}.Release_Kakao|Any CPU.Build.0 = Release|Any CPU
		{37F95296-5C4E-4E2F-9FE1-9D5C4970290F}.Release_Kakaowork|Any CPU.ActiveCfg = Release|Any CPU
		{37F95296-5C4E-4E2F-9FE1-9D5C4970290F}.Release_Kakaowork|Any CPU.Build.0 = Release|Any CPU
		{37F95296-5C4E-4E2F-9FE1-9D5C4970290F}.Release_SKT_MCS|Any CPU.ActiveCfg = Release|Any CPU
		{37F95296-5C4E-4E2F-9FE1-9D5C4970290F}.Release_SKT_MCS|Any CPU.Build.0 = Release|Any CPU
		{37F95296-5C4E-4E2F-9FE1-9D5C4970290F}.Release_Soulbrain_MCS|Any CPU.ActiveCfg = Release|Any CPU
		{37F95296-5C4E-4E2F-9FE1-9D5C4970290F}.Release_Soulbrain_MCS|Any CPU.Build.0 = Release|Any CPU
		{37F95296-5C4E-4E2F-9FE1-9D5C4970290F}.Release_UNE_MCS|Any CPU.ActiveCfg = Release|Any CPU
		{37F95296-5C4E-4E2F-9FE1-9D5C4970290F}.Release_UNE_MCS|Any CPU.Build.0 = Release|Any CPU
		{37F95296-5C4E-4E2F-9FE1-9D5C4970290F}.Release|Any CPU.ActiveCfg = Release|Any CPU
		{37F95296-5C4E-4E2F-9FE1-9D5C4970290F}.Release|Any CPU.Build.0 = Release|Any CPU
		{B9F873EB-911C-48C3-8D65-224899DCAA27}.Debug|Any CPU.ActiveCfg = Debug|Any CPU
		{B9F873EB-911C-48C3-8D65-224899DCAA27}.Debug|Any CPU.Build.0 = Debug|Any CPU
		{B9F873EB-911C-48C3-8D65-224899DCAA27}.Release_Kakao|Any CPU.ActiveCfg = Release|Any CPU
		{B9F873EB-911C-48C3-8D65-224899DCAA27}.Release_Kakao|Any CPU.Build.0 = Release|Any CPU
		{B9F873EB-911C-48C3-8D65-224899DCAA27}.Release_Kakaowork|Any CPU.ActiveCfg = Release|Any CPU
		{B9F873EB-911C-48C3-8D65-224899DCAA27}.Release_Kakaowork|Any CPU.Build.0 = Release|Any CPU
		{B9F873EB-911C-48C3-8D65-224899DCAA27}.Release_SKT_MCS|Any CPU.ActiveCfg = Release|Any CPU
		{B9F873EB-911C-48C3-8D65-224899DCAA27}.Release_SKT_MCS|Any CPU.Build.0 = Release|Any CPU
		{B9F873EB-911C-48C3-8D65-224899DCAA27}.Release_Soulbrain_MCS|Any CPU.ActiveCfg = Release|Any CPU
		{B9F873EB-911C-48C3-8D65-224899DCAA27}.Release_Soulbrain_MCS|Any CPU.Build.0 = Release|Any CPU
		{B9F873EB-911C-48C3-8D65-224899DCAA27}.Release_UNE_MCS|Any CPU.ActiveCfg = Release|Any CPU
		{B9F873EB-911C-48C3-8D65-224899DCAA27}.Release_UNE_MCS|Any CPU.Build.0 = Release|Any CPU
		{B9F873EB-911C-48C3-8D65-224899DCAA27}.Release|Any CPU.ActiveCfg = Release|Any CPU
		{B9F873EB-911C-48C3-8D65-224899DCAA27}.Release|Any CPU.Build.0 = Release|Any CPU
		{BBBAE6CF-B539-469A-873D-2C59245CA22F}.Debug|Any CPU.ActiveCfg = Debug|Any CPU
		{BBBAE6CF-B539-469A-873D-2C59245CA22F}.Debug|Any CPU.Build.0 = Debug|Any CPU
		{BBBAE6CF-B539-469A-873D-2C59245CA22F}.Release_Kakao|Any CPU.ActiveCfg = Release|Any CPU
		{BBBAE6CF-B539-469A-873D-2C59245CA22F}.Release_Kakao|Any CPU.Build.0 = Release|Any CPU
		{BBBAE6CF-B539-469A-873D-2C59245CA22F}.Release_Kakaowork|Any CPU.ActiveCfg = Release|Any CPU
		{BBBAE6CF-B539-469A-873D-2C59245CA22F}.Release_Kakaowork|Any CPU.Build.0 = Release|Any CPU
		{BBBAE6CF-B539-469A-873D-2C59245CA22F}.Release_SKT_MCS|Any CPU.ActiveCfg = Release|Any CPU
		{BBBAE6CF-B539-469A-873D-2C59245CA22F}.Release_SKT_MCS|Any CPU.Build.0 = Release|Any CPU
		{BBBAE6CF-B539-469A-873D-2C59245CA22F}.Release_Soulbrain_MCS|Any CPU.ActiveCfg = Release|Any CPU
		{BBBAE6CF-B539-469A-873D-2C59245CA22F}.Release_Soulbrain_MCS|Any CPU.Build.0 = Release|Any CPU
		{BBBAE6CF-B539-469A-873D-2C59245CA22F}.Release_UNE_MCS|Any CPU.ActiveCfg = Release|Any CPU
		{BBBAE6CF-B539-469A-873D-2C59245CA22F}.Release_UNE_MCS|Any CPU.Build.0 = Release|Any CPU
		{BBBAE6CF-B539-469A-873D-2C59245CA22F}.Release|Any CPU.ActiveCfg = Release|Any CPU
		{BBBAE6CF-B539-469A-873D-2C59245CA22F}.Release|Any CPU.Build.0 = Release|Any CPU
		{FE29F1A0-8CE7-4AC7-839E-DC6E7B5B9FBC}.Debug|Any CPU.ActiveCfg = Debug|Any CPU
		{FE29F1A0-8CE7-4AC7-839E-DC6E7B5B9FBC}.Debug|Any CPU.Build.0 = Debug|Any CPU
		{FE29F1A0-8CE7-4AC7-839E-DC6E7B5B9FBC}.Release_Kakao|Any CPU.ActiveCfg = Release|Any CPU
		{FE29F1A0-8CE7-4AC7-839E-DC6E7B5B9FBC}.Release_Kakao|Any CPU.Build.0 = Release|Any CPU
		{FE29F1A0-8CE7-4AC7-839E-DC6E7B5B9FBC}.Release_Kakaowork|Any CPU.ActiveCfg = Release|Any CPU
		{FE29F1A0-8CE7-4AC7-839E-DC6E7B5B9FBC}.Release_Kakaowork|Any CPU.Build.0 = Release|Any CPU
		{FE29F1A0-8CE7-4AC7-839E-DC6E7B5B9FBC}.Release_SKT_MCS|Any CPU.ActiveCfg = Release|Any CPU
		{FE29F1A0-8CE7-4AC7-839E-DC6E7B5B9FBC}.Release_SKT_MCS|Any CPU.Build.0 = Release|Any CPU
		{FE29F1A0-8CE7-4AC7-839E-DC6E7B5B9FBC}.Release_Soulbrain_MCS|Any CPU.ActiveCfg = Release|Any CPU
		{FE29F1A0-8CE7-4AC7-839E-DC6E7B5B9FBC}.Release_Soulbrain_MCS|Any CPU.Build.0 = Release|Any CPU
		{FE29F1A0-8CE7-4AC7-839E-DC6E7B5B9FBC}.Release_UNE_MCS|Any CPU.ActiveCfg = Release|Any CPU
		{FE29F1A0-8CE7-4AC7-839E-DC6E7B5B9FBC}.Release_UNE_MCS|Any CPU.Build.0 = Release|Any CPU
		{FE29F1A0-8CE7-4AC7-839E-DC6E7B5B9FBC}.Release|Any CPU.ActiveCfg = Release|Any CPU
		{FE29F1A0-8CE7-4AC7-839E-DC6E7B5B9FBC}.Release|Any CPU.Build.0 = Release|Any CPU
		{642F9206-E8B2-44A9-889F-030D66E0E8A8}.Debug|Any CPU.ActiveCfg = Debug|Any CPU
		{642F9206-E8B2-44A9-889F-030D66E0E8A8}.Debug|Any CPU.Build.0 = Debug|Any CPU
		{642F9206-E8B2-44A9-889F-030D66E0E8A8}.Release_Kakao|Any CPU.ActiveCfg = Release|Any CPU
		{642F9206-E8B2-44A9-889F-030D66E0E8A8}.Release_Kakao|Any CPU.Build.0 = Release|Any CPU
		{642F9206-E8B2-44A9-889F-030D66E0E8A8}.Release_Kakaowork|Any CPU.ActiveCfg = Release|Any CPU
		{642F9206-E8B2-44A9-889F-030D66E0E8A8}.Release_Kakaowork|Any CPU.Build.0 = Release|Any CPU
		{642F9206-E8B2-44A9-889F-030D66E0E8A8}.Release_SKT_MCS|Any CPU.ActiveCfg = Release|Any CPU
		{642F9206-E8B2-44A9-889F-030D66E0E8A8}.Release_SKT_MCS|Any CPU.Build.0 = Release|Any CPU
		{642F9206-E8B2-44A9-889F-030D66E0E8A8}.Release_Soulbrain_MCS|Any CPU.ActiveCfg = Release|Any CPU
		{642F9206-E8B2-44A9-889F-030D66E0E8A8}.Release_Soulbrain_MCS|Any CPU.Build.0 = Release|Any CPU
		{642F9206-E8B2-44A9-889F-030D66E0E8A8}.Release_UNE_MCS|Any CPU.ActiveCfg = Release|Any CPU
		{642F9206-E8B2-44A9-889F-030D66E0E8A8}.Release_UNE_MCS|Any CPU.Build.0 = Release|Any CPU
		{642F9206-E8B2-44A9-889F-030D66E0E8A8}.Release|Any CPU.ActiveCfg = Release|Any CPU
		{642F9206-E8B2-44A9-889F-030D66E0E8A8}.Release|Any CPU.Build.0 = Release|Any CPU
		{9DCF1151-78D8-45C1-9815-7F7E6F4EC3D8}.Debug|Any CPU.ActiveCfg = Debug|Any CPU
		{9DCF1151-78D8-45C1-9815-7F7E6F4EC3D8}.Debug|Any CPU.Build.0 = Debug|Any CPU
		{9DCF1151-78D8-45C1-9815-7F7E6F4EC3D8}.Release_Kakao|Any CPU.ActiveCfg = Release|Any CPU
		{9DCF1151-78D8-45C1-9815-7F7E6F4EC3D8}.Release_Kakao|Any CPU.Build.0 = Release|Any CPU
		{9DCF1151-78D8-45C1-9815-7F7E6F4EC3D8}.Release_Kakaowork|Any CPU.ActiveCfg = Release|Any CPU
		{9DCF1151-78D8-45C1-9815-7F7E6F4EC3D8}.Release_Kakaowork|Any CPU.Build.0 = Release|Any CPU
		{9DCF1151-78D8-45C1-9815-7F7E6F4EC3D8}.Release_SKT_MCS|Any CPU.ActiveCfg = Release|Any CPU
		{9DCF1151-78D8-45C1-9815-7F7E6F4EC3D8}.Release_SKT_MCS|Any CPU.Build.0 = Release|Any CPU
		{9DCF1151-78D8-45C1-9815-7F7E6F4EC3D8}.Release_Soulbrain_MCS|Any CPU.ActiveCfg = Release|Any CPU
		{9DCF1151-78D8-45C1-9815-7F7E6F4EC3D8}.Release_Soulbrain_MCS|Any CPU.Build.0 = Release|Any CPU
		{9DCF1151-78D8-45C1-9815-7F7E6F4EC3D8}.Release_UNE_MCS|Any CPU.ActiveCfg = Release|Any CPU
		{9DCF1151-78D8-45C1-9815-7F7E6F4EC3D8}.Release_UNE_MCS|Any CPU.Build.0 = Release|Any CPU
		{9DCF1151-78D8-45C1-9815-7F7E6F4EC3D8}.Release|Any CPU.ActiveCfg = Release|Any CPU
		{9DCF1151-78D8-45C1-9815-7F7E6F4EC3D8}.Release|Any CPU.Build.0 = Release|Any CPU
		{BA26D80C-31E2-452B-9AE8-AF0F891B2AA8}.Debug|Any CPU.ActiveCfg = Debug|Any CPU
		{BA26D80C-31E2-452B-9AE8-AF0F891B2AA8}.Debug|Any CPU.Build.0 = Debug|Any CPU
		{BA26D80C-31E2-452B-9AE8-AF0F891B2AA8}.Release_Kakao|Any CPU.ActiveCfg = Release|Any CPU
		{BA26D80C-31E2-452B-9AE8-AF0F891B2AA8}.Release_Kakao|Any CPU.Build.0 = Release|Any CPU
		{BA26D80C-31E2-452B-9AE8-AF0F891B2AA8}.Release_Kakaowork|Any CPU.ActiveCfg = Release|Any CPU
		{BA26D80C-31E2-452B-9AE8-AF0F891B2AA8}.Release_Kakaowork|Any CPU.Build.0 = Release|Any CPU
		{BA26D80C-31E2-452B-9AE8-AF0F891B2AA8}.Release_SKT_MCS|Any CPU.ActiveCfg = Release|Any CPU
		{BA26D80C-31E2-452B-9AE8-AF0F891B2AA8}.Release_SKT_MCS|Any CPU.Build.0 = Release|Any CPU
		{BA26D80C-31E2-452B-9AE8-AF0F891B2AA8}.Release_Soulbrain_MCS|Any CPU.ActiveCfg = Release|Any CPU
		{BA26D80C-31E2-452B-9AE8-AF0F891B2AA8}.Release_Soulbrain_MCS|Any CPU.Build.0 = Release|Any CPU
		{BA26D80C-31E2-452B-9AE8-AF0F891B2AA8}.Release_UNE_MCS|Any CPU.ActiveCfg = Release|Any CPU
		{BA26D80C-31E2-452B-9AE8-AF0F891B2AA8}.Release_UNE_MCS|Any CPU.Build.0 = Release|Any CPU
		{BA26D80C-31E2-452B-9AE8-AF0F891B2AA8}.Release|Any CPU.ActiveCfg = Release|Any CPU
		{BA26D80C-31E2-452B-9AE8-AF0F891B2AA8}.Release|Any CPU.Build.0 = Release|Any CPU
		{079B9B27-472A-4298-8CE6-2B71FA421112}.Debug|Any CPU.ActiveCfg = Debug|Any CPU
		{079B9B27-472A-4298-8CE6-2B71FA421112}.Debug|Any CPU.Build.0 = Debug|Any CPU
		{079B9B27-472A-4298-8CE6-2B71FA421112}.Release_Kakao|Any CPU.ActiveCfg = Release|Any CPU
		{079B9B27-472A-4298-8CE6-2B71FA421112}.Release_Kakao|Any CPU.Build.0 = Release|Any CPU
		{079B9B27-472A-4298-8CE6-2B71FA421112}.Release_Kakaowork|Any CPU.ActiveCfg = Release|Any CPU
		{079B9B27-472A-4298-8CE6-2B71FA421112}.Release_Kakaowork|Any CPU.Build.0 = Release|Any CPU
		{079B9B27-472A-4298-8CE6-2B71FA421112}.Release_SKT_MCS|Any CPU.ActiveCfg = Release|Any CPU
		{079B9B27-472A-4298-8CE6-2B71FA421112}.Release_SKT_MCS|Any CPU.Build.0 = Release|Any CPU
		{079B9B27-472A-4298-8CE6-2B71FA421112}.Release_Soulbrain_MCS|Any CPU.ActiveCfg = Release|Any CPU
		{079B9B27-472A-4298-8CE6-2B71FA421112}.Release_Soulbrain_MCS|Any CPU.Build.0 = Release|Any CPU
		{079B9B27-472A-4298-8CE6-2B71FA421112}.Release_UNE_MCS|Any CPU.ActiveCfg = Release|Any CPU
		{079B9B27-472A-4298-8CE6-2B71FA421112}.Release_UNE_MCS|Any CPU.Build.0 = Release|Any CPU
		{079B9B27-472A-4298-8CE6-2B71FA421112}.Release|Any CPU.ActiveCfg = Release|Any CPU
		{079B9B27-472A-4298-8CE6-2B71FA421112}.Release|Any CPU.Build.0 = Release|Any CPU
		{63AB9FDD-05C2-4326-A254-A2F68821F116}.Debug|Any CPU.ActiveCfg = Debug|Any CPU
		{63AB9FDD-05C2-4326-A254-A2F68821F116}.Debug|Any CPU.Build.0 = Debug|Any CPU
		{63AB9FDD-05C2-4326-A254-A2F68821F116}.Release_Kakao|Any CPU.ActiveCfg = Release|Any CPU
		{63AB9FDD-05C2-4326-A254-A2F68821F116}.Release_Kakao|Any CPU.Build.0 = Release|Any CPU
		{63AB9FDD-05C2-4326-A254-A2F68821F116}.Release_Kakaowork|Any CPU.ActiveCfg = Release|Any CPU
		{63AB9FDD-05C2-4326-A254-A2F68821F116}.Release_Kakaowork|Any CPU.Build.0 = Release|Any CPU
		{63AB9FDD-05C2-4326-A254-A2F68821F116}.Release_SKT_MCS|Any CPU.ActiveCfg = Release|Any CPU
		{63AB9FDD-05C2-4326-A254-A2F68821F116}.Release_SKT_MCS|Any CPU.Build.0 = Release|Any CPU
		{63AB9FDD-05C2-4326-A254-A2F68821F116}.Release_Soulbrain_MCS|Any CPU.ActiveCfg = Release|Any CPU
		{63AB9FDD-05C2-4326-A254-A2F68821F116}.Release_Soulbrain_MCS|Any CPU.Build.0 = Release|Any CPU
		{63AB9FDD-05C2-4326-A254-A2F68821F116}.Release_UNE_MCS|Any CPU.ActiveCfg = Release|Any CPU
		{63AB9FDD-05C2-4326-A254-A2F68821F116}.Release_UNE_MCS|Any CPU.Build.0 = Release|Any CPU
		{63AB9FDD-05C2-4326-A254-A2F68821F116}.Release|Any CPU.ActiveCfg = Release|Any CPU
		{63AB9FDD-05C2-4326-A254-A2F68821F116}.Release|Any CPU.Build.0 = Release|Any CPU
		{6061381A-AB02-4553-8D4A-8A5DA576A753}.Debug|Any CPU.ActiveCfg = Debug|Any CPU
		{6061381A-AB02-4553-8D4A-8A5DA576A753}.Debug|Any CPU.Build.0 = Debug|Any CPU
		{6061381A-AB02-4553-8D4A-8A5DA576A753}.Release_Kakao|Any CPU.ActiveCfg = Debug|Any CPU
		{6061381A-AB02-4553-8D4A-8A5DA576A753}.Release_Kakao|Any CPU.Build.0 = Debug|Any CPU
		{6061381A-AB02-4553-8D4A-8A5DA576A753}.Release_Kakaowork|Any CPU.ActiveCfg = Debug|Any CPU
		{6061381A-AB02-4553-8D4A-8A5DA576A753}.Release_Kakaowork|Any CPU.Build.0 = Debug|Any CPU
		{6061381A-AB02-4553-8D4A-8A5DA576A753}.Release_SKT_MCS|Any CPU.ActiveCfg = Debug|Any CPU
		{6061381A-AB02-4553-8D4A-8A5DA576A753}.Release_SKT_MCS|Any CPU.Build.0 = Debug|Any CPU
		{6061381A-AB02-4553-8D4A-8A5DA576A753}.Release_Soulbrain_MCS|Any CPU.ActiveCfg = Debug|Any CPU
		{6061381A-AB02-4553-8D4A-8A5DA576A753}.Release_Soulbrain_MCS|Any CPU.Build.0 = Debug|Any CPU
		{6061381A-AB02-4553-8D4A-8A5DA576A753}.Release_UNE_MCS|Any CPU.ActiveCfg = Debug|Any CPU
		{6061381A-AB02-4553-8D4A-8A5DA576A753}.Release_UNE_MCS|Any CPU.Build.0 = Debug|Any CPU
		{6061381A-AB02-4553-8D4A-8A5DA576A753}.Release|Any CPU.ActiveCfg = Release|Any CPU
		{6061381A-AB02-4553-8D4A-8A5DA576A753}.Release|Any CPU.Build.0 = Release|Any CPU
		{D8FD9E2E-CBBF-465A-A91A-846D85F39CA9}.Debug|Any CPU.ActiveCfg = Debug|Any CPU
		{D8FD9E2E-CBBF-465A-A91A-846D85F39CA9}.Debug|Any CPU.Build.0 = Debug|Any CPU
		{D8FD9E2E-CBBF-465A-A91A-846D85F39CA9}.Release_Kakao|Any CPU.ActiveCfg = Debug|Any CPU
		{D8FD9E2E-CBBF-465A-A91A-846D85F39CA9}.Release_Kakao|Any CPU.Build.0 = Debug|Any CPU
		{D8FD9E2E-CBBF-465A-A91A-846D85F39CA9}.Release_Kakaowork|Any CPU.ActiveCfg = Debug|Any CPU
		{D8FD9E2E-CBBF-465A-A91A-846D85F39CA9}.Release_Kakaowork|Any CPU.Build.0 = Debug|Any CPU
		{D8FD9E2E-CBBF-465A-A91A-846D85F39CA9}.Release_SKT_MCS|Any CPU.ActiveCfg = Debug|Any CPU
		{D8FD9E2E-CBBF-465A-A91A-846D85F39CA9}.Release_SKT_MCS|Any CPU.Build.0 = Debug|Any CPU
		{D8FD9E2E-CBBF-465A-A91A-846D85F39CA9}.Release_Soulbrain_MCS|Any CPU.ActiveCfg = Debug|Any CPU
		{D8FD9E2E-CBBF-465A-A91A-846D85F39CA9}.Release_Soulbrain_MCS|Any CPU.Build.0 = Debug|Any CPU
		{D8FD9E2E-CBBF-465A-A91A-846D85F39CA9}.Release_UNE_MCS|Any CPU.ActiveCfg = Debug|Any CPU
		{D8FD9E2E-CBBF-465A-A91A-846D85F39CA9}.Release_UNE_MCS|Any CPU.Build.0 = Debug|Any CPU
		{D8FD9E2E-CBBF-465A-A91A-846D85F39CA9}.Release|Any CPU.ActiveCfg = Release|Any CPU
		{D8FD9E2E-CBBF-465A-A91A-846D85F39CA9}.Release|Any CPU.Build.0 = Release|Any CPU
		{0FF3EB97-5E32-4FEE-BD24-434A8E8C418C}.Debug|Any CPU.ActiveCfg = Debug|Any CPU
		{0FF3EB97-5E32-4FEE-BD24-434A8E8C418C}.Debug|Any CPU.Build.0 = Debug|Any CPU
		{0FF3EB97-5E32-4FEE-BD24-434A8E8C418C}.Release_Kakao|Any CPU.ActiveCfg = Debug|Any CPU
		{0FF3EB97-5E32-4FEE-BD24-434A8E8C418C}.Release_Kakao|Any CPU.Build.0 = Debug|Any CPU
		{0FF3EB97-5E32-4FEE-BD24-434A8E8C418C}.Release_Kakaowork|Any CPU.ActiveCfg = Debug|Any CPU
		{0FF3EB97-5E32-4FEE-BD24-434A8E8C418C}.Release_Kakaowork|Any CPU.Build.0 = Debug|Any CPU
		{0FF3EB97-5E32-4FEE-BD24-434A8E8C418C}.Release_SKT_MCS|Any CPU.ActiveCfg = Debug|Any CPU
		{0FF3EB97-5E32-4FEE-BD24-434A8E8C418C}.Release_SKT_MCS|Any CPU.Build.0 = Debug|Any CPU
		{0FF3EB97-5E32-4FEE-BD24-434A8E8C418C}.Release_Soulbrain_MCS|Any CPU.ActiveCfg = Debug|Any CPU
		{0FF3EB97-5E32-4FEE-BD24-434A8E8C418C}.Release_Soulbrain_MCS|Any CPU.Build.0 = Debug|Any CPU
		{0FF3EB97-5E32-4FEE-BD24-434A8E8C418C}.Release_UNE_MCS|Any CPU.ActiveCfg = Debug|Any CPU
		{0FF3EB97-5E32-4FEE-BD24-434A8E8C418C}.Release_UNE_MCS|Any CPU.Build.0 = Debug|Any CPU
		{0FF3EB97-5E32-4FEE-BD24-434A8E8C418C}.Release|Any CPU.ActiveCfg = Release|Any CPU
		{0FF3EB97-5E32-4FEE-BD24-434A8E8C418C}.Release|Any CPU.Build.0 = Release|Any CPU
		{6C113172-0A1D-4E2B-A821-C8DBDC2B0F79}.Debug|Any CPU.ActiveCfg = Debug|Any CPU
		{6C113172-0A1D-4E2B-A821-C8DBDC2B0F79}.Debug|Any CPU.Build.0 = Debug|Any CPU
		{6C113172-0A1D-4E2B-A821-C8DBDC2B0F79}.Release_Kakao|Any CPU.ActiveCfg = Debug|Any CPU
		{6C113172-0A1D-4E2B-A821-C8DBDC2B0F79}.Release_Kakao|Any CPU.Build.0 = Debug|Any CPU
		{6C113172-0A1D-4E2B-A821-C8DBDC2B0F79}.Release_Kakaowork|Any CPU.ActiveCfg = Debug|Any CPU
		{6C113172-0A1D-4E2B-A821-C8DBDC2B0F79}.Release_Kakaowork|Any CPU.Build.0 = Debug|Any CPU
		{6C113172-0A1D-4E2B-A821-C8DBDC2B0F79}.Release_SKT_MCS|Any CPU.ActiveCfg = Debug|Any CPU
		{6C113172-0A1D-4E2B-A821-C8DBDC2B0F79}.Release_SKT_MCS|Any CPU.Build.0 = Debug|Any CPU
		{6C113172-0A1D-4E2B-A821-C8DBDC2B0F79}.Release_Soulbrain_MCS|Any CPU.ActiveCfg = Debug|Any CPU
		{6C113172-0A1D-4E2B-A821-C8DBDC2B0F79}.Release_Soulbrain_MCS|Any CPU.Build.0 = Debug|Any CPU
		{6C113172-0A1D-4E2B-A821-C8DBDC2B0F79}.Release_UNE_MCS|Any CPU.ActiveCfg = Debug|Any CPU
		{6C113172-0A1D-4E2B-A821-C8DBDC2B0F79}.Release_UNE_MCS|Any CPU.Build.0 = Debug|Any CPU
		{6C113172-0A1D-4E2B-A821-C8DBDC2B0F79}.Release|Any CPU.ActiveCfg = Release|Any CPU
		{6C113172-0A1D-4E2B-A821-C8DBDC2B0F79}.Release|Any CPU.Build.0 = Release|Any CPU
		{4417C16E-4D5A-4F92-B657-30F28091869E}.Debug|Any CPU.ActiveCfg = Debug|Any CPU
		{4417C16E-4D5A-4F92-B657-30F28091869E}.Debug|Any CPU.Build.0 = Debug|Any CPU
		{4417C16E-4D5A-4F92-B657-30F28091869E}.Release_Kakao|Any CPU.ActiveCfg = Release_Kakao|Any CPU
		{4417C16E-4D5A-4F92-B657-30F28091869E}.Release_Kakao|Any CPU.Build.0 = Release_Kakao|Any CPU
		{4417C16E-4D5A-4F92-B657-30F28091869E}.Release_Kakaowork|Any CPU.ActiveCfg = Release_Kakaowork|Any CPU
		{4417C16E-4D5A-4F92-B657-30F28091869E}.Release_Kakaowork|Any CPU.Build.0 = Release_Kakaowork|Any CPU
		{4417C16E-4D5A-4F92-B657-30F28091869E}.Release_SKT_MCS|Any CPU.ActiveCfg = Release_SKT_MCS|Any CPU
		{4417C16E-4D5A-4F92-B657-30F28091869E}.Release_SKT_MCS|Any CPU.Build.0 = Release_SKT_MCS|Any CPU
		{4417C16E-4D5A-4F92-B657-30F28091869E}.Release_Soulbrain_MCS|Any CPU.ActiveCfg = Release_Soulbrain_MCS|Any CPU
		{4417C16E-4D5A-4F92-B657-30F28091869E}.Release_Soulbrain_MCS|Any CPU.Build.0 = Release_Soulbrain_MCS|Any CPU
		{4417C16E-4D5A-4F92-B657-30F28091869E}.Release_UNE_MCS|Any CPU.ActiveCfg = Release_UNE_MCS|Any CPU
		{4417C16E-4D5A-4F92-B657-30F28091869E}.Release_UNE_MCS|Any CPU.Build.0 = Release_UNE_MCS|Any CPU
		{4417C16E-4D5A-4F92-B657-30F28091869E}.Release|Any CPU.ActiveCfg = Release|Any CPU
		{4417C16E-4D5A-4F92-B657-30F28091869E}.Release|Any CPU.Build.0 = Release|Any CPU
	EndGlobalSection
	GlobalSection(SolutionProperties) = preSolution
		HideSolutionNode = FALSE
	EndGlobalSection
	GlobalSection(NestedProjects) = preSolution
		{37F95296-5C4E-4E2F-9FE1-9D5C4970290F} = {28730916-1182-4A2B-B948-BE41554B8458}
		{B9F873EB-911C-48C3-8D65-224899DCAA27} = {28730916-1182-4A2B-B948-BE41554B8458}
		{BBBAE6CF-B539-469A-873D-2C59245CA22F} = {28730916-1182-4A2B-B948-BE41554B8458}
		{FE29F1A0-8CE7-4AC7-839E-DC6E7B5B9FBC} = {70E51BCD-9E61-4A3A-8818-072C9FEAAFDF}
		{642F9206-E8B2-44A9-889F-030D66E0E8A8} = {DD5BD7CE-9D0B-4DDB-83D2-9B41632ADEEB}
		{9DCF1151-78D8-45C1-9815-7F7E6F4EC3D8} = {95DDBE55-27C9-4982-B743-1DF3D31E478F}
		{BA26D80C-31E2-452B-9AE8-AF0F891B2AA8} = {98C3C4E9-1A8B-4FF3-AED8-9968624AB29D}
		{079B9B27-472A-4298-8CE6-2B71FA421112} = {98C3C4E9-1A8B-4FF3-AED8-9968624AB29D}
		{63AB9FDD-05C2-4326-A254-A2F68821F116} = {98C3C4E9-1A8B-4FF3-AED8-9968624AB29D}
		{6061381A-AB02-4553-8D4A-8A5DA576A753} = {98C3C4E9-1A8B-4FF3-AED8-9968624AB29D}
		{D8FD9E2E-CBBF-465A-A91A-846D85F39CA9} = {98C3C4E9-1A8B-4FF3-AED8-9968624AB29D}
		{0FF3EB97-5E32-4FEE-BD24-434A8E8C418C} = {98C3C4E9-1A8B-4FF3-AED8-9968624AB29D}
		{6C113172-0A1D-4E2B-A821-C8DBDC2B0F79} = {98C3C4E9-1A8B-4FF3-AED8-9968624AB29D}
		{4417C16E-4D5A-4F92-B657-30F28091869E} = {28730916-1182-4A2B-B948-BE41554B8458}
	EndGlobalSection
	GlobalSection(ExtensibilityGlobals) = postSolution
		SolutionGuid = {956212EF-E9AD-4795-98B8-1203779E1CCD}
	EndGlobalSection
EndGlobal
