
Microsoft Visual Studio Solution File, Format Version 12.00
# Visual Studio Version 16
VisualStudioVersion = 16.0.30907.101
MinimumVisualStudioVersion = 10.0.40219.1
Project("{9A19103F-16F7-4668-BE54-9A1E7A4F7556}") = "SOPWebServer", "SOPWebServer\SOPWebServer.csproj", "{6B8E5AC8-2B20-46BC-AA3A-627F3A95537B}"
EndProject
Project("{2150E333-8FDC-42A3-9474-1A3956D46DE8}") = "Utility", "Utility", "{28730916-1182-4A2B-B948-BE41554B8458}"
EndProject
Project("{9A19103F-16F7-4668-BE54-9A1E7A4F7556}") = "dnsDapperDBUtil", "..\..\..\..\esdk\dnsDapperDBUtil\dnsDapperDBUtil\dnsDapperDBUtil.csproj", "{37F95296-5C4E-4E2F-9FE1-9D5C4970290F}"
EndProject
Project("{2150E333-8FDC-42A3-9474-1A3956D46DE8}") = "ModelLayer", "ModelLayer", "{70E51BCD-9E61-4A3A-8818-072C9FEAAFDF}"
EndProject
Project("{9A19103F-16F7-4668-BE54-9A1E7A4F7556}") = "Base.Model", "..\Base.Model\Base.Model.csproj", "{B8902466-2EE3-432D-9E94-BFCE5E41451F}"
EndProject
Project("{2150E333-8FDC-42A3-9474-1A3956D46DE8}") = "Controller", "Controller", "{95DDBE55-27C9-4982-B743-1DF3D31E478F}"
EndProject
Project("{9A19103F-16F7-4668-BE54-9A1E7A4F7556}") = "SOPWebServer.Controller", "SOPWebServer.Controller\SOPWebServer.Controller.csproj", "{8CEF24D2-B629-4BD9-9759-CF25BBCB1D67}"
EndProject
Project("{2150E333-8FDC-42A3-9474-1A3956D46DE8}") = "BusinessLogicLayer", "BusinessLogicLayer", "{98C3C4E9-1A8B-4FF3-AED8-9968624AB29D}"
EndProject
Project("{9A19103F-16F7-4668-BE54-9A1E7A4F7556}") = "SOPWebServer.BLL", "SOPWebServer.BLL\SOPWebServer.BLL.csproj", "{32B74C80-7783-4799-AA9D-C51C11091E0D}"
EndProject
Project("{9A19103F-16F7-4668-BE54-9A1E7A4F7556}") = "Response", "..\..\Utility\Response\Response.csproj", "{B9F873EB-911C-48C3-8D65-224899DCAA27}"
EndProject
Project("{2150E333-8FDC-42A3-9474-1A3956D46DE8}") = "DataAccessLayer", "DataAccessLayer", "{DD5BD7CE-9D0B-4DDB-83D2-9B41632ADEEB}"
EndProject
Project("{9A19103F-16F7-4668-BE54-9A1E7A4F7556}") = "Base.DAL", "..\Base.DAL\Base.DAL.csproj", "{4AB344B7-B4FA-4E8B-8B61-1BD66A6828EC}"
EndProject
Project("{9A19103F-16F7-4668-BE54-9A1E7A4F7556}") = "dnsData2", "..\..\Utility\dnsData\dnsData2.csproj", "{BBBAE6CF-B539-469A-873D-2C59245CA22F}"
EndProject
Project("{9A19103F-16F7-4668-BE54-9A1E7A4F7556}") = "SOPWebServer.IBLL", "SOPWebServer.IBLL\SOPWebServer.IBLL.csproj", "{4CEFD92D-2019-44EF-AB94-B27C61E5B537}"
EndProject
Project("{9A19103F-16F7-4668-BE54-9A1E7A4F7556}") = "dnsSMS", "..\..\..\..\esdk\dnsSMS\dnsSMS\dnsSMS.csproj", "{43A345FA-5096-4AA1-A360-66AA73E3DC9A}"
EndProject
Project("{9A19103F-16F7-4668-BE54-9A1E7A4F7556}") = "SOPWebServer.Agent.BLL", "SOPWebServer.Agent.BLL\SOPWebServer.Agent.BLL.csproj", "{85526D1B-7B5B-499D-BFEA-C272C75032A2}"
EndProject
Project("{9A19103F-16F7-4668-BE54-9A1E7A4F7556}") = "Base.SOPSimulator.IBLL", "..\SOPSimulator\Base.SOPSimulator.IBLL\Base.SOPSimulator.IBLL.csproj", "{8770E282-61E8-45EC-8134-F4C8BB449382}"
EndProject
Project("{9A19103F-16F7-4668-BE54-9A1E7A4F7556}") = "Base.SDMS.IBLL", "..\SDMS\Base.SDMS.IBLL\Base.SDMS.IBLL.csproj", "{1121D4E9-F349-4821-9E4E-570E1F5A0A71}"
EndProject
Project("{9A19103F-16F7-4668-BE54-9A1E7A4F7556}") = "Base.SOPManager.IBLL", "..\SOPManager\Base.SOPManager.IBLL\Base.SOPManager.IBLL.csproj", "{797097A4-88D1-4378-9D98-9584A761B77C}"
EndProject
Project("{9A19103F-16F7-4668-BE54-9A1E7A4F7556}") = "Base.SOPSimulator.BLL", "..\SOPSimulator\Base.SOPSimulator.BLL\Base.SOPSimulator.BLL.csproj", "{12B9BEFB-798E-41C2-83F2-381D409034D6}"
EndProject
Project("{9A19103F-16F7-4668-BE54-9A1E7A4F7556}") = "dnsEmail", "..\..\..\..\esdk\dnsEmail\dnsEmail\dnsEmail.csproj", "{7C8A7E2F-E329-40C4-AE35-5C6EBAF05DE8}"
EndProject
Global
	GlobalSection(SolutionConfigurationPlatforms) = preSolution
		Debug|Any CPU = Debug|Any CPU
		Release_Kakao|Any CPU = Release_Kakao|Any CPU
		Release_Kakaowork|Any CPU = Release_Kakaowork|Any CPU
		Release_SKT_MCS|Any CPU = Release_SKT_MCS|Any CPU
		Release_Soulbrain_MCS|Any CPU = Release_Soulbrain_MCS|Any CPU
		Release_UNE_MCS|Any CPU = Release_UNE_MCS|Any CPU
		Release|Any CPU = Release|Any CPU
	EndGlobalSection
	GlobalSection(ProjectConfigurationPlatforms) = postSolution
		{6B8E5AC8-2B20-46BC-AA3A-627F3A95537B}.Debug|Any CPU.ActiveCfg = Debug|Any CPU
		{6B8E5AC8-2B20-46BC-AA3A-627F3A95537B}.Debug|Any CPU.Build.0 = Debug|Any CPU
		{6B8E5AC8-2B20-46BC-AA3A-627F3A95537B}.Release_Kakao|Any CPU.ActiveCfg = Release|Any CPU
		{6B8E5AC8-2B20-46BC-AA3A-627F3A95537B}.Release_Kakao|Any CPU.Build.0 = Release|Any CPU
		{6B8E5AC8-2B20-46BC-AA3A-627F3A95537B}.Release_Kakaowork|Any CPU.ActiveCfg = Release|Any CPU
		{6B8E5AC8-2B20-46BC-AA3A-627F3A95537B}.Release_Kakaowork|Any CPU.Build.0 = Release|Any CPU
		{6B8E5AC8-2B20-46BC-AA3A-627F3A95537B}.Release_SKT_MCS|Any CPU.ActiveCfg = Release|Any CPU
		{6B8E5AC8-2B20-46BC-AA3A-627F3A95537B}.Release_SKT_MCS|Any CPU.Build.0 = Release|Any CPU
		{6B8E5AC8-2B20-46BC-AA3A-627F3A95537B}.Release_Soulbrain_MCS|Any CPU.ActiveCfg = Release|Any CPU
		{6B8E5AC8-2B20-46BC-AA3A-627F3A95537B}.Release_Soulbrain_MCS|Any CPU.Build.0 = Release|Any CPU
		{6B8E5AC8-2B20-46BC-AA3A-627F3A95537B}.Release_UNE_MCS|Any CPU.ActiveCfg = Release|Any CPU
		{6B8E5AC8-2B20-46BC-AA3A-627F3A95537B}.Release_UNE_MCS|Any CPU.Build.0 = Release|Any CPU
		{6B8E5AC8-2B20-46BC-AA3A-627F3A95537B}.Release|Any CPU.ActiveCfg = Release|Any CPU
		{6B8E5AC8-2B20-46BC-AA3A-627F3A95537B}.Release|Any CPU.Build.0 = Release|Any CPU
		{37F95296-5C4E-4E2F-9FE1-9D5C4970290F}.Debug|Any CPU.ActiveCfg = Debug|Any CPU
		{37F95296-5C4E-4E2F-9FE1-9D5C4970290F}.Debug|Any CPU.Build.0 = Debug|Any CPU
		{37F95296-5C4E-4E2F-9FE1-9D5C4970290F}.Release_Kakao|Any CPU.ActiveCfg = Release|Any CPU
		{37F95296-5C4E-4E2F-9FE1-9D5C4970290F}.Release_Kakao|Any CPU.Build.0 = Release|Any CPU
		{37F95296-5C4E-4E2F-9FE1-9D5C4970290F}.Release_Kakaowork|Any CPU.ActiveCfg = Release|Any CPU
		{37F95296-5C4E-4E2F-9FE1-9D5C4970290F}.Release_Kakaowork|Any CPU.Build.0 = Release|Any CPU
		{37F95296-5C4E-4E2F-9FE1-9D5C4970290F}.Release_SKT_MCS|Any CPU.ActiveCfg = Release|Any CPU
		{37F95296-5C4E-4E2F-9FE1-9D5C4970290F}.Release_SKT_MCS|Any CPU.Build.0 = Release|Any CPU
		{37F95296-5C4E-4E2F-9FE1-9D5C4970290F}.Release_Soulbrain_MCS|Any CPU.ActiveCfg = Release|Any CPU
		{37F95296-5C4E-4E2F-9FE1-9D5C4970290F}.Release_Soulbrain_MCS|Any CPU.Build.0 = Release|Any CPU
		{37F95296-5C4E-4E2F-9FE1-9D5C4970290F}.Release_UNE_MCS|Any CPU.ActiveCfg = Release|Any CPU
		{37F95296-5C4E-4E2F-9FE1-9D5C4970290F}.Release_UNE_MCS|Any CPU.Build.0 = Release|Any CPU
		{37F95296-5C4E-4E2F-9FE1-9D5C4970290F}.Release|Any CPU.ActiveCfg = Release|Any CPU
		{37F95296-5C4E-4E2F-9FE1-9D5C4970290F}.Release|Any CPU.Build.0 = Release|Any CPU
		{B8902466-2EE3-432D-9E94-BFCE5E41451F}.Debug|Any CPU.ActiveCfg = Debug|Any CPU
		{B8902466-2EE3-432D-9E94-BFCE5E41451F}.Debug|Any CPU.Build.0 = Debug|Any CPU
		{B8902466-2EE3-432D-9E94-BFCE5E41451F}.Release_Kakao|Any CPU.ActiveCfg = Release|Any CPU
		{B8902466-2EE3-432D-9E94-BFCE5E41451F}.Release_Kakao|Any CPU.Build.0 = Release|Any CPU
		{B8902466-2EE3-432D-9E94-BFCE5E41451F}.Release_Kakaowork|Any CPU.ActiveCfg = Release|Any CPU
		{B8902466-2EE3-432D-9E94-BFCE5E41451F}.Release_Kakaowork|Any CPU.Build.0 = Release|Any CPU
		{B8902466-2EE3-432D-9E94-BFCE5E41451F}.Release_SKT_MCS|Any CPU.ActiveCfg = Release|Any CPU
		{B8902466-2EE3-432D-9E94-BFCE5E41451F}.Release_SKT_MCS|Any CPU.Build.0 = Release|Any CPU
		{B8902466-2EE3-432D-9E94-BFCE5E41451F}.Release_Soulbrain_MCS|Any CPU.ActiveCfg = Release|Any CPU
		{B8902466-2EE3-432D-9E94-BFCE5E41451F}.Release_Soulbrain_MCS|Any CPU.Build.0 = Release|Any CPU
		{B8902466-2EE3-432D-9E94-BFCE5E41451F}.Release_UNE_MCS|Any CPU.ActiveCfg = Release|Any CPU
		{B8902466-2EE3-432D-9E94-BFCE5E41451F}.Release_UNE_MCS|Any CPU.Build.0 = Release|Any CPU
		{B8902466-2EE3-432D-9E94-BFCE5E41451F}.Release|Any CPU.ActiveCfg = Release|Any CPU
		{B8902466-2EE3-432D-9E94-BFCE5E41451F}.Release|Any CPU.Build.0 = Release|Any CPU
		{8CEF24D2-B629-4BD9-9759-CF25BBCB1D67}.Debug|Any CPU.ActiveCfg = Debug|Any CPU
		{8CEF24D2-B629-4BD9-9759-CF25BBCB1D67}.Debug|Any CPU.Build.0 = Debug|Any CPU
		{8CEF24D2-B629-4BD9-9759-CF25BBCB1D67}.Release_Kakao|Any CPU.ActiveCfg = Release|Any CPU
		{8CEF24D2-B629-4BD9-9759-CF25BBCB1D67}.Release_Kakao|Any CPU.Build.0 = Release|Any CPU
		{8CEF24D2-B629-4BD9-9759-CF25BBCB1D67}.Release_Kakaowork|Any CPU.ActiveCfg = Release|Any CPU
		{8CEF24D2-B629-4BD9-9759-CF25BBCB1D67}.Release_Kakaowork|Any CPU.Build.0 = Release|Any CPU
		{8CEF24D2-B629-4BD9-9759-CF25BBCB1D67}.Release_SKT_MCS|Any CPU.ActiveCfg = Release|Any CPU
		{8CEF24D2-B629-4BD9-9759-CF25BBCB1D67}.Release_SKT_MCS|Any CPU.Build.0 = Release|Any CPU
		{8CEF24D2-B629-4BD9-9759-CF25BBCB1D67}.Release_Soulbrain_MCS|Any CPU.ActiveCfg = Release|Any CPU
		{8CEF24D2-B629-4BD9-9759-CF25BBCB1D67}.Release_Soulbrain_MCS|Any CPU.Build.0 = Release|Any CPU
		{8CEF24D2-B629-4BD9-9759-CF25BBCB1D67}.Release_UNE_MCS|Any CPU.ActiveCfg = Release|Any CPU
		{8CEF24D2-B629-4BD9-9759-CF25BBCB1D67}.Release_UNE_MCS|Any CPU.Build.0 = Release|Any CPU
		{8CEF24D2-B629-4BD9-9759-CF25BBCB1D67}.Release|Any CPU.ActiveCfg = Release|Any CPU
		{8CEF24D2-B629-4BD9-9759-CF25BBCB1D67}.Release|Any CPU.Build.0 = Release|Any CPU
		{32B74C80-7783-4799-AA9D-C51C11091E0D}.Debug|Any CPU.ActiveCfg = Debug|Any CPU
		{32B74C80-7783-4799-AA9D-C51C11091E0D}.Debug|Any CPU.Build.0 = Debug|Any CPU
		{32B74C80-7783-4799-AA9D-C51C11091E0D}.Release_Kakao|Any CPU.ActiveCfg = Release|Any CPU
		{32B74C80-7783-4799-AA9D-C51C11091E0D}.Release_Kakao|Any CPU.Build.0 = Release|Any CPU
		{32B74C80-7783-4799-AA9D-C51C11091E0D}.Release_Kakaowork|Any CPU.ActiveCfg = Release|Any CPU
		{32B74C80-7783-4799-AA9D-C51C11091E0D}.Release_Kakaowork|Any CPU.Build.0 = Release|Any CPU
		{32B74C80-7783-4799-AA9D-C51C11091E0D}.Release_SKT_MCS|Any CPU.ActiveCfg = Release|Any CPU
		{32B74C80-7783-4799-AA9D-C51C11091E0D}.Release_SKT_MCS|Any CPU.Build.0 = Release|Any CPU
		{32B74C80-7783-4799-AA9D-C51C11091E0D}.Release_Soulbrain_MCS|Any CPU.ActiveCfg = Release|Any CPU
		{32B74C80-7783-4799-AA9D-C51C11091E0D}.Release_Soulbrain_MCS|Any CPU.Build.0 = Release|Any CPU
		{32B74C80-7783-4799-AA9D-C51C11091E0D}.Release_UNE_MCS|Any CPU.ActiveCfg = Release|Any CPU
		{32B74C80-7783-4799-AA9D-C51C11091E0D}.Release_UNE_MCS|Any CPU.Build.0 = Release|Any CPU
		{32B74C80-7783-4799-AA9D-C51C11091E0D}.Release|Any CPU.ActiveCfg = Release|Any CPU
		{32B74C80-7783-4799-AA9D-C51C11091E0D}.Release|Any CPU.Build.0 = Release|Any CPU
		{B9F873EB-911C-48C3-8D65-224899DCAA27}.Debug|Any CPU.ActiveCfg = Debug|Any CPU
		{B9F873EB-911C-48C3-8D65-224899DCAA27}.Debug|Any CPU.Build.0 = Debug|Any CPU
		{B9F873EB-911C-48C3-8D65-224899DCAA27}.Release_Kakao|Any CPU.ActiveCfg = Release|Any CPU
		{B9F873EB-911C-48C3-8D65-224899DCAA27}.Release_Kakao|Any CPU.Build.0 = Release|Any CPU
		{B9F873EB-911C-48C3-8D65-224899DCAA27}.Release_Kakaowork|Any CPU.ActiveCfg = Release|Any CPU
		{B9F873EB-911C-48C3-8D65-224899DCAA27}.Release_Kakaowork|Any CPU.Build.0 = Release|Any CPU
		{B9F873EB-911C-48C3-8D65-224899DCAA27}.Release_SKT_MCS|Any CPU.ActiveCfg = Release|Any CPU
		{B9F873EB-911C-48C3-8D65-224899DCAA27}.Release_SKT_MCS|Any CPU.Build.0 = Release|Any CPU
		{B9F873EB-911C-48C3-8D65-224899DCAA27}.Release_Soulbrain_MCS|Any CPU.ActiveCfg = Release|Any CPU
		{B9F873EB-911C-48C3-8D65-224899DCAA27}.Release_Soulbrain_MCS|Any CPU.Build.0 = Release|Any CPU
		{B9F873EB-911C-48C3-8D65-224899DCAA27}.Release_UNE_MCS|Any CPU.ActiveCfg = Release|Any CPU
		{B9F873EB-911C-48C3-8D65-224899DCAA27}.Release_UNE_MCS|Any CPU.Build.0 = Release|Any CPU
		{B9F873EB-911C-48C3-8D65-224899DCAA27}.Release|Any CPU.ActiveCfg = Release|Any CPU
		{B9F873EB-911C-48C3-8D65-224899DCAA27}.Release|Any CPU.Build.0 = Release|Any CPU
		{4AB344B7-B4FA-4E8B-8B61-1BD66A6828EC}.Debug|Any CPU.ActiveCfg = Debug|Any CPU
		{4AB344B7-B4FA-4E8B-8B61-1BD66A6828EC}.Debug|Any CPU.Build.0 = Debug|Any CPU
		{4AB344B7-B4FA-4E8B-8B61-1BD66A6828EC}.Release_Kakao|Any CPU.ActiveCfg = Release|Any CPU
		{4AB344B7-B4FA-4E8B-8B61-1BD66A6828EC}.Release_Kakao|Any CPU.Build.0 = Release|Any CPU
		{4AB344B7-B4FA-4E8B-8B61-1BD66A6828EC}.Release_Kakaowork|Any CPU.ActiveCfg = Release|Any CPU
		{4AB344B7-B4FA-4E8B-8B61-1BD66A6828EC}.Release_Kakaowork|Any CPU.Build.0 = Release|Any CPU
		{4AB344B7-B4FA-4E8B-8B61-1BD66A6828EC}.Release_SKT_MCS|Any CPU.ActiveCfg = Release|Any CPU
		{4AB344B7-B4FA-4E8B-8B61-1BD66A6828EC}.Release_SKT_MCS|Any CPU.Build.0 = Release|Any CPU
		{4AB344B7-B4FA-4E8B-8B61-1BD66A6828EC}.Release_Soulbrain_MCS|Any CPU.ActiveCfg = Release|Any CPU
		{4AB344B7-B4FA-4E8B-8B61-1BD66A6828EC}.Release_Soulbrain_MCS|Any CPU.Build.0 = Release|Any CPU
		{4AB344B7-B4FA-4E8B-8B61-1BD66A6828EC}.Release_UNE_MCS|Any CPU.ActiveCfg = Release|Any CPU
		{4AB344B7-B4FA-4E8B-8B61-1BD66A6828EC}.Release_UNE_MCS|Any CPU.Build.0 = Release|Any CPU
		{4AB344B7-B4FA-4E8B-8B61-1BD66A6828EC}.Release|Any CPU.ActiveCfg = Release|Any CPU
		{4AB344B7-B4FA-4E8B-8B61-1BD66A6828EC}.Release|Any CPU.Build.0 = Release|Any CPU
		{BBBAE6CF-B539-469A-873D-2C59245CA22F}.Debug|Any CPU.ActiveCfg = Debug|Any CPU
		{BBBAE6CF-B539-469A-873D-2C59245CA22F}.Debug|Any CPU.Build.0 = Debug|Any CPU
		{BBBAE6CF-B539-469A-873D-2C59245CA22F}.Release_Kakao|Any CPU.ActiveCfg = Release|Any CPU
		{BBBAE6CF-B539-469A-873D-2C59245CA22F}.Release_Kakao|Any CPU.Build.0 = Release|Any CPU
		{BBBAE6CF-B539-469A-873D-2C59245CA22F}.Release_Kakaowork|Any CPU.ActiveCfg = Release|Any CPU
		{BBBAE6CF-B539-469A-873D-2C59245CA22F}.Release_Kakaowork|Any CPU.Build.0 = Release|Any CPU
		{BBBAE6CF-B539-469A-873D-2C59245CA22F}.Release_SKT_MCS|Any CPU.ActiveCfg = Release|Any CPU
		{BBBAE6CF-B539-469A-873D-2C59245CA22F}.Release_SKT_MCS|Any CPU.Build.0 = Release|Any CPU
		{BBBAE6CF-B539-469A-873D-2C59245CA22F}.Release_Soulbrain_MCS|Any CPU.ActiveCfg = Release|Any CPU
		{BBBAE6CF-B539-469A-873D-2C59245CA22F}.Release_Soulbrain_MCS|Any CPU.Build.0 = Release|Any CPU
		{BBBAE6CF-B539-469A-873D-2C59245CA22F}.Release_UNE_MCS|Any CPU.ActiveCfg = Release|Any CPU
		{BBBAE6CF-B539-469A-873D-2C59245CA22F}.Release_UNE_MCS|Any CPU.Build.0 = Release|Any CPU
		{BBBAE6CF-B539-469A-873D-2C59245CA22F}.Release|Any CPU.ActiveCfg = Release|Any CPU
		{BBBAE6CF-B539-469A-873D-2C59245CA22F}.Release|Any CPU.Build.0 = Release|Any CPU
		{4CEFD92D-2019-44EF-AB94-B27C61E5B537}.Debug|Any CPU.ActiveCfg = Debug|Any CPU
		{4CEFD92D-2019-44EF-AB94-B27C61E5B537}.Debug|Any CPU.Build.0 = Debug|Any CPU
		{4CEFD92D-2019-44EF-AB94-B27C61E5B537}.Release_Kakao|Any CPU.ActiveCfg = Release|Any CPU
		{4CEFD92D-2019-44EF-AB94-B27C61E5B537}.Release_Kakao|Any CPU.Build.0 = Release|Any CPU
		{4CEFD92D-2019-44EF-AB94-B27C61E5B537}.Release_Kakaowork|Any CPU.ActiveCfg = Release|Any CPU
		{4CEFD92D-2019-44EF-AB94-B27C61E5B537}.Release_Kakaowork|Any CPU.Build.0 = Release|Any CPU
		{4CEFD92D-2019-44EF-AB94-B27C61E5B537}.Release_SKT_MCS|Any CPU.ActiveCfg = Release|Any CPU
		{4CEFD92D-2019-44EF-AB94-B27C61E5B537}.Release_SKT_MCS|Any CPU.Build.0 = Release|Any CPU
		{4CEFD92D-2019-44EF-AB94-B27C61E5B537}.Release_Soulbrain_MCS|Any CPU.ActiveCfg = Release|Any CPU
		{4CEFD92D-2019-44EF-AB94-B27C61E5B537}.Release_Soulbrain_MCS|Any CPU.Build.0 = Release|Any CPU
		{4CEFD92D-2019-44EF-AB94-B27C61E5B537}.Release_UNE_MCS|Any CPU.ActiveCfg = Release|Any CPU
		{4CEFD92D-2019-44EF-AB94-B27C61E5B537}.Release_UNE_MCS|Any CPU.Build.0 = Release|Any CPU
		{4CEFD92D-2019-44EF-AB94-B27C61E5B537}.Release|Any CPU.ActiveCfg = Release|Any CPU
		{4CEFD92D-2019-44EF-AB94-B27C61E5B537}.Release|Any CPU.Build.0 = Release|Any CPU
		{43A345FA-5096-4AA1-A360-66AA73E3DC9A}.Debug|Any CPU.ActiveCfg = Debug|Any CPU
		{43A345FA-5096-4AA1-A360-66AA73E3DC9A}.Debug|Any CPU.Build.0 = Debug|Any CPU
		{43A345FA-5096-4AA1-A360-66AA73E3DC9A}.Release_Kakao|Any CPU.ActiveCfg = Release_Kakao|Any CPU
		{43A345FA-5096-4AA1-A360-66AA73E3DC9A}.Release_Kakao|Any CPU.Build.0 = Release_Kakao|Any CPU
		{43A345FA-5096-4AA1-A360-66AA73E3DC9A}.Release_Kakaowork|Any CPU.ActiveCfg = Release_Kakaowork|Any CPU
		{43A345FA-5096-4AA1-A360-66AA73E3DC9A}.Release_Kakaowork|Any CPU.Build.0 = Release_Kakaowork|Any CPU
		{43A345FA-5096-4AA1-A360-66AA73E3DC9A}.Release_SKT_MCS|Any CPU.ActiveCfg = Release_SKT_MCS|Any CPU
		{43A345FA-5096-4AA1-A360-66AA73E3DC9A}.Release_SKT_MCS|Any CPU.Build.0 = Release_SKT_MCS|Any CPU
		{43A345FA-5096-4AA1-A360-66AA73E3DC9A}.Release_Soulbrain_MCS|Any CPU.ActiveCfg = Release_Soulbrain_MCS|Any CPU
		{43A345FA-5096-4AA1-A360-66AA73E3DC9A}.Release_Soulbrain_MCS|Any CPU.Build.0 = Release_Soulbrain_MCS|Any CPU
		{43A345FA-5096-4AA1-A360-66AA73E3DC9A}.Release_UNE_MCS|Any CPU.ActiveCfg = Release_UNE_MCS|Any CPU
		{43A345FA-5096-4AA1-A360-66AA73E3DC9A}.Release_UNE_MCS|Any CPU.Build.0 = Release_UNE_MCS|Any CPU
		{43A345FA-5096-4AA1-A360-66AA73E3DC9A}.Release|Any CPU.ActiveCfg = Release|Any CPU
		{43A345FA-5096-4AA1-A360-66AA73E3DC9A}.Release|Any CPU.Build.0 = Release|Any CPU
		{85526D1B-7B5B-499D-BFEA-C272C75032A2}.Debug|Any CPU.ActiveCfg = Debug|Any CPU
		{85526D1B-7B5B-499D-BFEA-C272C75032A2}.Debug|Any CPU.Build.0 = Debug|Any CPU
		{85526D1B-7B5B-499D-BFEA-C272C75032A2}.Release_Kakao|Any CPU.ActiveCfg = Release|Any CPU
		{85526D1B-7B5B-499D-BFEA-C272C75032A2}.Release_Kakao|Any CPU.Build.0 = Release|Any CPU
		{85526D1B-7B5B-499D-BFEA-C272C75032A2}.Release_Kakaowork|Any CPU.ActiveCfg = Release|Any CPU
		{85526D1B-7B5B-499D-BFEA-C272C75032A2}.Release_Kakaowork|Any CPU.Build.0 = Release|Any CPU
		{85526D1B-7B5B-499D-BFEA-C272C75032A2}.Release_SKT_MCS|Any CPU.ActiveCfg = Release|Any CPU
		{85526D1B-7B5B-499D-BFEA-C272C75032A2}.Release_SKT_MCS|Any CPU.Build.0 = Release|Any CPU
		{85526D1B-7B5B-499D-BFEA-C272C75032A2}.Release_Soulbrain_MCS|Any CPU.ActiveCfg = Release|Any CPU
		{85526D1B-7B5B-499D-BFEA-C272C75032A2}.Release_Soulbrain_MCS|Any CPU.Build.0 = Release|Any CPU
		{85526D1B-7B5B-499D-BFEA-C272C75032A2}.Release_UNE_MCS|Any CPU.ActiveCfg = Release|Any CPU
		{85526D1B-7B5B-499D-BFEA-C272C75032A2}.Release_UNE_MCS|Any CPU.Build.0 = Release|Any CPU
		{85526D1B-7B5B-499D-BFEA-C272C75032A2}.Release|Any CPU.ActiveCfg = Release|Any CPU
		{85526D1B-7B5B-499D-BFEA-C272C75032A2}.Release|Any CPU.Build.0 = Release|Any CPU
		{8770E282-61E8-45EC-8134-F4C8BB449382}.Debug|Any CPU.ActiveCfg = Debug|Any CPU
		{8770E282-61E8-45EC-8134-F4C8BB449382}.Debug|Any CPU.Build.0 = Debug|Any CPU
		{8770E282-61E8-45EC-8134-F4C8BB449382}.Release_Kakao|Any CPU.ActiveCfg = Release|Any CPU
		{8770E282-61E8-45EC-8134-F4C8BB449382}.Release_Kakao|Any CPU.Build.0 = Release|Any CPU
		{8770E282-61E8-45EC-8134-F4C8BB449382}.Release_Kakaowork|Any CPU.ActiveCfg = Release|Any CPU
		{8770E282-61E8-45EC-8134-F4C8BB449382}.Release_Kakaowork|Any CPU.Build.0 = Release|Any CPU
		{8770E282-61E8-45EC-8134-F4C8BB449382}.Release_SKT_MCS|Any CPU.ActiveCfg = Release|Any CPU
		{8770E282-61E8-45EC-8134-F4C8BB449382}.Release_SKT_MCS|Any CPU.Build.0 = Release|Any CPU
		{8770E282-61E8-45EC-8134-F4C8BB449382}.Release_Soulbrain_MCS|Any CPU.ActiveCfg = Release|Any CPU
		{8770E282-61E8-45EC-8134-F4C8BB449382}.Release_Soulbrain_MCS|Any CPU.Build.0 = Release|Any CPU
		{8770E282-61E8-45EC-8134-F4C8BB449382}.Release_UNE_MCS|Any CPU.ActiveCfg = Release|Any CPU
		{8770E282-61E8-45EC-8134-F4C8BB449382}.Release_UNE_MCS|Any CPU.Build.0 = Release|Any CPU
		{8770E282-61E8-45EC-8134-F4C8BB449382}.Release|Any CPU.ActiveCfg = Release|Any CPU
		{8770E282-61E8-45EC-8134-F4C8BB449382}.Release|Any CPU.Build.0 = Release|Any CPU
		{1121D4E9-F349-4821-9E4E-570E1F5A0A71}.Debug|Any CPU.ActiveCfg = Debug|Any CPU
		{1121D4E9-F349-4821-9E4E-570E1F5A0A71}.Debug|Any CPU.Build.0 = Debug|Any CPU
		{1121D4E9-F349-4821-9E4E-570E1F5A0A71}.Release_Kakao|Any CPU.ActiveCfg = Release|Any CPU
		{1121D4E9-F349-4821-9E4E-570E1F5A0A71}.Release_Kakao|Any CPU.Build.0 = Release|Any CPU
		{1121D4E9-F349-4821-9E4E-570E1F5A0A71}.Release_Kakaowork|Any CPU.ActiveCfg = Release|Any CPU
		{1121D4E9-F349-4821-9E4E-570E1F5A0A71}.Release_Kakaowork|Any CPU.Build.0 = Release|Any CPU
		{1121D4E9-F349-4821-9E4E-570E1F5A0A71}.Release_SKT_MCS|Any CPU.ActiveCfg = Release|Any CPU
		{1121D4E9-F349-4821-9E4E-570E1F5A0A71}.Release_SKT_MCS|Any CPU.Build.0 = Release|Any CPU
		{1121D4E9-F349-4821-9E4E-570E1F5A0A71}.Release_Soulbrain_MCS|Any CPU.ActiveCfg = Release|Any CPU
		{1121D4E9-F349-4821-9E4E-570E1F5A0A71}.Release_Soulbrain_MCS|Any CPU.Build.0 = Release|Any CPU
		{1121D4E9-F349-4821-9E4E-570E1F5A0A71}.Release_UNE_MCS|Any CPU.ActiveCfg = Release|Any CPU
		{1121D4E9-F349-4821-9E4E-570E1F5A0A71}.Release_UNE_MCS|Any CPU.Build.0 = Release|Any CPU
		{1121D4E9-F349-4821-9E4E-570E1F5A0A71}.Release|Any CPU.ActiveCfg = Release|Any CPU
		{1121D4E9-F349-4821-9E4E-570E1F5A0A71}.Release|Any CPU.Build.0 = Release|Any CPU
		{797097A4-88D1-4378-9D98-9584A761B77C}.Debug|Any CPU.ActiveCfg = Debug|Any CPU
		{797097A4-88D1-4378-9D98-9584A761B77C}.Debug|Any CPU.Build.0 = Debug|Any CPU
		{797097A4-88D1-4378-9D98-9584A761B77C}.Release_Kakao|Any CPU.ActiveCfg = Release|Any CPU
		{797097A4-88D1-4378-9D98-9584A761B77C}.Release_Kakao|Any CPU.Build.0 = Release|Any CPU
		{797097A4-88D1-4378-9D98-9584A761B77C}.Release_Kakaowork|Any CPU.ActiveCfg = Release|Any CPU
		{797097A4-88D1-4378-9D98-9584A761B77C}.Release_Kakaowork|Any CPU.Build.0 = Release|Any CPU
		{797097A4-88D1-4378-9D98-9584A761B77C}.Release_SKT_MCS|Any CPU.ActiveCfg = Release|Any CPU
		{797097A4-88D1-4378-9D98-9584A761B77C}.Release_SKT_MCS|Any CPU.Build.0 = Release|Any CPU
		{797097A4-88D1-4378-9D98-9584A761B77C}.Release_Soulbrain_MCS|Any CPU.ActiveCfg = Release|Any CPU
		{797097A4-88D1-4378-9D98-9584A761B77C}.Release_Soulbrain_MCS|Any CPU.Build.0 = Release|Any CPU
		{797097A4-88D1-4378-9D98-9584A761B77C}.Release_UNE_MCS|Any CPU.ActiveCfg = Release|Any CPU
		{797097A4-88D1-4378-9D98-9584A761B77C}.Release_UNE_MCS|Any CPU.Build.0 = Release|Any CPU
		{797097A4-88D1-4378-9D98-9584A761B77C}.Release|Any CPU.ActiveCfg = Release|Any CPU
		{797097A4-88D1-4378-9D98-9584A761B77C}.Release|Any CPU.Build.0 = Release|Any CPU
		{12B9BEFB-798E-41C2-83F2-381D409034D6}.Debug|Any CPU.ActiveCfg = Debug|Any CPU
		{12B9BEFB-798E-41C2-83F2-381D409034D6}.Debug|Any CPU.Build.0 = Debug|Any CPU
		{12B9BEFB-798E-41C2-83F2-381D409034D6}.Release_Kakao|Any CPU.ActiveCfg = Release|Any CPU
		{12B9BEFB-798E-41C2-83F2-381D409034D6}.Release_Kakao|Any CPU.Build.0 = Release|Any CPU
		{12B9BEFB-798E-41C2-83F2-381D409034D6}.Release_Kakaowork|Any CPU.ActiveCfg = Release|Any CPU
		{12B9BEFB-798E-41C2-83F2-381D409034D6}.Release_Kakaowork|Any CPU.Build.0 = Release|Any CPU
		{12B9BEFB-798E-41C2-83F2-381D409034D6}.Release_SKT_MCS|Any CPU.ActiveCfg = Release|Any CPU
		{12B9BEFB-798E-41C2-83F2-381D409034D6}.Release_SKT_MCS|Any CPU.Build.0 = Release|Any CPU
		{12B9BEFB-798E-41C2-83F2-381D409034D6}.Release_Soulbrain_MCS|Any CPU.ActiveCfg = Release|Any CPU
		{12B9BEFB-798E-41C2-83F2-381D409034D6}.Release_Soulbrain_MCS|Any CPU.Build.0 = Release|Any CPU
		{12B9BEFB-798E-41C2-83F2-381D409034D6}.Release_UNE_MCS|Any CPU.ActiveCfg = Release|Any CPU
		{12B9BEFB-798E-41C2-83F2-381D409034D6}.Release_UNE_MCS|Any CPU.Build.0 = Release|Any CPU
		{12B9BEFB-798E-41C2-83F2-381D409034D6}.Release|Any CPU.ActiveCfg = Release|Any CPU
		{12B9BEFB-798E-41C2-83F2-381D409034D6}.Release|Any CPU.Build.0 = Release|Any CPU
		{7C8A7E2F-E329-40C4-AE35-5C6EBAF05DE8}.Debug|Any CPU.ActiveCfg = Debug|Any CPU
		{7C8A7E2F-E329-40C4-AE35-5C6EBAF05DE8}.Debug|Any CPU.Build.0 = Debug|Any CPU
		{7C8A7E2F-E329-40C4-AE35-5C6EBAF05DE8}.Release_Kakao|Any CPU.ActiveCfg = Release|Any CPU
		{7C8A7E2F-E329-40C4-AE35-5C6EBAF05DE8}.Release_Kakao|Any CPU.Build.0 = Release|Any CPU
		{7C8A7E2F-E329-40C4-AE35-5C6EBAF05DE8}.Release_Kakaowork|Any CPU.ActiveCfg = Release|Any CPU
		{7C8A7E2F-E329-40C4-AE35-5C6EBAF05DE8}.Release_Kakaowork|Any CPU.Build.0 = Release|Any CPU
		{7C8A7E2F-E329-40C4-AE35-5C6EBAF05DE8}.Release_SKT_MCS|Any CPU.ActiveCfg = Release|Any CPU
		{7C8A7E2F-E329-40C4-AE35-5C6EBAF05DE8}.Release_SKT_MCS|Any CPU.Build.0 = Release|Any CPU
		{7C8A7E2F-E329-40C4-AE35-5C6EBAF05DE8}.Release_Soulbrain_MCS|Any CPU.ActiveCfg = Release|Any CPU
		{7C8A7E2F-E329-40C4-AE35-5C6EBAF05DE8}.Release_Soulbrain_MCS|Any CPU.Build.0 = Release|Any CPU
		{7C8A7E2F-E329-40C4-AE35-5C6EBAF05DE8}.Release_UNE_MCS|Any CPU.ActiveCfg = Release|Any CPU
		{7C8A7E2F-E329-40C4-AE35-5C6EBAF05DE8}.Release_UNE_MCS|Any CPU.Build.0 = Release|Any CPU
		{7C8A7E2F-E329-40C4-AE35-5C6EBAF05DE8}.Release|Any CPU.ActiveCfg = Release|Any CPU
		{7C8A7E2F-E329-40C4-AE35-5C6EBAF05DE8}.Release|Any CPU.Build.0 = Release|Any CPU
	EndGlobalSection
	GlobalSection(SolutionProperties) = preSolution
		HideSolutionNode = FALSE
	EndGlobalSection
	GlobalSection(NestedProjects) = preSolution
		{37F95296-5C4E-4E2F-9FE1-9D5C4970290F} = {28730916-1182-4A2B-B948-BE41554B8458}
		{B8902466-2EE3-432D-9E94-BFCE5E41451F} = {70E51BCD-9E61-4A3A-8818-072C9FEAAFDF}
		{8CEF24D2-B629-4BD9-9759-CF25BBCB1D67} = {95DDBE55-27C9-4982-B743-1DF3D31E478F}
		{32B74C80-7783-4799-AA9D-C51C11091E0D} = {98C3C4E9-1A8B-4FF3-AED8-9968624AB29D}
		{B9F873EB-911C-48C3-8D65-224899DCAA27} = {28730916-1182-4A2B-B948-BE41554B8458}
		{4AB344B7-B4FA-4E8B-8B61-1BD66A6828EC} = {DD5BD7CE-9D0B-4DDB-83D2-9B41632ADEEB}
		{BBBAE6CF-B539-469A-873D-2C59245CA22F} = {28730916-1182-4A2B-B948-BE41554B8458}
		{4CEFD92D-2019-44EF-AB94-B27C61E5B537} = {98C3C4E9-1A8B-4FF3-AED8-9968624AB29D}
		{43A345FA-5096-4AA1-A360-66AA73E3DC9A} = {28730916-1182-4A2B-B948-BE41554B8458}
		{85526D1B-7B5B-499D-BFEA-C272C75032A2} = {98C3C4E9-1A8B-4FF3-AED8-9968624AB29D}
		{8770E282-61E8-45EC-8134-F4C8BB449382} = {98C3C4E9-1A8B-4FF3-AED8-9968624AB29D}
		{1121D4E9-F349-4821-9E4E-570E1F5A0A71} = {98C3C4E9-1A8B-4FF3-AED8-9968624AB29D}
		{797097A4-88D1-4378-9D98-9584A761B77C} = {98C3C4E9-1A8B-4FF3-AED8-9968624AB29D}
		{12B9BEFB-798E-41C2-83F2-381D409034D6} = {98C3C4E9-1A8B-4FF3-AED8-9968624AB29D}
		{7C8A7E2F-E329-40C4-AE35-5C6EBAF05DE8} = {28730916-1182-4A2B-B948-BE41554B8458}
	EndGlobalSection
	GlobalSection(ExtensibilityGlobals) = postSolution
		SolutionGuid = {956212EF-E9AD-4795-98B8-1203779E1CCD}
	EndGlobalSection
EndGlobal
