
Microsoft Visual Studio Solution File, Format Version 12.00
# Visual Studio Version 16
VisualStudioVersion = 16.0.30907.101
MinimumVisualStudioVersion = 10.0.40219.1
Project("{9A19103F-16F7-4668-BE54-9A1E7A4F7556}") = "WebSOPApp", "WebSOPApp\WebSOPApp.csproj", "{BA211D8F-0BD4-4A47-AA1B-4867696F8139}"
EndProject
Project("{2150E333-8FDC-42A3-9474-1A3956D46DE8}") = "PresentationLayer", "PresentationLayer", "{F992775F-E59F-49E5-AA7F-A693F25C8DAA}"
EndProject
Project("{2150E333-8FDC-42A3-9474-1A3956D46DE8}") = "BusinessLogicLayer", "BusinessLogicLayer", "{02D3B6EF-91DD-4665-92D8-B613842268DD}"
EndProject
Project("{2150E333-8FDC-42A3-9474-1A3956D46DE8}") = "DataAccessLayer", "DataAccessLayer", "{381DED71-0023-4759-82AB-8D5694B04C64}"
EndProject
Project("{9A19103F-16F7-4668-BE54-9A1E7A4F7556}") = "Base.DAL", "..\Base.DAL\Base.DAL.csproj", "{8FA517DD-0F84-4D9A-B473-901D7873EB68}"
EndProject
Project("{2150E333-8FDC-42A3-9474-1A3956D46DE8}") = "ModelLayer", "ModelLayer", "{57CA2D39-ED93-4BB9-94DF-DCC0A21DF756}"
EndProject
Project("{9A19103F-16F7-4668-BE54-9A1E7A4F7556}") = "Base.Model", "..\Base.Model\Base.Model.csproj", "{01CA95E8-631C-483A-BD5D-C6A2BBBC5904}"
EndProject
Project("{2150E333-8FDC-42A3-9474-1A3956D46DE8}") = "Utility", "Utility", "{826B6015-5898-45B0-B79E-8CE47D45EB4D}"
EndProject
Project("{9A19103F-16F7-4668-BE54-9A1E7A4F7556}") = "dnsDapperDBUtil", "..\..\..\..\esdk\dnsDapperDBUtil\dnsDapperDBUtil\dnsDapperDBUtil.csproj", "{D90B9DBF-B875-4E01-8619-FE1D1C0491B2}"
EndProject
Project("{9A19103F-16F7-4668-BE54-9A1E7A4F7556}") = "dnsData2", "..\..\Utility\dnsData\dnsData2.csproj", "{260985A2-61EB-4699-8E64-003C76BDDF47}"
EndProject
Project("{9A19103F-16F7-4668-BE54-9A1E7A4F7556}") = "Response", "..\..\Utility\Response\Response.csproj", "{07EC73F5-F5EE-4DB7-BB5C-78CB0221F141}"
EndProject
Project("{9A19103F-16F7-4668-BE54-9A1E7A4F7556}") = "Base.SOPManager.BLL", "..\SOPManager\Base.SOPManager.BLL\Base.SOPManager.BLL.csproj", "{B1D253BA-0A8C-4851-84D0-C8127D6F55D7}"
EndProject
Project("{9A19103F-16F7-4668-BE54-9A1E7A4F7556}") = "Base.SOPManager.IBLL", "..\SOPManager\Base.SOPManager.IBLL\Base.SOPManager.IBLL.csproj", "{0D9941A8-5146-433B-B71B-C5386A790091}"
EndProject
Project("{2150E333-8FDC-42A3-9474-1A3956D46DE8}") = "Controller", "Controller", "{6F02D16E-79E1-4141-B068-BB51F1AB1000}"
EndProject
Project("{9A19103F-16F7-4668-BE54-9A1E7A4F7556}") = "Base.Controller", "..\Base.Controller\Base.Controller.csproj", "{1D190345-D0DA-4AE1-A723-5172F998468D}"
EndProject
Project("{9A19103F-16F7-4668-BE54-9A1E7A4F7556}") = "Base.Account.IBLL", "..\Account\Base.Account.IBLL\Base.Account.IBLL.csproj", "{AD47BE3A-1099-49FE-9A65-F7A529210D60}"
EndProject
Project("{9A19103F-16F7-4668-BE54-9A1E7A4F7556}") = "Base.Account.BLL", "..\Account\Base.Account.BLL\Base.Account.BLL.csproj", "{FE7C9767-F716-463A-8758-CE232E3DF500}"
EndProject
Project("{9A19103F-16F7-4668-BE54-9A1E7A4F7556}") = "Base.SDMS.IBLL", "..\SDMS\Base.SDMS.IBLL\Base.SDMS.IBLL.csproj", "{BBB02A81-8C84-4606-9D04-B1689EF2A673}"
EndProject
Project("{9A19103F-16F7-4668-BE54-9A1E7A4F7556}") = "Base.SDMS.BLL", "..\SDMS\Base.SDMS.BLL\Base.SDMS.BLL.csproj", "{08947D3E-1C1F-43AD-9C39-E0578799A9B9}"
EndProject
Project("{9A19103F-16F7-4668-BE54-9A1E7A4F7556}") = "Base.TeamEditor.IBLL", "..\TeamEditor\Base.TeamEditor.IBLL\Base.TeamEditor.IBLL.csproj", "{B0682D73-8B2D-433E-8C93-4A30AD56ABA5}"
EndProject
Project("{9A19103F-16F7-4668-BE54-9A1E7A4F7556}") = "Base.TeamEditor.BLL", "..\TeamEditor\Base.TeamEditor.BLL\Base.TeamEditor.BLL.csproj", "{85B50FC5-526A-4CC6-9BAE-9133B2DE6F62}"
EndProject
Project("{9A19103F-16F7-4668-BE54-9A1E7A4F7556}") = "Base.SOPSimulator.IBLL", "..\SOPSimulator\Base.SOPSimulator.IBLL\Base.SOPSimulator.IBLL.csproj", "{4A5B441C-BE40-410E-BF18-3699BDE10388}"
EndProject
Project("{9A19103F-16F7-4668-BE54-9A1E7A4F7556}") = "Base.SOPSimulator.BLL", "..\SOPSimulator\Base.SOPSimulator.BLL\Base.SOPSimulator.BLL.csproj", "{0E967EE0-714E-4661-806C-8941C6611F39}"
EndProject
Project("{9A19103F-16F7-4668-BE54-9A1E7A4F7556}") = "dnsSMS", "..\..\..\..\esdk\dnsSMS\dnsSMS\dnsSMS.csproj", "{2A4DBEC7-F804-44D9-A7CA-6B17C26B6334}"
EndProject
Project("{9A19103F-16F7-4668-BE54-9A1E7A4F7556}") = "Base.Settings.IBLL", "..\Settings\Base.Settings.IBLL\Base.Settings.IBLL.csproj", "{6E04370C-F72C-45B7-9566-A115112E100D}"
EndProject
Project("{9A19103F-16F7-4668-BE54-9A1E7A4F7556}") = "Base.Settings.BLL", "..\Settings\Base.Settings.BLL\Base.Settings.BLL.csproj", "{01264001-244A-4646-B456-E793062D2102}"
EndProject
Project("{9A19103F-16F7-4668-BE54-9A1E7A4F7556}") = "Base.History.IBLL", "..\History\Base.History.IBLL\Base.History.IBLL.csproj", "{EFB6FE70-0AAE-4FB6-A934-0026A3193861}"
EndProject
Project("{9A19103F-16F7-4668-BE54-9A1E7A4F7556}") = "Base.History.BLL", "..\History\Base.History.BLL\Base.History.BLL.csproj", "{23235C35-ADE1-4B5B-AE77-F1BC6F655A78}"
EndProject
Project("{9A19103F-16F7-4668-BE54-9A1E7A4F7556}") = "dnsExcelReport", "..\..\Utility\dnsExcelReport\dnsExcelReport.csproj", "{64A21611-FC22-417B-BBF7-1C9510FD2431}"
EndProject
Project("{9A19103F-16F7-4668-BE54-9A1E7A4F7556}") = "Base.SensorSimulator.IBLL", "..\SensorSimulator\Base.SensorSimulator.IBLL\Base.SensorSimulator.IBLL.csproj", "{60C1634C-8D87-4E7B-8477-9FDB03791B40}"
EndProject
Project("{9A19103F-16F7-4668-BE54-9A1E7A4F7556}") = "Base.SensorSimulator.BLL", "..\SensorSimulator\Base.SensorSimulator.BLL\Base.SensorSimulator.BLL.csproj", "{AB9CD70A-6604-4E08-A64F-F299E9E94503}"
EndProject
Project("{9A19103F-16F7-4668-BE54-9A1E7A4F7556}") = "Agent.Sample", "Agent.Sample\Agent.Sample.csproj", "{661A99D3-E789-4DC1-9B49-083D6C4FCE84}"
EndProject
Project("{9A19103F-16F7-4668-BE54-9A1E7A4F7556}") = "Base.Weather.IBLL", "..\Weather\Base.Weather.IBLL\Base.Weather.IBLL.csproj", "{35A5999F-C8A5-42DB-B4A7-BC834BBECA69}"
EndProject
Project("{9A19103F-16F7-4668-BE54-9A1E7A4F7556}") = "Base.Weather.BLL", "..\Weather\Base.Weather.BLL\Base.Weather.BLL.csproj", "{BA83C944-A891-4C57-968C-C063113C75E2}"
EndProject
Project("{9A19103F-16F7-4668-BE54-9A1E7A4F7556}") = "dnsEmail", "..\..\..\..\esdk\dnsEmail\dnsEmail\dnsEmail.csproj", "{4A9B909D-17EC-48FA-B1CD-0584D9B1263B}"
EndProject
Global
	GlobalSection(SolutionConfigurationPlatforms) = preSolution
		Debug|Any CPU = Debug|Any CPU
		Release_Kakao|Any CPU = Release_Kakao|Any CPU
		Release_Kakaowork|Any CPU = Release_Kakaowork|Any CPU
		Release_SKT_MCS|Any CPU = Release_SKT_MCS|Any CPU
		Release_Soulbrain_MCS|Any CPU = Release_Soulbrain_MCS|Any CPU
		Release_Soulbrain|Any CPU = Release_Soulbrain|Any CPU
		Release_UNE_MCS|Any CPU = Release_UNE_MCS|Any CPU
		Release_UnEInternal|Any CPU = Release_UnEInternal|Any CPU
		Release_Wonikqnc|Any CPU = Release_Wonikqnc|Any CPU
		Release|Any CPU = Release|Any CPU
	EndGlobalSection
	GlobalSection(ProjectConfigurationPlatforms) = postSolution
		{BA211D8F-0BD4-4A47-AA1B-4867696F8139}.Debug|Any CPU.ActiveCfg = Debug|Any CPU
		{BA211D8F-0BD4-4A47-AA1B-4867696F8139}.Debug|Any CPU.Build.0 = Debug|Any CPU
		{BA211D8F-0BD4-4A47-AA1B-4867696F8139}.Release_Kakao|Any CPU.ActiveCfg = Release|Any CPU
		{BA211D8F-0BD4-4A47-AA1B-4867696F8139}.Release_Kakao|Any CPU.Build.0 = Release|Any CPU
		{BA211D8F-0BD4-4A47-AA1B-4867696F8139}.Release_Kakaowork|Any CPU.ActiveCfg = Release|Any CPU
		{BA211D8F-0BD4-4A47-AA1B-4867696F8139}.Release_Kakaowork|Any CPU.Build.0 = Release|Any CPU
		{BA211D8F-0BD4-4A47-AA1B-4867696F8139}.Release_SKT_MCS|Any CPU.ActiveCfg = Release|Any CPU
		{BA211D8F-0BD4-4A47-AA1B-4867696F8139}.Release_SKT_MCS|Any CPU.Build.0 = Release|Any CPU
		{BA211D8F-0BD4-4A47-AA1B-4867696F8139}.Release_Soulbrain_MCS|Any CPU.ActiveCfg = Release|Any CPU
		{BA211D8F-0BD4-4A47-AA1B-4867696F8139}.Release_Soulbrain_MCS|Any CPU.Build.0 = Release|Any CPU
		{BA211D8F-0BD4-4A47-AA1B-4867696F8139}.Release_Soulbrain|Any CPU.ActiveCfg = Release|Any CPU
		{BA211D8F-0BD4-4A47-AA1B-4867696F8139}.Release_Soulbrain|Any CPU.Build.0 = Release|Any CPU
		{BA211D8F-0BD4-4A47-AA1B-4867696F8139}.Release_UNE_MCS|Any CPU.ActiveCfg = Release|Any CPU
		{BA211D8F-0BD4-4A47-AA1B-4867696F8139}.Release_UNE_MCS|Any CPU.Build.0 = Release|Any CPU
		{BA211D8F-0BD4-4A47-AA1B-4867696F8139}.Release_UnEInternal|Any CPU.ActiveCfg = Release|Any CPU
		{BA211D8F-0BD4-4A47-AA1B-4867696F8139}.Release_UnEInternal|Any CPU.Build.0 = Release|Any CPU
		{BA211D8F-0BD4-4A47-AA1B-4867696F8139}.Release_Wonikqnc|Any CPU.ActiveCfg = Release|Any CPU
		{BA211D8F-0BD4-4A47-AA1B-4867696F8139}.Release_Wonikqnc|Any CPU.Build.0 = Release|Any CPU
		{BA211D8F-0BD4-4A47-AA1B-4867696F8139}.Release|Any CPU.ActiveCfg = Release|Any CPU
		{BA211D8F-0BD4-4A47-AA1B-4867696F8139}.Release|Any CPU.Build.0 = Release|Any CPU
		{8FA517DD-0F84-4D9A-B473-901D7873EB68}.Debug|Any CPU.ActiveCfg = Debug|Any CPU
		{8FA517DD-0F84-4D9A-B473-901D7873EB68}.Debug|Any CPU.Build.0 = Debug|Any CPU
		{8FA517DD-0F84-4D9A-B473-901D7873EB68}.Release_Kakao|Any CPU.ActiveCfg = Release|Any CPU
		{8FA517DD-0F84-4D9A-B473-901D7873EB68}.Release_Kakao|Any CPU.Build.0 = Release|Any CPU
		{8FA517DD-0F84-4D9A-B473-901D7873EB68}.Release_Kakaowork|Any CPU.ActiveCfg = Release|Any CPU
		{8FA517DD-0F84-4D9A-B473-901D7873EB68}.Release_Kakaowork|Any CPU.Build.0 = Release|Any CPU
		{8FA517DD-0F84-4D9A-B473-901D7873EB68}.Release_SKT_MCS|Any CPU.ActiveCfg = Release|Any CPU
		{8FA517DD-0F84-4D9A-B473-901D7873EB68}.Release_SKT_MCS|Any CPU.Build.0 = Release|Any CPU
		{8FA517DD-0F84-4D9A-B473-901D7873EB68}.Release_Soulbrain_MCS|Any CPU.ActiveCfg = Release|Any CPU
		{8FA517DD-0F84-4D9A-B473-901D7873EB68}.Release_Soulbrain_MCS|Any CPU.Build.0 = Release|Any CPU
		{8FA517DD-0F84-4D9A-B473-901D7873EB68}.Release_Soulbrain|Any CPU.ActiveCfg = Release|Any CPU
		{8FA517DD-0F84-4D9A-B473-901D7873EB68}.Release_Soulbrain|Any CPU.Build.0 = Release|Any CPU
		{8FA517DD-0F84-4D9A-B473-901D7873EB68}.Release_UNE_MCS|Any CPU.ActiveCfg = Release|Any CPU
		{8FA517DD-0F84-4D9A-B473-901D7873EB68}.Release_UNE_MCS|Any CPU.Build.0 = Release|Any CPU
		{8FA517DD-0F84-4D9A-B473-901D7873EB68}.Release_UnEInternal|Any CPU.ActiveCfg = Release|Any CPU
		{8FA517DD-0F84-4D9A-B473-901D7873EB68}.Release_UnEInternal|Any CPU.Build.0 = Release|Any CPU
		{8FA517DD-0F84-4D9A-B473-901D7873EB68}.Release_Wonikqnc|Any CPU.ActiveCfg = Release|Any CPU
		{8FA517DD-0F84-4D9A-B473-901D7873EB68}.Release_Wonikqnc|Any CPU.Build.0 = Release|Any CPU
		{8FA517DD-0F84-4D9A-B473-901D7873EB68}.Release|Any CPU.ActiveCfg = Release|Any CPU
		{8FA517DD-0F84-4D9A-B473-901D7873EB68}.Release|Any CPU.Build.0 = Release|Any CPU
		{01CA95E8-631C-483A-BD5D-C6A2BBBC5904}.Debug|Any CPU.ActiveCfg = Debug|Any CPU
		{01CA95E8-631C-483A-BD5D-C6A2BBBC5904}.Debug|Any CPU.Build.0 = Debug|Any CPU
		{01CA95E8-631C-483A-BD5D-C6A2BBBC5904}.Release_Kakao|Any CPU.ActiveCfg = Release|Any CPU
		{01CA95E8-631C-483A-BD5D-C6A2BBBC5904}.Release_Kakao|Any CPU.Build.0 = Release|Any CPU
		{01CA95E8-631C-483A-BD5D-C6A2BBBC5904}.Release_Kakaowork|Any CPU.ActiveCfg = Release|Any CPU
		{01CA95E8-631C-483A-BD5D-C6A2BBBC5904}.Release_Kakaowork|Any CPU.Build.0 = Release|Any CPU
		{01CA95E8-631C-483A-BD5D-C6A2BBBC5904}.Release_SKT_MCS|Any CPU.ActiveCfg = Release|Any CPU
		{01CA95E8-631C-483A-BD5D-C6A2BBBC5904}.Release_SKT_MCS|Any CPU.Build.0 = Release|Any CPU
		{01CA95E8-631C-483A-BD5D-C6A2BBBC5904}.Release_Soulbrain_MCS|Any CPU.ActiveCfg = Release|Any CPU
		{01CA95E8-631C-483A-BD5D-C6A2BBBC5904}.Release_Soulbrain_MCS|Any CPU.Build.0 = Release|Any CPU
		{01CA95E8-631C-483A-BD5D-C6A2BBBC5904}.Release_Soulbrain|Any CPU.ActiveCfg = Release|Any CPU
		{01CA95E8-631C-483A-BD5D-C6A2BBBC5904}.Release_Soulbrain|Any CPU.Build.0 = Release|Any CPU
		{01CA95E8-631C-483A-BD5D-C6A2BBBC5904}.Release_UNE_MCS|Any CPU.ActiveCfg = Release|Any CPU
		{01CA95E8-631C-483A-BD5D-C6A2BBBC5904}.Release_UNE_MCS|Any CPU.Build.0 = Release|Any CPU
		{01CA95E8-631C-483A-BD5D-C6A2BBBC5904}.Release_UnEInternal|Any CPU.ActiveCfg = Release|Any CPU
		{01CA95E8-631C-483A-BD5D-C6A2BBBC5904}.Release_UnEInternal|Any CPU.Build.0 = Release|Any CPU
		{01CA95E8-631C-483A-BD5D-C6A2BBBC5904}.Release_Wonikqnc|Any CPU.ActiveCfg = Release|Any CPU
		{01CA95E8-631C-483A-BD5D-C6A2BBBC5904}.Release_Wonikqnc|Any CPU.Build.0 = Release|Any CPU
		{01CA95E8-631C-483A-BD5D-C6A2BBBC5904}.Release|Any CPU.ActiveCfg = Release|Any CPU
		{01CA95E8-631C-483A-BD5D-C6A2BBBC5904}.Release|Any CPU.Build.0 = Release|Any CPU
		{D90B9DBF-B875-4E01-8619-FE1D1C0491B2}.Debug|Any CPU.ActiveCfg = Debug|Any CPU
		{D90B9DBF-B875-4E01-8619-FE1D1C0491B2}.Debug|Any CPU.Build.0 = Debug|Any CPU
		{D90B9DBF-B875-4E01-8619-FE1D1C0491B2}.Release_Kakao|Any CPU.ActiveCfg = Release|Any CPU
		{D90B9DBF-B875-4E01-8619-FE1D1C0491B2}.Release_Kakao|Any CPU.Build.0 = Release|Any CPU
		{D90B9DBF-B875-4E01-8619-FE1D1C0491B2}.Release_Kakaowork|Any CPU.ActiveCfg = Release|Any CPU
		{D90B9DBF-B875-4E01-8619-FE1D1C0491B2}.Release_Kakaowork|Any CPU.Build.0 = Release|Any CPU
		{D90B9DBF-B875-4E01-8619-FE1D1C0491B2}.Release_SKT_MCS|Any CPU.ActiveCfg = Release|Any CPU
		{D90B9DBF-B875-4E01-8619-FE1D1C0491B2}.Release_SKT_MCS|Any CPU.Build.0 = Release|Any CPU
		{D90B9DBF-B875-4E01-8619-FE1D1C0491B2}.Release_Soulbrain_MCS|Any CPU.ActiveCfg = Release|Any CPU
		{D90B9DBF-B875-4E01-8619-FE1D1C0491B2}.Release_Soulbrain_MCS|Any CPU.Build.0 = Release|Any CPU
		{D90B9DBF-B875-4E01-8619-FE1D1C0491B2}.Release_Soulbrain|Any CPU.ActiveCfg = Release|Any CPU
		{D90B9DBF-B875-4E01-8619-FE1D1C0491B2}.Release_Soulbrain|Any CPU.Build.0 = Release|Any CPU
		{D90B9DBF-B875-4E01-8619-FE1D1C0491B2}.Release_UNE_MCS|Any CPU.ActiveCfg = Release|Any CPU
		{D90B9DBF-B875-4E01-8619-FE1D1C0491B2}.Release_UNE_MCS|Any CPU.Build.0 = Release|Any CPU
		{D90B9DBF-B875-4E01-8619-FE1D1C0491B2}.Release_UnEInternal|Any CPU.ActiveCfg = Release|Any CPU
		{D90B9DBF-B875-4E01-8619-FE1D1C0491B2}.Release_UnEInternal|Any CPU.Build.0 = Release|Any CPU
		{D90B9DBF-B875-4E01-8619-FE1D1C0491B2}.Release_Wonikqnc|Any CPU.ActiveCfg = Release|Any CPU
		{D90B9DBF-B875-4E01-8619-FE1D1C0491B2}.Release_Wonikqnc|Any CPU.Build.0 = Release|Any CPU
		{D90B9DBF-B875-4E01-8619-FE1D1C0491B2}.Release|Any CPU.ActiveCfg = Release|Any CPU
		{D90B9DBF-B875-4E01-8619-FE1D1C0491B2}.Release|Any CPU.Build.0 = Release|Any CPU
		{260985A2-61EB-4699-8E64-003C76BDDF47}.Debug|Any CPU.ActiveCfg = Debug|Any CPU
		{260985A2-61EB-4699-8E64-003C76BDDF47}.Debug|Any CPU.Build.0 = Debug|Any CPU
		{260985A2-61EB-4699-8E64-003C76BDDF47}.Release_Kakao|Any CPU.ActiveCfg = Release|Any CPU
		{260985A2-61EB-4699-8E64-003C76BDDF47}.Release_Kakao|Any CPU.Build.0 = Release|Any CPU
		{260985A2-61EB-4699-8E64-003C76BDDF47}.Release_Kakaowork|Any CPU.ActiveCfg = Release|Any CPU
		{260985A2-61EB-4699-8E64-003C76BDDF47}.Release_Kakaowork|Any CPU.Build.0 = Release|Any CPU
		{260985A2-61EB-4699-8E64-003C76BDDF47}.Release_SKT_MCS|Any CPU.ActiveCfg = Release|Any CPU
		{260985A2-61EB-4699-8E64-003C76BDDF47}.Release_SKT_MCS|Any CPU.Build.0 = Release|Any CPU
		{260985A2-61EB-4699-8E64-003C76BDDF47}.Release_Soulbrain_MCS|Any CPU.ActiveCfg = Release|Any CPU
		{260985A2-61EB-4699-8E64-003C76BDDF47}.Release_Soulbrain_MCS|Any CPU.Build.0 = Release|Any CPU
		{260985A2-61EB-4699-8E64-003C76BDDF47}.Release_Soulbrain|Any CPU.ActiveCfg = Release|Any CPU
		{260985A2-61EB-4699-8E64-003C76BDDF47}.Release_Soulbrain|Any CPU.Build.0 = Release|Any CPU
		{260985A2-61EB-4699-8E64-003C76BDDF47}.Release_UNE_MCS|Any CPU.ActiveCfg = Release|Any CPU
		{260985A2-61EB-4699-8E64-003C76BDDF47}.Release_UNE_MCS|Any CPU.Build.0 = Release|Any CPU
		{260985A2-61EB-4699-8E64-003C76BDDF47}.Release_UnEInternal|Any CPU.ActiveCfg = Release|Any CPU
		{260985A2-61EB-4699-8E64-003C76BDDF47}.Release_UnEInternal|Any CPU.Build.0 = Release|Any CPU
		{260985A2-61EB-4699-8E64-003C76BDDF47}.Release_Wonikqnc|Any CPU.ActiveCfg = Release|Any CPU
		{260985A2-61EB-4699-8E64-003C76BDDF47}.Release_Wonikqnc|Any CPU.Build.0 = Release|Any CPU
		{260985A2-61EB-4699-8E64-003C76BDDF47}.Release|Any CPU.ActiveCfg = Release|Any CPU
		{260985A2-61EB-4699-8E64-003C76BDDF47}.Release|Any CPU.Build.0 = Release|Any CPU
		{07EC73F5-F5EE-4DB7-BB5C-78CB0221F141}.Debug|Any CPU.ActiveCfg = Debug|Any CPU
		{07EC73F5-F5EE-4DB7-BB5C-78CB0221F141}.Debug|Any CPU.Build.0 = Debug|Any CPU
		{07EC73F5-F5EE-4DB7-BB5C-78CB0221F141}.Release_Kakao|Any CPU.ActiveCfg = Release|Any CPU
		{07EC73F5-F5EE-4DB7-BB5C-78CB0221F141}.Release_Kakao|Any CPU.Build.0 = Release|Any CPU
		{07EC73F5-F5EE-4DB7-BB5C-78CB0221F141}.Release_Kakaowork|Any CPU.ActiveCfg = Release|Any CPU
		{07EC73F5-F5EE-4DB7-BB5C-78CB0221F141}.Release_Kakaowork|Any CPU.Build.0 = Release|Any CPU
		{07EC73F5-F5EE-4DB7-BB5C-78CB0221F141}.Release_SKT_MCS|Any CPU.ActiveCfg = Release|Any CPU
		{07EC73F5-F5EE-4DB7-BB5C-78CB0221F141}.Release_SKT_MCS|Any CPU.Build.0 = Release|Any CPU
		{07EC73F5-F5EE-4DB7-BB5C-78CB0221F141}.Release_Soulbrain_MCS|Any CPU.ActiveCfg = Release|Any CPU
		{07EC73F5-F5EE-4DB7-BB5C-78CB0221F141}.Release_Soulbrain_MCS|Any CPU.Build.0 = Release|Any CPU
		{07EC73F5-F5EE-4DB7-BB5C-78CB0221F141}.Release_Soulbrain|Any CPU.ActiveCfg = Release|Any CPU
		{07EC73F5-F5EE-4DB7-BB5C-78CB0221F141}.Release_Soulbrain|Any CPU.Build.0 = Release|Any CPU
		{07EC73F5-F5EE-4DB7-BB5C-78CB0221F141}.Release_UNE_MCS|Any CPU.ActiveCfg = Release|Any CPU
		{07EC73F5-F5EE-4DB7-BB5C-78CB0221F141}.Release_UNE_MCS|Any CPU.Build.0 = Release|Any CPU
		{07EC73F5-F5EE-4DB7-BB5C-78CB0221F141}.Release_UnEInternal|Any CPU.ActiveCfg = Release|Any CPU
		{07EC73F5-F5EE-4DB7-BB5C-78CB0221F141}.Release_UnEInternal|Any CPU.Build.0 = Release|Any CPU
		{07EC73F5-F5EE-4DB7-BB5C-78CB0221F141}.Release_Wonikqnc|Any CPU.ActiveCfg = Release|Any CPU
		{07EC73F5-F5EE-4DB7-BB5C-78CB0221F141}.Release_Wonikqnc|Any CPU.Build.0 = Release|Any CPU
		{07EC73F5-F5EE-4DB7-BB5C-78CB0221F141}.Release|Any CPU.ActiveCfg = Release|Any CPU
		{07EC73F5-F5EE-4DB7-BB5C-78CB0221F141}.Release|Any CPU.Build.0 = Release|Any CPU
		{B1D253BA-0A8C-4851-84D0-C8127D6F55D7}.Debug|Any CPU.ActiveCfg = Debug|Any CPU
		{B1D253BA-0A8C-4851-84D0-C8127D6F55D7}.Debug|Any CPU.Build.0 = Debug|Any CPU
		{B1D253BA-0A8C-4851-84D0-C8127D6F55D7}.Release_Kakao|Any CPU.ActiveCfg = Release|Any CPU
		{B1D253BA-0A8C-4851-84D0-C8127D6F55D7}.Release_Kakao|Any CPU.Build.0 = Release|Any CPU
		{B1D253BA-0A8C-4851-84D0-C8127D6F55D7}.Release_Kakaowork|Any CPU.ActiveCfg = Release|Any CPU
		{B1D253BA-0A8C-4851-84D0-C8127D6F55D7}.Release_Kakaowork|Any CPU.Build.0 = Release|Any CPU
		{B1D253BA-0A8C-4851-84D0-C8127D6F55D7}.Release_SKT_MCS|Any CPU.ActiveCfg = Release|Any CPU
		{B1D253BA-0A8C-4851-84D0-C8127D6F55D7}.Release_SKT_MCS|Any CPU.Build.0 = Release|Any CPU
		{B1D253BA-0A8C-4851-84D0-C8127D6F55D7}.Release_Soulbrain_MCS|Any CPU.ActiveCfg = Release|Any CPU
		{B1D253BA-0A8C-4851-84D0-C8127D6F55D7}.Release_Soulbrain_MCS|Any CPU.Build.0 = Release|Any CPU
		{B1D253BA-0A8C-4851-84D0-C8127D6F55D7}.Release_Soulbrain|Any CPU.ActiveCfg = Release|Any CPU
		{B1D253BA-0A8C-4851-84D0-C8127D6F55D7}.Release_Soulbrain|Any CPU.Build.0 = Release|Any CPU
		{B1D253BA-0A8C-4851-84D0-C8127D6F55D7}.Release_UNE_MCS|Any CPU.ActiveCfg = Release|Any CPU
		{B1D253BA-0A8C-4851-84D0-C8127D6F55D7}.Release_UNE_MCS|Any CPU.Build.0 = Release|Any CPU
		{B1D253BA-0A8C-4851-84D0-C8127D6F55D7}.Release_UnEInternal|Any CPU.ActiveCfg = Release|Any CPU
		{B1D253BA-0A8C-4851-84D0-C8127D6F55D7}.Release_UnEInternal|Any CPU.Build.0 = Release|Any CPU
		{B1D253BA-0A8C-4851-84D0-C8127D6F55D7}.Release_Wonikqnc|Any CPU.ActiveCfg = Release|Any CPU
		{B1D253BA-0A8C-4851-84D0-C8127D6F55D7}.Release_Wonikqnc|Any CPU.Build.0 = Release|Any CPU
		{B1D253BA-0A8C-4851-84D0-C8127D6F55D7}.Release|Any CPU.ActiveCfg = Release|Any CPU
		{B1D253BA-0A8C-4851-84D0-C8127D6F55D7}.Release|Any CPU.Build.0 = Release|Any CPU
		{0D9941A8-5146-433B-B71B-C5386A790091}.Debug|Any CPU.ActiveCfg = Debug|Any CPU
		{0D9941A8-5146-433B-B71B-C5386A790091}.Debug|Any CPU.Build.0 = Debug|Any CPU
		{0D9941A8-5146-433B-B71B-C5386A790091}.Release_Kakao|Any CPU.ActiveCfg = Release|Any CPU
		{0D9941A8-5146-433B-B71B-C5386A790091}.Release_Kakao|Any CPU.Build.0 = Release|Any CPU
		{0D9941A8-5146-433B-B71B-C5386A790091}.Release_Kakaowork|Any CPU.ActiveCfg = Release|Any CPU
		{0D9941A8-5146-433B-B71B-C5386A790091}.Release_Kakaowork|Any CPU.Build.0 = Release|Any CPU
		{0D9941A8-5146-433B-B71B-C5386A790091}.Release_SKT_MCS|Any CPU.ActiveCfg = Release|Any CPU
		{0D9941A8-5146-433B-B71B-C5386A790091}.Release_SKT_MCS|Any CPU.Build.0 = Release|Any CPU
		{0D9941A8-5146-433B-B71B-C5386A790091}.Release_Soulbrain_MCS|Any CPU.ActiveCfg = Release|Any CPU
		{0D9941A8-5146-433B-B71B-C5386A790091}.Release_Soulbrain_MCS|Any CPU.Build.0 = Release|Any CPU
		{0D9941A8-5146-433B-B71B-C5386A790091}.Release_Soulbrain|Any CPU.ActiveCfg = Release|Any CPU
		{0D9941A8-5146-433B-B71B-C5386A790091}.Release_Soulbrain|Any CPU.Build.0 = Release|Any CPU
		{0D9941A8-5146-433B-B71B-C5386A790091}.Release_UNE_MCS|Any CPU.ActiveCfg = Release|Any CPU
		{0D9941A8-5146-433B-B71B-C5386A790091}.Release_UNE_MCS|Any CPU.Build.0 = Release|Any CPU
		{0D9941A8-5146-433B-B71B-C5386A790091}.Release_UnEInternal|Any CPU.ActiveCfg = Release|Any CPU
		{0D9941A8-5146-433B-B71B-C5386A790091}.Release_UnEInternal|Any CPU.Build.0 = Release|Any CPU
		{0D9941A8-5146-433B-B71B-C5386A790091}.Release_Wonikqnc|Any CPU.ActiveCfg = Release|Any CPU
		{0D9941A8-5146-433B-B71B-C5386A790091}.Release_Wonikqnc|Any CPU.Build.0 = Release|Any CPU
		{0D9941A8-5146-433B-B71B-C5386A790091}.Release|Any CPU.ActiveCfg = Release|Any CPU
		{0D9941A8-5146-433B-B71B-C5386A790091}.Release|Any CPU.Build.0 = Release|Any CPU
		{1D190345-D0DA-4AE1-A723-5172F998468D}.Debug|Any CPU.ActiveCfg = Debug|Any CPU
		{1D190345-D0DA-4AE1-A723-5172F998468D}.Debug|Any CPU.Build.0 = Debug|Any CPU
		{1D190345-D0DA-4AE1-A723-5172F998468D}.Release_Kakao|Any CPU.ActiveCfg = Release|Any CPU
		{1D190345-D0DA-4AE1-A723-5172F998468D}.Release_Kakao|Any CPU.Build.0 = Release|Any CPU
		{1D190345-D0DA-4AE1-A723-5172F998468D}.Release_Kakaowork|Any CPU.ActiveCfg = Release|Any CPU
		{1D190345-D0DA-4AE1-A723-5172F998468D}.Release_Kakaowork|Any CPU.Build.0 = Release|Any CPU
		{1D190345-D0DA-4AE1-A723-5172F998468D}.Release_SKT_MCS|Any CPU.ActiveCfg = Release|Any CPU
		{1D190345-D0DA-4AE1-A723-5172F998468D}.Release_SKT_MCS|Any CPU.Build.0 = Release|Any CPU
		{1D190345-D0DA-4AE1-A723-5172F998468D}.Release_Soulbrain_MCS|Any CPU.ActiveCfg = Release|Any CPU
		{1D190345-D0DA-4AE1-A723-5172F998468D}.Release_Soulbrain_MCS|Any CPU.Build.0 = Release|Any CPU
		{1D190345-D0DA-4AE1-A723-5172F998468D}.Release_Soulbrain|Any CPU.ActiveCfg = Release|Any CPU
		{1D190345-D0DA-4AE1-A723-5172F998468D}.Release_Soulbrain|Any CPU.Build.0 = Release|Any CPU
		{1D190345-D0DA-4AE1-A723-5172F998468D}.Release_UNE_MCS|Any CPU.ActiveCfg = Release|Any CPU
		{1D190345-D0DA-4AE1-A723-5172F998468D}.Release_UNE_MCS|Any CPU.Build.0 = Release|Any CPU
		{1D190345-D0DA-4AE1-A723-5172F998468D}.Release_UnEInternal|Any CPU.ActiveCfg = Release|Any CPU
		{1D190345-D0DA-4AE1-A723-5172F998468D}.Release_UnEInternal|Any CPU.Build.0 = Release|Any CPU
		{1D190345-D0DA-4AE1-A723-5172F998468D}.Release_Wonikqnc|Any CPU.ActiveCfg = Release|Any CPU
		{1D190345-D0DA-4AE1-A723-5172F998468D}.Release_Wonikqnc|Any CPU.Build.0 = Release|Any CPU
		{1D190345-D0DA-4AE1-A723-5172F998468D}.Release|Any CPU.ActiveCfg = Release|Any CPU
		{1D190345-D0DA-4AE1-A723-5172F998468D}.Release|Any CPU.Build.0 = Release|Any CPU
		{AD47BE3A-1099-49FE-9A65-F7A529210D60}.Debug|Any CPU.ActiveCfg = Debug|Any CPU
		{AD47BE3A-1099-49FE-9A65-F7A529210D60}.Debug|Any CPU.Build.0 = Debug|Any CPU
		{AD47BE3A-1099-49FE-9A65-F7A529210D60}.Release_Kakao|Any CPU.ActiveCfg = Release|Any CPU
		{AD47BE3A-1099-49FE-9A65-F7A529210D60}.Release_Kakao|Any CPU.Build.0 = Release|Any CPU
		{AD47BE3A-1099-49FE-9A65-F7A529210D60}.Release_Kakaowork|Any CPU.ActiveCfg = Release|Any CPU
		{AD47BE3A-1099-49FE-9A65-F7A529210D60}.Release_Kakaowork|Any CPU.Build.0 = Release|Any CPU
		{AD47BE3A-1099-49FE-9A65-F7A529210D60}.Release_SKT_MCS|Any CPU.ActiveCfg = Release|Any CPU
		{AD47BE3A-1099-49FE-9A65-F7A529210D60}.Release_SKT_MCS|Any CPU.Build.0 = Release|Any CPU
		{AD47BE3A-1099-49FE-9A65-F7A529210D60}.Release_Soulbrain_MCS|Any CPU.ActiveCfg = Release|Any CPU
		{AD47BE3A-1099-49FE-9A65-F7A529210D60}.Release_Soulbrain_MCS|Any CPU.Build.0 = Release|Any CPU
		{AD47BE3A-1099-49FE-9A65-F7A529210D60}.Release_Soulbrain|Any CPU.ActiveCfg = Release|Any CPU
		{AD47BE3A-1099-49FE-9A65-F7A529210D60}.Release_Soulbrain|Any CPU.Build.0 = Release|Any CPU
		{AD47BE3A-1099-49FE-9A65-F7A529210D60}.Release_UNE_MCS|Any CPU.ActiveCfg = Release|Any CPU
		{AD47BE3A-1099-49FE-9A65-F7A529210D60}.Release_UNE_MCS|Any CPU.Build.0 = Release|Any CPU
		{AD47BE3A-1099-49FE-9A65-F7A529210D60}.Release_UnEInternal|Any CPU.ActiveCfg = Release|Any CPU
		{AD47BE3A-1099-49FE-9A65-F7A529210D60}.Release_UnEInternal|Any CPU.Build.0 = Release|Any CPU
		{AD47BE3A-1099-49FE-9A65-F7A529210D60}.Release_Wonikqnc|Any CPU.ActiveCfg = Release|Any CPU
		{AD47BE3A-1099-49FE-9A65-F7A529210D60}.Release_Wonikqnc|Any CPU.Build.0 = Release|Any CPU
		{AD47BE3A-1099-49FE-9A65-F7A529210D60}.Release|Any CPU.ActiveCfg = Release|Any CPU
		{AD47BE3A-1099-49FE-9A65-F7A529210D60}.Release|Any CPU.Build.0 = Release|Any CPU
		{FE7C9767-F716-463A-8758-CE232E3DF500}.Debug|Any CPU.ActiveCfg = Debug|Any CPU
		{FE7C9767-F716-463A-8758-CE232E3DF500}.Debug|Any CPU.Build.0 = Debug|Any CPU
		{FE7C9767-F716-463A-8758-CE232E3DF500}.Release_Kakao|Any CPU.ActiveCfg = Release|Any CPU
		{FE7C9767-F716-463A-8758-CE232E3DF500}.Release_Kakao|Any CPU.Build.0 = Release|Any CPU
		{FE7C9767-F716-463A-8758-CE232E3DF500}.Release_Kakaowork|Any CPU.ActiveCfg = Release|Any CPU
		{FE7C9767-F716-463A-8758-CE232E3DF500}.Release_Kakaowork|Any CPU.Build.0 = Release|Any CPU
		{FE7C9767-F716-463A-8758-CE232E3DF500}.Release_SKT_MCS|Any CPU.ActiveCfg = Release|Any CPU
		{FE7C9767-F716-463A-8758-CE232E3DF500}.Release_SKT_MCS|Any CPU.Build.0 = Release|Any CPU
		{FE7C9767-F716-463A-8758-CE232E3DF500}.Release_Soulbrain_MCS|Any CPU.ActiveCfg = Release|Any CPU
		{FE7C9767-F716-463A-8758-CE232E3DF500}.Release_Soulbrain_MCS|Any CPU.Build.0 = Release|Any CPU
		{FE7C9767-F716-463A-8758-CE232E3DF500}.Release_Soulbrain|Any CPU.ActiveCfg = Release|Any CPU
		{FE7C9767-F716-463A-8758-CE232E3DF500}.Release_Soulbrain|Any CPU.Build.0 = Release|Any CPU
		{FE7C9767-F716-463A-8758-CE232E3DF500}.Release_UNE_MCS|Any CPU.ActiveCfg = Release|Any CPU
		{FE7C9767-F716-463A-8758-CE232E3DF500}.Release_UNE_MCS|Any CPU.Build.0 = Release|Any CPU
		{FE7C9767-F716-463A-8758-CE232E3DF500}.Release_UnEInternal|Any CPU.ActiveCfg = Release|Any CPU
		{FE7C9767-F716-463A-8758-CE232E3DF500}.Release_UnEInternal|Any CPU.Build.0 = Release|Any CPU
		{FE7C9767-F716-463A-8758-CE232E3DF500}.Release_Wonikqnc|Any CPU.ActiveCfg = Release|Any CPU
		{FE7C9767-F716-463A-8758-CE232E3DF500}.Release_Wonikqnc|Any CPU.Build.0 = Release|Any CPU
		{FE7C9767-F716-463A-8758-CE232E3DF500}.Release|Any CPU.ActiveCfg = Release|Any CPU
		{FE7C9767-F716-463A-8758-CE232E3DF500}.Release|Any CPU.Build.0 = Release|Any CPU
		{BBB02A81-8C84-4606-9D04-B1689EF2A673}.Debug|Any CPU.ActiveCfg = Debug|Any CPU
		{BBB02A81-8C84-4606-9D04-B1689EF2A673}.Debug|Any CPU.Build.0 = Debug|Any CPU
		{BBB02A81-8C84-4606-9D04-B1689EF2A673}.Release_Kakao|Any CPU.ActiveCfg = Release|Any CPU
		{BBB02A81-8C84-4606-9D04-B1689EF2A673}.Release_Kakao|Any CPU.Build.0 = Release|Any CPU
		{BBB02A81-8C84-4606-9D04-B1689EF2A673}.Release_Kakaowork|Any CPU.ActiveCfg = Release|Any CPU
		{BBB02A81-8C84-4606-9D04-B1689EF2A673}.Release_Kakaowork|Any CPU.Build.0 = Release|Any CPU
		{BBB02A81-8C84-4606-9D04-B1689EF2A673}.Release_SKT_MCS|Any CPU.ActiveCfg = Release|Any CPU
		{BBB02A81-8C84-4606-9D04-B1689EF2A673}.Release_SKT_MCS|Any CPU.Build.0 = Release|Any CPU
		{BBB02A81-8C84-4606-9D04-B1689EF2A673}.Release_Soulbrain_MCS|Any CPU.ActiveCfg = Release|Any CPU
		{BBB02A81-8C84-4606-9D04-B1689EF2A673}.Release_Soulbrain_MCS|Any CPU.Build.0 = Release|Any CPU
		{BBB02A81-8C84-4606-9D04-B1689EF2A673}.Release_Soulbrain|Any CPU.ActiveCfg = Release|Any CPU
		{BBB02A81-8C84-4606-9D04-B1689EF2A673}.Release_Soulbrain|Any CPU.Build.0 = Release|Any CPU
		{BBB02A81-8C84-4606-9D04-B1689EF2A673}.Release_UNE_MCS|Any CPU.ActiveCfg = Release|Any CPU
		{BBB02A81-8C84-4606-9D04-B1689EF2A673}.Release_UNE_MCS|Any CPU.Build.0 = Release|Any CPU
		{BBB02A81-8C84-4606-9D04-B1689EF2A673}.Release_UnEInternal|Any CPU.ActiveCfg = Release|Any CPU
		{BBB02A81-8C84-4606-9D04-B1689EF2A673}.Release_UnEInternal|Any CPU.Build.0 = Release|Any CPU
		{BBB02A81-8C84-4606-9D04-B1689EF2A673}.Release_Wonikqnc|Any CPU.ActiveCfg = Release|Any CPU
		{BBB02A81-8C84-4606-9D04-B1689EF2A673}.Release_Wonikqnc|Any CPU.Build.0 = Release|Any CPU
		{BBB02A81-8C84-4606-9D04-B1689EF2A673}.Release|Any CPU.ActiveCfg = Release|Any CPU
		{BBB02A81-8C84-4606-9D04-B1689EF2A673}.Release|Any CPU.Build.0 = Release|Any CPU
		{08947D3E-1C1F-43AD-9C39-E0578799A9B9}.Debug|Any CPU.ActiveCfg = Debug|Any CPU
		{08947D3E-1C1F-43AD-9C39-E0578799A9B9}.Debug|Any CPU.Build.0 = Debug|Any CPU
		{08947D3E-1C1F-43AD-9C39-E0578799A9B9}.Release_Kakao|Any CPU.ActiveCfg = Release|Any CPU
		{08947D3E-1C1F-43AD-9C39-E0578799A9B9}.Release_Kakao|Any CPU.Build.0 = Release|Any CPU
		{08947D3E-1C1F-43AD-9C39-E0578799A9B9}.Release_Kakaowork|Any CPU.ActiveCfg = Release|Any CPU
		{08947D3E-1C1F-43AD-9C39-E0578799A9B9}.Release_Kakaowork|Any CPU.Build.0 = Release|Any CPU
		{08947D3E-1C1F-43AD-9C39-E0578799A9B9}.Release_SKT_MCS|Any CPU.ActiveCfg = Release|Any CPU
		{08947D3E-1C1F-43AD-9C39-E0578799A9B9}.Release_SKT_MCS|Any CPU.Build.0 = Release|Any CPU
		{08947D3E-1C1F-43AD-9C39-E0578799A9B9}.Release_Soulbrain_MCS|Any CPU.ActiveCfg = Release|Any CPU
		{08947D3E-1C1F-43AD-9C39-E0578799A9B9}.Release_Soulbrain_MCS|Any CPU.Build.0 = Release|Any CPU
		{08947D3E-1C1F-43AD-9C39-E0578799A9B9}.Release_Soulbrain|Any CPU.ActiveCfg = Release|Any CPU
		{08947D3E-1C1F-43AD-9C39-E0578799A9B9}.Release_Soulbrain|Any CPU.Build.0 = Release|Any CPU
		{08947D3E-1C1F-43AD-9C39-E0578799A9B9}.Release_UNE_MCS|Any CPU.ActiveCfg = Release|Any CPU
		{08947D3E-1C1F-43AD-9C39-E0578799A9B9}.Release_UNE_MCS|Any CPU.Build.0 = Release|Any CPU
		{08947D3E-1C1F-43AD-9C39-E0578799A9B9}.Release_UnEInternal|Any CPU.ActiveCfg = Release|Any CPU
		{08947D3E-1C1F-43AD-9C39-E0578799A9B9}.Release_UnEInternal|Any CPU.Build.0 = Release|Any CPU
		{08947D3E-1C1F-43AD-9C39-E0578799A9B9}.Release_Wonikqnc|Any CPU.ActiveCfg = Release|Any CPU
		{08947D3E-1C1F-43AD-9C39-E0578799A9B9}.Release_Wonikqnc|Any CPU.Build.0 = Release|Any CPU
		{08947D3E-1C1F-43AD-9C39-E0578799A9B9}.Release|Any CPU.ActiveCfg = Release|Any CPU
		{08947D3E-1C1F-43AD-9C39-E0578799A9B9}.Release|Any CPU.Build.0 = Release|Any CPU
		{B0682D73-8B2D-433E-8C93-4A30AD56ABA5}.Debug|Any CPU.ActiveCfg = Debug|Any CPU
		{B0682D73-8B2D-433E-8C93-4A30AD56ABA5}.Debug|Any CPU.Build.0 = Debug|Any CPU
		{B0682D73-8B2D-433E-8C93-4A30AD56ABA5}.Release_Kakao|Any CPU.ActiveCfg = Release|Any CPU
		{B0682D73-8B2D-433E-8C93-4A30AD56ABA5}.Release_Kakao|Any CPU.Build.0 = Release|Any CPU
		{B0682D73-8B2D-433E-8C93-4A30AD56ABA5}.Release_Kakaowork|Any CPU.ActiveCfg = Release|Any CPU
		{B0682D73-8B2D-433E-8C93-4A30AD56ABA5}.Release_Kakaowork|Any CPU.Build.0 = Release|Any CPU
		{B0682D73-8B2D-433E-8C93-4A30AD56ABA5}.Release_SKT_MCS|Any CPU.ActiveCfg = Release|Any CPU
		{B0682D73-8B2D-433E-8C93-4A30AD56ABA5}.Release_SKT_MCS|Any CPU.Build.0 = Release|Any CPU
		{B0682D73-8B2D-433E-8C93-4A30AD56ABA5}.Release_Soulbrain_MCS|Any CPU.ActiveCfg = Release|Any CPU
		{B0682D73-8B2D-433E-8C93-4A30AD56ABA5}.Release_Soulbrain_MCS|Any CPU.Build.0 = Release|Any CPU
		{B0682D73-8B2D-433E-8C93-4A30AD56ABA5}.Release_Soulbrain|Any CPU.ActiveCfg = Release|Any CPU
		{B0682D73-8B2D-433E-8C93-4A30AD56ABA5}.Release_Soulbrain|Any CPU.Build.0 = Release|Any CPU
		{B0682D73-8B2D-433E-8C93-4A30AD56ABA5}.Release_UNE_MCS|Any CPU.ActiveCfg = Release|Any CPU
		{B0682D73-8B2D-433E-8C93-4A30AD56ABA5}.Release_UNE_MCS|Any CPU.Build.0 = Release|Any CPU
		{B0682D73-8B2D-433E-8C93-4A30AD56ABA5}.Release_UnEInternal|Any CPU.ActiveCfg = Release|Any CPU
		{B0682D73-8B2D-433E-8C93-4A30AD56ABA5}.Release_UnEInternal|Any CPU.Build.0 = Release|Any CPU
		{B0682D73-8B2D-433E-8C93-4A30AD56ABA5}.Release_Wonikqnc|Any CPU.ActiveCfg = Release|Any CPU
		{B0682D73-8B2D-433E-8C93-4A30AD56ABA5}.Release_Wonikqnc|Any CPU.Build.0 = Release|Any CPU
		{B0682D73-8B2D-433E-8C93-4A30AD56ABA5}.Release|Any CPU.ActiveCfg = Release|Any CPU
		{B0682D73-8B2D-433E-8C93-4A30AD56ABA5}.Release|Any CPU.Build.0 = Release|Any CPU
		{85B50FC5-526A-4CC6-9BAE-9133B2DE6F62}.Debug|Any CPU.ActiveCfg = Debug|Any CPU
		{85B50FC5-526A-4CC6-9BAE-9133B2DE6F62}.Debug|Any CPU.Build.0 = Debug|Any CPU
		{85B50FC5-526A-4CC6-9BAE-9133B2DE6F62}.Release_Kakao|Any CPU.ActiveCfg = Release|Any CPU
		{85B50FC5-526A-4CC6-9BAE-9133B2DE6F62}.Release_Kakao|Any CPU.Build.0 = Release|Any CPU
		{85B50FC5-526A-4CC6-9BAE-9133B2DE6F62}.Release_Kakaowork|Any CPU.ActiveCfg = Release|Any CPU
		{85B50FC5-526A-4CC6-9BAE-9133B2DE6F62}.Release_Kakaowork|Any CPU.Build.0 = Release|Any CPU
		{85B50FC5-526A-4CC6-9BAE-9133B2DE6F62}.Release_SKT_MCS|Any CPU.ActiveCfg = Release|Any CPU
		{85B50FC5-526A-4CC6-9BAE-9133B2DE6F62}.Release_SKT_MCS|Any CPU.Build.0 = Release|Any CPU
		{85B50FC5-526A-4CC6-9BAE-9133B2DE6F62}.Release_Soulbrain_MCS|Any CPU.ActiveCfg = Release|Any CPU
		{85B50FC5-526A-4CC6-9BAE-9133B2DE6F62}.Release_Soulbrain_MCS|Any CPU.Build.0 = Release|Any CPU
		{85B50FC5-526A-4CC6-9BAE-9133B2DE6F62}.Release_Soulbrain|Any CPU.ActiveCfg = Release|Any CPU
		{85B50FC5-526A-4CC6-9BAE-9133B2DE6F62}.Release_Soulbrain|Any CPU.Build.0 = Release|Any CPU
		{85B50FC5-526A-4CC6-9BAE-9133B2DE6F62}.Release_UNE_MCS|Any CPU.ActiveCfg = Release|Any CPU
		{85B50FC5-526A-4CC6-9BAE-9133B2DE6F62}.Release_UNE_MCS|Any CPU.Build.0 = Release|Any CPU
		{85B50FC5-526A-4CC6-9BAE-9133B2DE6F62}.Release_UnEInternal|Any CPU.ActiveCfg = Release|Any CPU
		{85B50FC5-526A-4CC6-9BAE-9133B2DE6F62}.Release_UnEInternal|Any CPU.Build.0 = Release|Any CPU
		{85B50FC5-526A-4CC6-9BAE-9133B2DE6F62}.Release_Wonikqnc|Any CPU.ActiveCfg = Release|Any CPU
		{85B50FC5-526A-4CC6-9BAE-9133B2DE6F62}.Release_Wonikqnc|Any CPU.Build.0 = Release|Any CPU
		{85B50FC5-526A-4CC6-9BAE-9133B2DE6F62}.Release|Any CPU.ActiveCfg = Release|Any CPU
		{85B50FC5-526A-4CC6-9BAE-9133B2DE6F62}.Release|Any CPU.Build.0 = Release|Any CPU
		{4A5B441C-BE40-410E-BF18-3699BDE10388}.Debug|Any CPU.ActiveCfg = Debug|Any CPU
		{4A5B441C-BE40-410E-BF18-3699BDE10388}.Debug|Any CPU.Build.0 = Debug|Any CPU
		{4A5B441C-BE40-410E-BF18-3699BDE10388}.Release_Kakao|Any CPU.ActiveCfg = Release|Any CPU
		{4A5B441C-BE40-410E-BF18-3699BDE10388}.Release_Kakao|Any CPU.Build.0 = Release|Any CPU
		{4A5B441C-BE40-410E-BF18-3699BDE10388}.Release_Kakaowork|Any CPU.ActiveCfg = Release|Any CPU
		{4A5B441C-BE40-410E-BF18-3699BDE10388}.Release_Kakaowork|Any CPU.Build.0 = Release|Any CPU
		{4A5B441C-BE40-410E-BF18-3699BDE10388}.Release_SKT_MCS|Any CPU.ActiveCfg = Release|Any CPU
		{4A5B441C-BE40-410E-BF18-3699BDE10388}.Release_SKT_MCS|Any CPU.Build.0 = Release|Any CPU
		{4A5B441C-BE40-410E-BF18-3699BDE10388}.Release_Soulbrain_MCS|Any CPU.ActiveCfg = Release|Any CPU
		{4A5B441C-BE40-410E-BF18-3699BDE10388}.Release_Soulbrain_MCS|Any CPU.Build.0 = Release|Any CPU
		{4A5B441C-BE40-410E-BF18-3699BDE10388}.Release_Soulbrain|Any CPU.ActiveCfg = Release|Any CPU
		{4A5B441C-BE40-410E-BF18-3699BDE10388}.Release_Soulbrain|Any CPU.Build.0 = Release|Any CPU
		{4A5B441C-BE40-410E-BF18-3699BDE10388}.Release_UNE_MCS|Any CPU.ActiveCfg = Release|Any CPU
		{4A5B441C-BE40-410E-BF18-3699BDE10388}.Release_UNE_MCS|Any CPU.Build.0 = Release|Any CPU
		{4A5B441C-BE40-410E-BF18-3699BDE10388}.Release_UnEInternal|Any CPU.ActiveCfg = Release|Any CPU
		{4A5B441C-BE40-410E-BF18-3699BDE10388}.Release_UnEInternal|Any CPU.Build.0 = Release|Any CPU
		{4A5B441C-BE40-410E-BF18-3699BDE10388}.Release_Wonikqnc|Any CPU.ActiveCfg = Release|Any CPU
		{4A5B441C-BE40-410E-BF18-3699BDE10388}.Release_Wonikqnc|Any CPU.Build.0 = Release|Any CPU
		{4A5B441C-BE40-410E-BF18-3699BDE10388}.Release|Any CPU.ActiveCfg = Release|Any CPU
		{4A5B441C-BE40-410E-BF18-3699BDE10388}.Release|Any CPU.Build.0 = Release|Any CPU
		{0E967EE0-714E-4661-806C-8941C6611F39}.Debug|Any CPU.ActiveCfg = Debug|Any CPU
		{0E967EE0-714E-4661-806C-8941C6611F39}.Debug|Any CPU.Build.0 = Debug|Any CPU
		{0E967EE0-714E-4661-806C-8941C6611F39}.Release_Kakao|Any CPU.ActiveCfg = Release|Any CPU
		{0E967EE0-714E-4661-806C-8941C6611F39}.Release_Kakao|Any CPU.Build.0 = Release|Any CPU
		{0E967EE0-714E-4661-806C-8941C6611F39}.Release_Kakaowork|Any CPU.ActiveCfg = Release|Any CPU
		{0E967EE0-714E-4661-806C-8941C6611F39}.Release_Kakaowork|Any CPU.Build.0 = Release|Any CPU
		{0E967EE0-714E-4661-806C-8941C6611F39}.Release_SKT_MCS|Any CPU.ActiveCfg = Release|Any CPU
		{0E967EE0-714E-4661-806C-8941C6611F39}.Release_SKT_MCS|Any CPU.Build.0 = Release|Any CPU
		{0E967EE0-714E-4661-806C-8941C6611F39}.Release_Soulbrain_MCS|Any CPU.ActiveCfg = Release|Any CPU
		{0E967EE0-714E-4661-806C-8941C6611F39}.Release_Soulbrain_MCS|Any CPU.Build.0 = Release|Any CPU
		{0E967EE0-714E-4661-806C-8941C6611F39}.Release_Soulbrain|Any CPU.ActiveCfg = Release|Any CPU
		{0E967EE0-714E-4661-806C-8941C6611F39}.Release_Soulbrain|Any CPU.Build.0 = Release|Any CPU
		{0E967EE0-714E-4661-806C-8941C6611F39}.Release_UNE_MCS|Any CPU.ActiveCfg = Release|Any CPU
		{0E967EE0-714E-4661-806C-8941C6611F39}.Release_UNE_MCS|Any CPU.Build.0 = Release|Any CPU
		{0E967EE0-714E-4661-806C-8941C6611F39}.Release_UnEInternal|Any CPU.ActiveCfg = Release|Any CPU
		{0E967EE0-714E-4661-806C-8941C6611F39}.Release_UnEInternal|Any CPU.Build.0 = Release|Any CPU
		{0E967EE0-714E-4661-806C-8941C6611F39}.Release_Wonikqnc|Any CPU.ActiveCfg = Release|Any CPU
		{0E967EE0-714E-4661-806C-8941C6611F39}.Release_Wonikqnc|Any CPU.Build.0 = Release|Any CPU
		{0E967EE0-714E-4661-806C-8941C6611F39}.Release|Any CPU.ActiveCfg = Release|Any CPU
		{0E967EE0-714E-4661-806C-8941C6611F39}.Release|Any CPU.Build.0 = Release|Any CPU
		{2A4DBEC7-F804-44D9-A7CA-6B17C26B6334}.Debug|Any CPU.ActiveCfg = Debug|Any CPU
		{2A4DBEC7-F804-44D9-A7CA-6B17C26B6334}.Debug|Any CPU.Build.0 = Debug|Any CPU
		{2A4DBEC7-F804-44D9-A7CA-6B17C26B6334}.Release_Kakao|Any CPU.ActiveCfg = Release_Kakao|Any CPU
		{2A4DBEC7-F804-44D9-A7CA-6B17C26B6334}.Release_Kakao|Any CPU.Build.0 = Release_Kakao|Any CPU
		{2A4DBEC7-F804-44D9-A7CA-6B17C26B6334}.Release_Kakaowork|Any CPU.ActiveCfg = Release_Kakaowork|Any CPU
		{2A4DBEC7-F804-44D9-A7CA-6B17C26B6334}.Release_Kakaowork|Any CPU.Build.0 = Release_Kakaowork|Any CPU
		{2A4DBEC7-F804-44D9-A7CA-6B17C26B6334}.Release_SKT_MCS|Any CPU.ActiveCfg = Release_SKT_MCS|Any CPU
		{2A4DBEC7-F804-44D9-A7CA-6B17C26B6334}.Release_SKT_MCS|Any CPU.Build.0 = Release_SKT_MCS|Any CPU
		{2A4DBEC7-F804-44D9-A7CA-6B17C26B6334}.Release_Soulbrain_MCS|Any CPU.ActiveCfg = Release_Soulbrain_MCS|Any CPU
		{2A4DBEC7-F804-44D9-A7CA-6B17C26B6334}.Release_Soulbrain_MCS|Any CPU.Build.0 = Release_Soulbrain_MCS|Any CPU
		{2A4DBEC7-F804-44D9-A7CA-6B17C26B6334}.Release_Soulbrain|Any CPU.ActiveCfg = Release_Soulbrain_MCS|Any CPU
		{2A4DBEC7-F804-44D9-A7CA-6B17C26B6334}.Release_Soulbrain|Any CPU.Build.0 = Release_Soulbrain_MCS|Any CPU
		{2A4DBEC7-F804-44D9-A7CA-6B17C26B6334}.Release_UNE_MCS|Any CPU.ActiveCfg = Release_UNE_MCS|Any CPU
		{2A4DBEC7-F804-44D9-A7CA-6B17C26B6334}.Release_UNE_MCS|Any CPU.Build.0 = Release_UNE_MCS|Any CPU
		{2A4DBEC7-F804-44D9-A7CA-6B17C26B6334}.Release_UnEInternal|Any CPU.ActiveCfg = Release_UNE_MCS|Any CPU
		{2A4DBEC7-F804-44D9-A7CA-6B17C26B6334}.Release_UnEInternal|Any CPU.Build.0 = Release_UNE_MCS|Any CPU
		{2A4DBEC7-F804-44D9-A7CA-6B17C26B6334}.Release_Wonikqnc|Any CPU.ActiveCfg = Release_UNE_MCS|Any CPU
		{2A4DBEC7-F804-44D9-A7CA-6B17C26B6334}.Release_Wonikqnc|Any CPU.Build.0 = Release_UNE_MCS|Any CPU
		{2A4DBEC7-F804-44D9-A7CA-6B17C26B6334}.Release|Any CPU.ActiveCfg = Release|Any CPU
		{2A4DBEC7-F804-44D9-A7CA-6B17C26B6334}.Release|Any CPU.Build.0 = Release|Any CPU
		{6E04370C-F72C-45B7-9566-A115112E100D}.Debug|Any CPU.ActiveCfg = Debug|Any CPU
		{6E04370C-F72C-45B7-9566-A115112E100D}.Debug|Any CPU.Build.0 = Debug|Any CPU
		{6E04370C-F72C-45B7-9566-A115112E100D}.Release_Kakao|Any CPU.ActiveCfg = Release|Any CPU
		{6E04370C-F72C-45B7-9566-A115112E100D}.Release_Kakao|Any CPU.Build.0 = Release|Any CPU
		{6E04370C-F72C-45B7-9566-A115112E100D}.Release_Kakaowork|Any CPU.ActiveCfg = Release|Any CPU
		{6E04370C-F72C-45B7-9566-A115112E100D}.Release_Kakaowork|Any CPU.Build.0 = Release|Any CPU
		{6E04370C-F72C-45B7-9566-A115112E100D}.Release_SKT_MCS|Any CPU.ActiveCfg = Release|Any CPU
		{6E04370C-F72C-45B7-9566-A115112E100D}.Release_SKT_MCS|Any CPU.Build.0 = Release|Any CPU
		{6E04370C-F72C-45B7-9566-A115112E100D}.Release_Soulbrain_MCS|Any CPU.ActiveCfg = Release|Any CPU
		{6E04370C-F72C-45B7-9566-A115112E100D}.Release_Soulbrain_MCS|Any CPU.Build.0 = Release|Any CPU
		{6E04370C-F72C-45B7-9566-A115112E100D}.Release_Soulbrain|Any CPU.ActiveCfg = Release|Any CPU
		{6E04370C-F72C-45B7-9566-A115112E100D}.Release_Soulbrain|Any CPU.Build.0 = Release|Any CPU
		{6E04370C-F72C-45B7-9566-A115112E100D}.Release_UNE_MCS|Any CPU.ActiveCfg = Release|Any CPU
		{6E04370C-F72C-45B7-9566-A115112E100D}.Release_UNE_MCS|Any CPU.Build.0 = Release|Any CPU
		{6E04370C-F72C-45B7-9566-A115112E100D}.Release_UnEInternal|Any CPU.ActiveCfg = Release|Any CPU
		{6E04370C-F72C-45B7-9566-A115112E100D}.Release_UnEInternal|Any CPU.Build.0 = Release|Any CPU
		{6E04370C-F72C-45B7-9566-A115112E100D}.Release_Wonikqnc|Any CPU.ActiveCfg = Release|Any CPU
		{6E04370C-F72C-45B7-9566-A115112E100D}.Release_Wonikqnc|Any CPU.Build.0 = Release|Any CPU
		{6E04370C-F72C-45B7-9566-A115112E100D}.Release|Any CPU.ActiveCfg = Release|Any CPU
		{6E04370C-F72C-45B7-9566-A115112E100D}.Release|Any CPU.Build.0 = Release|Any CPU
		{01264001-244A-4646-B456-E793062D2102}.Debug|Any CPU.ActiveCfg = Debug|Any CPU
		{01264001-244A-4646-B456-E793062D2102}.Debug|Any CPU.Build.0 = Debug|Any CPU
		{01264001-244A-4646-B456-E793062D2102}.Release_Kakao|Any CPU.ActiveCfg = Release|Any CPU
		{01264001-244A-4646-B456-E793062D2102}.Release_Kakao|Any CPU.Build.0 = Release|Any CPU
		{01264001-244A-4646-B456-E793062D2102}.Release_Kakaowork|Any CPU.ActiveCfg = Release|Any CPU
		{01264001-244A-4646-B456-E793062D2102}.Release_Kakaowork|Any CPU.Build.0 = Release|Any CPU
		{01264001-244A-4646-B456-E793062D2102}.Release_SKT_MCS|Any CPU.ActiveCfg = Release|Any CPU
		{01264001-244A-4646-B456-E793062D2102}.Release_SKT_MCS|Any CPU.Build.0 = Release|Any CPU
		{01264001-244A-4646-B456-E793062D2102}.Release_Soulbrain_MCS|Any CPU.ActiveCfg = Release|Any CPU
		{01264001-244A-4646-B456-E793062D2102}.Release_Soulbrain_MCS|Any CPU.Build.0 = Release|Any CPU
		{01264001-244A-4646-B456-E793062D2102}.Release_Soulbrain|Any CPU.ActiveCfg = Release|Any CPU
		{01264001-244A-4646-B456-E793062D2102}.Release_Soulbrain|Any CPU.Build.0 = Release|Any CPU
		{01264001-244A-4646-B456-E793062D2102}.Release_UNE_MCS|Any CPU.ActiveCfg = Release|Any CPU
		{01264001-244A-4646-B456-E793062D2102}.Release_UNE_MCS|Any CPU.Build.0 = Release|Any CPU
		{01264001-244A-4646-B456-E793062D2102}.Release_UnEInternal|Any CPU.ActiveCfg = Release|Any CPU
		{01264001-244A-4646-B456-E793062D2102}.Release_UnEInternal|Any CPU.Build.0 = Release|Any CPU
		{01264001-244A-4646-B456-E793062D2102}.Release_Wonikqnc|Any CPU.ActiveCfg = Release|Any CPU
		{01264001-244A-4646-B456-E793062D2102}.Release_Wonikqnc|Any CPU.Build.0 = Release|Any CPU
		{01264001-244A-4646-B456-E793062D2102}.Release|Any CPU.ActiveCfg = Release|Any CPU
		{01264001-244A-4646-B456-E793062D2102}.Release|Any CPU.Build.0 = Release|Any CPU
		{EFB6FE70-0AAE-4FB6-A934-0026A3193861}.Debug|Any CPU.ActiveCfg = Debug|Any CPU
		{EFB6FE70-0AAE-4FB6-A934-0026A3193861}.Debug|Any CPU.Build.0 = Debug|Any CPU
		{EFB6FE70-0AAE-4FB6-A934-0026A3193861}.Release_Kakao|Any CPU.ActiveCfg = Release|Any CPU
		{EFB6FE70-0AAE-4FB6-A934-0026A3193861}.Release_Kakao|Any CPU.Build.0 = Release|Any CPU
		{EFB6FE70-0AAE-4FB6-A934-0026A3193861}.Release_Kakaowork|Any CPU.ActiveCfg = Release|Any CPU
		{EFB6FE70-0AAE-4FB6-A934-0026A3193861}.Release_Kakaowork|Any CPU.Build.0 = Release|Any CPU
		{EFB6FE70-0AAE-4FB6-A934-0026A3193861}.Release_SKT_MCS|Any CPU.ActiveCfg = Release|Any CPU
		{EFB6FE70-0AAE-4FB6-A934-0026A3193861}.Release_SKT_MCS|Any CPU.Build.0 = Release|Any CPU
		{EFB6FE70-0AAE-4FB6-A934-0026A3193861}.Release_Soulbrain_MCS|Any CPU.ActiveCfg = Release|Any CPU
		{EFB6FE70-0AAE-4FB6-A934-0026A3193861}.Release_Soulbrain_MCS|Any CPU.Build.0 = Release|Any CPU
		{EFB6FE70-0AAE-4FB6-A934-0026A3193861}.Release_Soulbrain|Any CPU.ActiveCfg = Release|Any CPU
		{EFB6FE70-0AAE-4FB6-A934-0026A3193861}.Release_Soulbrain|Any CPU.Build.0 = Release|Any CPU
		{EFB6FE70-0AAE-4FB6-A934-0026A3193861}.Release_UNE_MCS|Any CPU.ActiveCfg = Release|Any CPU
		{EFB6FE70-0AAE-4FB6-A934-0026A3193861}.Release_UNE_MCS|Any CPU.Build.0 = Release|Any CPU
		{EFB6FE70-0AAE-4FB6-A934-0026A3193861}.Release_UnEInternal|Any CPU.ActiveCfg = Release|Any CPU
		{EFB6FE70-0AAE-4FB6-A934-0026A3193861}.Release_UnEInternal|Any CPU.Build.0 = Release|Any CPU
		{EFB6FE70-0AAE-4FB6-A934-0026A3193861}.Release_Wonikqnc|Any CPU.ActiveCfg = Release|Any CPU
		{EFB6FE70-0AAE-4FB6-A934-0026A3193861}.Release_Wonikqnc|Any CPU.Build.0 = Release|Any CPU
		{EFB6FE70-0AAE-4FB6-A934-0026A3193861}.Release|Any CPU.ActiveCfg = Release|Any CPU
		{EFB6FE70-0AAE-4FB6-A934-0026A3193861}.Release|Any CPU.Build.0 = Release|Any CPU
		{23235C35-ADE1-4B5B-AE77-F1BC6F655A78}.Debug|Any CPU.ActiveCfg = Debug|Any CPU
		{23235C35-ADE1-4B5B-AE77-F1BC6F655A78}.Debug|Any CPU.Build.0 = Debug|Any CPU
		{23235C35-ADE1-4B5B-AE77-F1BC6F655A78}.Release_Kakao|Any CPU.ActiveCfg = Release|Any CPU
		{23235C35-ADE1-4B5B-AE77-F1BC6F655A78}.Release_Kakao|Any CPU.Build.0 = Release|Any CPU
		{23235C35-ADE1-4B5B-AE77-F1BC6F655A78}.Release_Kakaowork|Any CPU.ActiveCfg = Release|Any CPU
		{23235C35-ADE1-4B5B-AE77-F1BC6F655A78}.Release_Kakaowork|Any CPU.Build.0 = Release|Any CPU
		{23235C35-ADE1-4B5B-AE77-F1BC6F655A78}.Release_SKT_MCS|Any CPU.ActiveCfg = Release|Any CPU
		{23235C35-ADE1-4B5B-AE77-F1BC6F655A78}.Release_SKT_MCS|Any CPU.Build.0 = Release|Any CPU
		{23235C35-ADE1-4B5B-AE77-F1BC6F655A78}.Release_Soulbrain_MCS|Any CPU.ActiveCfg = Release|Any CPU
		{23235C35-ADE1-4B5B-AE77-F1BC6F655A78}.Release_Soulbrain_MCS|Any CPU.Build.0 = Release|Any CPU
		{23235C35-ADE1-4B5B-AE77-F1BC6F655A78}.Release_Soulbrain|Any CPU.ActiveCfg = Release|Any CPU
		{23235C35-ADE1-4B5B-AE77-F1BC6F655A78}.Release_Soulbrain|Any CPU.Build.0 = Release|Any CPU
		{23235C35-ADE1-4B5B-AE77-F1BC6F655A78}.Release_UNE_MCS|Any CPU.ActiveCfg = Release|Any CPU
		{23235C35-ADE1-4B5B-AE77-F1BC6F655A78}.Release_UNE_MCS|Any CPU.Build.0 = Release|Any CPU
		{23235C35-ADE1-4B5B-AE77-F1BC6F655A78}.Release_UnEInternal|Any CPU.ActiveCfg = Release|Any CPU
		{23235C35-ADE1-4B5B-AE77-F1BC6F655A78}.Release_UnEInternal|Any CPU.Build.0 = Release|Any CPU
		{23235C35-ADE1-4B5B-AE77-F1BC6F655A78}.Release_Wonikqnc|Any CPU.ActiveCfg = Release|Any CPU
		{23235C35-ADE1-4B5B-AE77-F1BC6F655A78}.Release_Wonikqnc|Any CPU.Build.0 = Release|Any CPU
		{23235C35-ADE1-4B5B-AE77-F1BC6F655A78}.Release|Any CPU.ActiveCfg = Release|Any CPU
		{23235C35-ADE1-4B5B-AE77-F1BC6F655A78}.Release|Any CPU.Build.0 = Release|Any CPU
		{64A21611-FC22-417B-BBF7-1C9510FD2431}.Debug|Any CPU.ActiveCfg = Debug|Any CPU
		{64A21611-FC22-417B-BBF7-1C9510FD2431}.Debug|Any CPU.Build.0 = Debug|Any CPU
		{64A21611-FC22-417B-BBF7-1C9510FD2431}.Release_Kakao|Any CPU.ActiveCfg = Release|Any CPU
		{64A21611-FC22-417B-BBF7-1C9510FD2431}.Release_Kakao|Any CPU.Build.0 = Release|Any CPU
		{64A21611-FC22-417B-BBF7-1C9510FD2431}.Release_Kakaowork|Any CPU.ActiveCfg = Release|Any CPU
		{64A21611-FC22-417B-BBF7-1C9510FD2431}.Release_Kakaowork|Any CPU.Build.0 = Release|Any CPU
		{64A21611-FC22-417B-BBF7-1C9510FD2431}.Release_SKT_MCS|Any CPU.ActiveCfg = Release|Any CPU
		{64A21611-FC22-417B-BBF7-1C9510FD2431}.Release_SKT_MCS|Any CPU.Build.0 = Release|Any CPU
		{64A21611-FC22-417B-BBF7-1C9510FD2431}.Release_Soulbrain_MCS|Any CPU.ActiveCfg = Release|Any CPU
		{64A21611-FC22-417B-BBF7-1C9510FD2431}.Release_Soulbrain_MCS|Any CPU.Build.0 = Release|Any CPU
		{64A21611-FC22-417B-BBF7-1C9510FD2431}.Release_Soulbrain|Any CPU.ActiveCfg = Release|Any CPU
		{64A21611-FC22-417B-BBF7-1C9510FD2431}.Release_Soulbrain|Any CPU.Build.0 = Release|Any CPU
		{64A21611-FC22-417B-BBF7-1C9510FD2431}.Release_UNE_MCS|Any CPU.ActiveCfg = Release|Any CPU
		{64A21611-FC22-417B-BBF7-1C9510FD2431}.Release_UNE_MCS|Any CPU.Build.0 = Release|Any CPU
		{64A21611-FC22-417B-BBF7-1C9510FD2431}.Release_UnEInternal|Any CPU.ActiveCfg = Release|Any CPU
		{64A21611-FC22-417B-BBF7-1C9510FD2431}.Release_UnEInternal|Any CPU.Build.0 = Release|Any CPU
		{64A21611-FC22-417B-BBF7-1C9510FD2431}.Release_Wonikqnc|Any CPU.ActiveCfg = Release|Any CPU
		{64A21611-FC22-417B-BBF7-1C9510FD2431}.Release_Wonikqnc|Any CPU.Build.0 = Release|Any CPU
		{64A21611-FC22-417B-BBF7-1C9510FD2431}.Release|Any CPU.ActiveCfg = Release|Any CPU
		{64A21611-FC22-417B-BBF7-1C9510FD2431}.Release|Any CPU.Build.0 = Release|Any CPU
		{60C1634C-8D87-4E7B-8477-9FDB03791B40}.Debug|Any CPU.ActiveCfg = Debug|Any CPU
		{60C1634C-8D87-4E7B-8477-9FDB03791B40}.Debug|Any CPU.Build.0 = Debug|Any CPU
		{60C1634C-8D87-4E7B-8477-9FDB03791B40}.Release_Kakao|Any CPU.ActiveCfg = Release|Any CPU
		{60C1634C-8D87-4E7B-8477-9FDB03791B40}.Release_Kakao|Any CPU.Build.0 = Release|Any CPU
		{60C1634C-8D87-4E7B-8477-9FDB03791B40}.Release_Kakaowork|Any CPU.ActiveCfg = Release|Any CPU
		{60C1634C-8D87-4E7B-8477-9FDB03791B40}.Release_Kakaowork|Any CPU.Build.0 = Release|Any CPU
		{60C1634C-8D87-4E7B-8477-9FDB03791B40}.Release_SKT_MCS|Any CPU.ActiveCfg = Release|Any CPU
		{60C1634C-8D87-4E7B-8477-9FDB03791B40}.Release_SKT_MCS|Any CPU.Build.0 = Release|Any CPU
		{60C1634C-8D87-4E7B-8477-9FDB03791B40}.Release_Soulbrain_MCS|Any CPU.ActiveCfg = Release|Any CPU
		{60C1634C-8D87-4E7B-8477-9FDB03791B40}.Release_Soulbrain_MCS|Any CPU.Build.0 = Release|Any CPU
		{60C1634C-8D87-4E7B-8477-9FDB03791B40}.Release_Soulbrain|Any CPU.ActiveCfg = Release|Any CPU
		{60C1634C-8D87-4E7B-8477-9FDB03791B40}.Release_Soulbrain|Any CPU.Build.0 = Release|Any CPU
		{60C1634C-8D87-4E7B-8477-9FDB03791B40}.Release_UNE_MCS|Any CPU.ActiveCfg = Release|Any CPU
		{60C1634C-8D87-4E7B-8477-9FDB03791B40}.Release_UNE_MCS|Any CPU.Build.0 = Release|Any CPU
		{60C1634C-8D87-4E7B-8477-9FDB03791B40}.Release_UnEInternal|Any CPU.ActiveCfg = Release|Any CPU
		{60C1634C-8D87-4E7B-8477-9FDB03791B40}.Release_UnEInternal|Any CPU.Build.0 = Release|Any CPU
		{60C1634C-8D87-4E7B-8477-9FDB03791B40}.Release_Wonikqnc|Any CPU.ActiveCfg = Release|Any CPU
		{60C1634C-8D87-4E7B-8477-9FDB03791B40}.Release_Wonikqnc|Any CPU.Build.0 = Release|Any CPU
		{60C1634C-8D87-4E7B-8477-9FDB03791B40}.Release|Any CPU.ActiveCfg = Release|Any CPU
		{60C1634C-8D87-4E7B-8477-9FDB03791B40}.Release|Any CPU.Build.0 = Release|Any CPU
		{AB9CD70A-6604-4E08-A64F-F299E9E94503}.Debug|Any CPU.ActiveCfg = Debug|Any CPU
		{AB9CD70A-6604-4E08-A64F-F299E9E94503}.Debug|Any CPU.Build.0 = Debug|Any CPU
		{AB9CD70A-6604-4E08-A64F-F299E9E94503}.Release_Kakao|Any CPU.ActiveCfg = Release|Any CPU
		{AB9CD70A-6604-4E08-A64F-F299E9E94503}.Release_Kakao|Any CPU.Build.0 = Release|Any CPU
		{AB9CD70A-6604-4E08-A64F-F299E9E94503}.Release_Kakaowork|Any CPU.ActiveCfg = Release|Any CPU
		{AB9CD70A-6604-4E08-A64F-F299E9E94503}.Release_Kakaowork|Any CPU.Build.0 = Release|Any CPU
		{AB9CD70A-6604-4E08-A64F-F299E9E94503}.Release_SKT_MCS|Any CPU.ActiveCfg = Release|Any CPU
		{AB9CD70A-6604-4E08-A64F-F299E9E94503}.Release_SKT_MCS|Any CPU.Build.0 = Release|Any CPU
		{AB9CD70A-6604-4E08-A64F-F299E9E94503}.Release_Soulbrain_MCS|Any CPU.ActiveCfg = Release|Any CPU
		{AB9CD70A-6604-4E08-A64F-F299E9E94503}.Release_Soulbrain_MCS|Any CPU.Build.0 = Release|Any CPU
		{AB9CD70A-6604-4E08-A64F-F299E9E94503}.Release_Soulbrain|Any CPU.ActiveCfg = Release|Any CPU
		{AB9CD70A-6604-4E08-A64F-F299E9E94503}.Release_Soulbrain|Any CPU.Build.0 = Release|Any CPU
		{AB9CD70A-6604-4E08-A64F-F299E9E94503}.Release_UNE_MCS|Any CPU.ActiveCfg = Release|Any CPU
		{AB9CD70A-6604-4E08-A64F-F299E9E94503}.Release_UNE_MCS|Any CPU.Build.0 = Release|Any CPU
		{AB9CD70A-6604-4E08-A64F-F299E9E94503}.Release_UnEInternal|Any CPU.ActiveCfg = Release|Any CPU
		{AB9CD70A-6604-4E08-A64F-F299E9E94503}.Release_UnEInternal|Any CPU.Build.0 = Release|Any CPU
		{AB9CD70A-6604-4E08-A64F-F299E9E94503}.Release_Wonikqnc|Any CPU.ActiveCfg = Release|Any CPU
		{AB9CD70A-6604-4E08-A64F-F299E9E94503}.Release_Wonikqnc|Any CPU.Build.0 = Release|Any CPU
		{AB9CD70A-6604-4E08-A64F-F299E9E94503}.Release|Any CPU.ActiveCfg = Release|Any CPU
		{AB9CD70A-6604-4E08-A64F-F299E9E94503}.Release|Any CPU.Build.0 = Release|Any CPU
		{661A99D3-E789-4DC1-9B49-083D6C4FCE84}.Debug|Any CPU.ActiveCfg = Debug|Any CPU
		{661A99D3-E789-4DC1-9B49-083D6C4FCE84}.Debug|Any CPU.Build.0 = Debug|Any CPU
		{661A99D3-E789-4DC1-9B49-083D6C4FCE84}.Release_Kakao|Any CPU.ActiveCfg = Release|Any CPU
		{661A99D3-E789-4DC1-9B49-083D6C4FCE84}.Release_Kakao|Any CPU.Build.0 = Release|Any CPU
		{661A99D3-E789-4DC1-9B49-083D6C4FCE84}.Release_Kakaowork|Any CPU.ActiveCfg = Release|Any CPU
		{661A99D3-E789-4DC1-9B49-083D6C4FCE84}.Release_Kakaowork|Any CPU.Build.0 = Release|Any CPU
		{661A99D3-E789-4DC1-9B49-083D6C4FCE84}.Release_SKT_MCS|Any CPU.ActiveCfg = Release|Any CPU
		{661A99D3-E789-4DC1-9B49-083D6C4FCE84}.Release_SKT_MCS|Any CPU.Build.0 = Release|Any CPU
		{661A99D3-E789-4DC1-9B49-083D6C4FCE84}.Release_Soulbrain_MCS|Any CPU.ActiveCfg = Release|Any CPU
		{661A99D3-E789-4DC1-9B49-083D6C4FCE84}.Release_Soulbrain_MCS|Any CPU.Build.0 = Release|Any CPU
		{661A99D3-E789-4DC1-9B49-083D6C4FCE84}.Release_Soulbrain|Any CPU.ActiveCfg = Release|Any CPU
		{661A99D3-E789-4DC1-9B49-083D6C4FCE84}.Release_Soulbrain|Any CPU.Build.0 = Release|Any CPU
		{661A99D3-E789-4DC1-9B49-083D6C4FCE84}.Release_UNE_MCS|Any CPU.ActiveCfg = Release|Any CPU
		{661A99D3-E789-4DC1-9B49-083D6C4FCE84}.Release_UNE_MCS|Any CPU.Build.0 = Release|Any CPU
		{661A99D3-E789-4DC1-9B49-083D6C4FCE84}.Release_UnEInternal|Any CPU.ActiveCfg = Release|Any CPU
		{661A99D3-E789-4DC1-9B49-083D6C4FCE84}.Release_UnEInternal|Any CPU.Build.0 = Release|Any CPU
		{661A99D3-E789-4DC1-9B49-083D6C4FCE84}.Release_Wonikqnc|Any CPU.ActiveCfg = Release|Any CPU
		{661A99D3-E789-4DC1-9B49-083D6C4FCE84}.Release_Wonikqnc|Any CPU.Build.0 = Release|Any CPU
		{661A99D3-E789-4DC1-9B49-083D6C4FCE84}.Release|Any CPU.ActiveCfg = Release|Any CPU
		{661A99D3-E789-4DC1-9B49-083D6C4FCE84}.Release|Any CPU.Build.0 = Release|Any CPU
		{35A5999F-C8A5-42DB-B4A7-BC834BBECA69}.Debug|Any CPU.ActiveCfg = Debug|Any CPU
		{35A5999F-C8A5-42DB-B4A7-BC834BBECA69}.Debug|Any CPU.Build.0 = Debug|Any CPU
		{35A5999F-C8A5-42DB-B4A7-BC834BBECA69}.Release_Kakao|Any CPU.ActiveCfg = Release|Any CPU
		{35A5999F-C8A5-42DB-B4A7-BC834BBECA69}.Release_Kakao|Any CPU.Build.0 = Release|Any CPU
		{35A5999F-C8A5-42DB-B4A7-BC834BBECA69}.Release_Kakaowork|Any CPU.ActiveCfg = Release|Any CPU
		{35A5999F-C8A5-42DB-B4A7-BC834BBECA69}.Release_Kakaowork|Any CPU.Build.0 = Release|Any CPU
		{35A5999F-C8A5-42DB-B4A7-BC834BBECA69}.Release_SKT_MCS|Any CPU.ActiveCfg = Release|Any CPU
		{35A5999F-C8A5-42DB-B4A7-BC834BBECA69}.Release_SKT_MCS|Any CPU.Build.0 = Release|Any CPU
		{35A5999F-C8A5-42DB-B4A7-BC834BBECA69}.Release_Soulbrain_MCS|Any CPU.ActiveCfg = Release|Any CPU
		{35A5999F-C8A5-42DB-B4A7-BC834BBECA69}.Release_Soulbrain_MCS|Any CPU.Build.0 = Release|Any CPU
		{35A5999F-C8A5-42DB-B4A7-BC834BBECA69}.Release_Soulbrain|Any CPU.ActiveCfg = Release|Any CPU
		{35A5999F-C8A5-42DB-B4A7-BC834BBECA69}.Release_Soulbrain|Any CPU.Build.0 = Release|Any CPU
		{35A5999F-C8A5-42DB-B4A7-BC834BBECA69}.Release_UNE_MCS|Any CPU.ActiveCfg = Release|Any CPU
		{35A5999F-C8A5-42DB-B4A7-BC834BBECA69}.Release_UNE_MCS|Any CPU.Build.0 = Release|Any CPU
		{35A5999F-C8A5-42DB-B4A7-BC834BBECA69}.Release_UnEInternal|Any CPU.ActiveCfg = Release|Any CPU
		{35A5999F-C8A5-42DB-B4A7-BC834BBECA69}.Release_UnEInternal|Any CPU.Build.0 = Release|Any CPU
		{35A5999F-C8A5-42DB-B4A7-BC834BBECA69}.Release_Wonikqnc|Any CPU.ActiveCfg = Release|Any CPU
		{35A5999F-C8A5-42DB-B4A7-BC834BBECA69}.Release_Wonikqnc|Any CPU.Build.0 = Release|Any CPU
		{35A5999F-C8A5-42DB-B4A7-BC834BBECA69}.Release|Any CPU.ActiveCfg = Release|Any CPU
		{35A5999F-C8A5-42DB-B4A7-BC834BBECA69}.Release|Any CPU.Build.0 = Release|Any CPU
		{BA83C944-A891-4C57-968C-C063113C75E2}.Debug|Any CPU.ActiveCfg = Debug|Any CPU
		{BA83C944-A891-4C57-968C-C063113C75E2}.Debug|Any CPU.Build.0 = Debug|Any CPU
		{BA83C944-A891-4C57-968C-C063113C75E2}.Release_Kakao|Any CPU.ActiveCfg = Release|Any CPU
		{BA83C944-A891-4C57-968C-C063113C75E2}.Release_Kakao|Any CPU.Build.0 = Release|Any CPU
		{BA83C944-A891-4C57-968C-C063113C75E2}.Release_Kakaowork|Any CPU.ActiveCfg = Release|Any CPU
		{BA83C944-A891-4C57-968C-C063113C75E2}.Release_Kakaowork|Any CPU.Build.0 = Release|Any CPU
		{BA83C944-A891-4C57-968C-C063113C75E2}.Release_SKT_MCS|Any CPU.ActiveCfg = Release|Any CPU
		{BA83C944-A891-4C57-968C-C063113C75E2}.Release_SKT_MCS|Any CPU.Build.0 = Release|Any CPU
		{BA83C944-A891-4C57-968C-C063113C75E2}.Release_Soulbrain_MCS|Any CPU.ActiveCfg = Release|Any CPU
		{BA83C944-A891-4C57-968C-C063113C75E2}.Release_Soulbrain_MCS|Any CPU.Build.0 = Release|Any CPU
		{BA83C944-A891-4C57-968C-C063113C75E2}.Release_Soulbrain|Any CPU.ActiveCfg = Release|Any CPU
		{BA83C944-A891-4C57-968C-C063113C75E2}.Release_Soulbrain|Any CPU.Build.0 = Release|Any CPU
		{BA83C944-A891-4C57-968C-C063113C75E2}.Release_UNE_MCS|Any CPU.ActiveCfg = Release|Any CPU
		{BA83C944-A891-4C57-968C-C063113C75E2}.Release_UNE_MCS|Any CPU.Build.0 = Release|Any CPU
		{BA83C944-A891-4C57-968C-C063113C75E2}.Release_UnEInternal|Any CPU.ActiveCfg = Release|Any CPU
		{BA83C944-A891-4C57-968C-C063113C75E2}.Release_UnEInternal|Any CPU.Build.0 = Release|Any CPU
		{BA83C944-A891-4C57-968C-C063113C75E2}.Release_Wonikqnc|Any CPU.ActiveCfg = Release|Any CPU
		{BA83C944-A891-4C57-968C-C063113C75E2}.Release_Wonikqnc|Any CPU.Build.0 = Release|Any CPU
		{BA83C944-A891-4C57-968C-C063113C75E2}.Release|Any CPU.ActiveCfg = Release|Any CPU
		{BA83C944-A891-4C57-968C-C063113C75E2}.Release|Any CPU.Build.0 = Release|Any CPU
		{4A9B909D-17EC-48FA-B1CD-0584D9B1263B}.Debug|Any CPU.ActiveCfg = Debug|Any CPU
		{4A9B909D-17EC-48FA-B1CD-0584D9B1263B}.Debug|Any CPU.Build.0 = Debug|Any CPU
		{4A9B909D-17EC-48FA-B1CD-0584D9B1263B}.Release_Kakao|Any CPU.ActiveCfg = Release|Any CPU
		{4A9B909D-17EC-48FA-B1CD-0584D9B1263B}.Release_Kakao|Any CPU.Build.0 = Release|Any CPU
		{4A9B909D-17EC-48FA-B1CD-0584D9B1263B}.Release_Kakaowork|Any CPU.ActiveCfg = Release|Any CPU
		{4A9B909D-17EC-48FA-B1CD-0584D9B1263B}.Release_Kakaowork|Any CPU.Build.0 = Release|Any CPU
		{4A9B909D-17EC-48FA-B1CD-0584D9B1263B}.Release_SKT_MCS|Any CPU.ActiveCfg = Release|Any CPU
		{4A9B909D-17EC-48FA-B1CD-0584D9B1263B}.Release_SKT_MCS|Any CPU.Build.0 = Release|Any CPU
		{4A9B909D-17EC-48FA-B1CD-0584D9B1263B}.Release_Soulbrain_MCS|Any CPU.ActiveCfg = Release|Any CPU
		{4A9B909D-17EC-48FA-B1CD-0584D9B1263B}.Release_Soulbrain_MCS|Any CPU.Build.0 = Release|Any CPU
		{4A9B909D-17EC-48FA-B1CD-0584D9B1263B}.Release_Soulbrain|Any CPU.ActiveCfg = Release|Any CPU
		{4A9B909D-17EC-48FA-B1CD-0584D9B1263B}.Release_Soulbrain|Any CPU.Build.0 = Release|Any CPU
		{4A9B909D-17EC-48FA-B1CD-0584D9B1263B}.Release_UNE_MCS|Any CPU.ActiveCfg = Release|Any CPU
		{4A9B909D-17EC-48FA-B1CD-0584D9B1263B}.Release_UNE_MCS|Any CPU.Build.0 = Release|Any CPU
		{4A9B909D-17EC-48FA-B1CD-0584D9B1263B}.Release_UnEInternal|Any CPU.ActiveCfg = Release|Any CPU
		{4A9B909D-17EC-48FA-B1CD-0584D9B1263B}.Release_UnEInternal|Any CPU.Build.0 = Release|Any CPU
		{4A9B909D-17EC-48FA-B1CD-0584D9B1263B}.Release_Wonikqnc|Any CPU.ActiveCfg = Release|Any CPU
		{4A9B909D-17EC-48FA-B1CD-0584D9B1263B}.Release_Wonikqnc|Any CPU.Build.0 = Release|Any CPU
		{4A9B909D-17EC-48FA-B1CD-0584D9B1263B}.Release|Any CPU.ActiveCfg = Release|Any CPU
		{4A9B909D-17EC-48FA-B1CD-0584D9B1263B}.Release|Any CPU.Build.0 = Release|Any CPU
	EndGlobalSection
	GlobalSection(SolutionProperties) = preSolution
		HideSolutionNode = FALSE
	EndGlobalSection
	GlobalSection(NestedProjects) = preSolution
		{BA211D8F-0BD4-4A47-AA1B-4867696F8139} = {F992775F-E59F-49E5-AA7F-A693F25C8DAA}
		{8FA517DD-0F84-4D9A-B473-901D7873EB68} = {381DED71-0023-4759-82AB-8D5694B04C64}
		{01CA95E8-631C-483A-BD5D-C6A2BBBC5904} = {57CA2D39-ED93-4BB9-94DF-DCC0A21DF756}
		{D90B9DBF-B875-4E01-8619-FE1D1C0491B2} = {826B6015-5898-45B0-B79E-8CE47D45EB4D}
		{260985A2-61EB-4699-8E64-003C76BDDF47} = {826B6015-5898-45B0-B79E-8CE47D45EB4D}
		{07EC73F5-F5EE-4DB7-BB5C-78CB0221F141} = {826B6015-5898-45B0-B79E-8CE47D45EB4D}
		{B1D253BA-0A8C-4851-84D0-C8127D6F55D7} = {02D3B6EF-91DD-4665-92D8-B613842268DD}
		{0D9941A8-5146-433B-B71B-C5386A790091} = {02D3B6EF-91DD-4665-92D8-B613842268DD}
		{1D190345-D0DA-4AE1-A723-5172F998468D} = {6F02D16E-79E1-4141-B068-BB51F1AB1000}
		{AD47BE3A-1099-49FE-9A65-F7A529210D60} = {02D3B6EF-91DD-4665-92D8-B613842268DD}
		{FE7C9767-F716-463A-8758-CE232E3DF500} = {02D3B6EF-91DD-4665-92D8-B613842268DD}
		{BBB02A81-8C84-4606-9D04-B1689EF2A673} = {02D3B6EF-91DD-4665-92D8-B613842268DD}
		{08947D3E-1C1F-43AD-9C39-E0578799A9B9} = {02D3B6EF-91DD-4665-92D8-B613842268DD}
		{B0682D73-8B2D-433E-8C93-4A30AD56ABA5} = {02D3B6EF-91DD-4665-92D8-B613842268DD}
		{85B50FC5-526A-4CC6-9BAE-9133B2DE6F62} = {02D3B6EF-91DD-4665-92D8-B613842268DD}
		{4A5B441C-BE40-410E-BF18-3699BDE10388} = {02D3B6EF-91DD-4665-92D8-B613842268DD}
		{0E967EE0-714E-4661-806C-8941C6611F39} = {02D3B6EF-91DD-4665-92D8-B613842268DD}
		{2A4DBEC7-F804-44D9-A7CA-6B17C26B6334} = {826B6015-5898-45B0-B79E-8CE47D45EB4D}
		{6E04370C-F72C-45B7-9566-A115112E100D} = {02D3B6EF-91DD-4665-92D8-B613842268DD}
		{01264001-244A-4646-B456-E793062D2102} = {02D3B6EF-91DD-4665-92D8-B613842268DD}
		{EFB6FE70-0AAE-4FB6-A934-0026A3193861} = {02D3B6EF-91DD-4665-92D8-B613842268DD}
		{23235C35-ADE1-4B5B-AE77-F1BC6F655A78} = {02D3B6EF-91DD-4665-92D8-B613842268DD}
		{64A21611-FC22-417B-BBF7-1C9510FD2431} = {826B6015-5898-45B0-B79E-8CE47D45EB4D}
		{60C1634C-8D87-4E7B-8477-9FDB03791B40} = {02D3B6EF-91DD-4665-92D8-B613842268DD}
		{AB9CD70A-6604-4E08-A64F-F299E9E94503} = {02D3B6EF-91DD-4665-92D8-B613842268DD}
		{661A99D3-E789-4DC1-9B49-083D6C4FCE84} = {F992775F-E59F-49E5-AA7F-A693F25C8DAA}
		{35A5999F-C8A5-42DB-B4A7-BC834BBECA69} = {02D3B6EF-91DD-4665-92D8-B613842268DD}
		{BA83C944-A891-4C57-968C-C063113C75E2} = {02D3B6EF-91DD-4665-92D8-B613842268DD}
		{4A9B909D-17EC-48FA-B1CD-0584D9B1263B} = {826B6015-5898-45B0-B79E-8CE47D45EB4D}
	EndGlobalSection
	GlobalSection(ExtensibilityGlobals) = postSolution
		SolutionGuid = {C466C9B0-367F-4B85-8249-799B775929B6}
	EndGlobalSection
EndGlobal
