
Microsoft Visual Studio Solution File, Format Version 12.00
Project("{FAE04EC0-301F-11D3-BF4B-00C04F79EFBC}") = "GwangyangSensorService", "GwangyangSensorService\GwangyangSensorService.csproj", "{E34B1AB4-796B-4A2A-969D-531B570270BA}"
EndProject
Project("{2150E333-8FDC-42A3-9474-1A3956D46DE8}") = "Model", "Model", "{1F02A63D-5627-4E02-AAB5-4D7B38EAC127}"
EndProject
Project("{2150E333-8FDC-42A3-9474-1A3956D46DE8}") = "Base", "Base", "{7591717B-0AAE-4B9D-8377-95D238221E3F}"
EndProject
Project("{FAE04EC0-301F-11D3-BF4B-00C04F79EFBC}") = "Base.Model", "..\..\Base\Base.Model\Base.Model.csproj", "{5B8A4A3D-6206-408F-86D6-2B3C0BB40A33}"
EndProject
Project("{2150E333-8FDC-42A3-9474-1A3956D46DE8}") = "Gwangyang", "Gwangyang", "{1818FD1B-6E27-4304-9292-500B9E99D0C6}"
EndProject
Project("{FAE04EC0-301F-11D3-BF4B-00C04F79EFBC}") = "GwangYang.Model", "..\GwangYang.Model\GwangYang.Model.csproj", "{28B90AB2-20E6-45CD-82D8-02DD807680D1}"
EndProject
Project("{2150E333-8FDC-42A3-9474-1A3956D46DE8}") = "Persistence", "Persistence", "{680372A7-2EA7-431D-9B94-B081A130FD8C}"
EndProject
Project("{FAE04EC0-301F-11D3-BF4B-00C04F79EFBC}") = "dnsData2", "..\..\Utility\dnsData\dnsData2.csproj", "{9256606F-B1F4-4833-B1D7-674341D3ECA5}"
EndProject
Project("{FAE04EC0-301F-11D3-BF4B-00C04F79EFBC}") = "dnsDapperDBUtil", "..\..\..\..\esdk\dnsDapperDBUtil\dnsDapperDBUtil\dnsDapperDBUtil.csproj", "{A421EFA2-35B6-406A-880F-FF9101FFCC3E}"
EndProject
Global
	GlobalSection(SolutionConfigurationPlatforms) = preSolution
		Debug|Any CPU = Debug|Any CPU
		Release|Any CPU = Release|Any CPU
	EndGlobalSection
	GlobalSection(ProjectConfigurationPlatforms) = postSolution
		{E34B1AB4-796B-4A2A-969D-531B570270BA}.Debug|Any CPU.ActiveCfg = Debug|Any CPU
		{E34B1AB4-796B-4A2A-969D-531B570270BA}.Debug|Any CPU.Build.0 = Debug|Any CPU
		{E34B1AB4-796B-4A2A-969D-531B570270BA}.Release|Any CPU.ActiveCfg = Release|Any CPU
		{E34B1AB4-796B-4A2A-969D-531B570270BA}.Release|Any CPU.Build.0 = Release|Any CPU
		{5B8A4A3D-6206-408F-86D6-2B3C0BB40A33}.Debug|Any CPU.ActiveCfg = Debug|Any CPU
		{5B8A4A3D-6206-408F-86D6-2B3C0BB40A33}.Debug|Any CPU.Build.0 = Debug|Any CPU
		{5B8A4A3D-6206-408F-86D6-2B3C0BB40A33}.Release|Any CPU.ActiveCfg = Release|Any CPU
		{5B8A4A3D-6206-408F-86D6-2B3C0BB40A33}.Release|Any CPU.Build.0 = Release|Any CPU
		{28B90AB2-20E6-45CD-82D8-02DD807680D1}.Debug|Any CPU.ActiveCfg = Debug|Any CPU
		{28B90AB2-20E6-45CD-82D8-02DD807680D1}.Debug|Any CPU.Build.0 = Debug|Any CPU
		{28B90AB2-20E6-45CD-82D8-02DD807680D1}.Release|Any CPU.ActiveCfg = Release|Any CPU
		{28B90AB2-20E6-45CD-82D8-02DD807680D1}.Release|Any CPU.Build.0 = Release|Any CPU
		{9256606F-B1F4-4833-B1D7-674341D3ECA5}.Debug|Any CPU.ActiveCfg = Debug|Any CPU
		{9256606F-B1F4-4833-B1D7-674341D3ECA5}.Debug|Any CPU.Build.0 = Debug|Any CPU
		{9256606F-B1F4-4833-B1D7-674341D3ECA5}.Release|Any CPU.ActiveCfg = Release|Any CPU
		{9256606F-B1F4-4833-B1D7-674341D3ECA5}.Release|Any CPU.Build.0 = Release|Any CPU
		{A421EFA2-35B6-406A-880F-FF9101FFCC3E}.Debug|Any CPU.ActiveCfg = Debug|Any CPU
		{A421EFA2-35B6-406A-880F-FF9101FFCC3E}.Debug|Any CPU.Build.0 = Debug|Any CPU
		{A421EFA2-35B6-406A-880F-FF9101FFCC3E}.Release|Any CPU.ActiveCfg = Release|Any CPU
		{A421EFA2-35B6-406A-880F-FF9101FFCC3E}.Release|Any CPU.Build.0 = Release|Any CPU
	EndGlobalSection
	GlobalSection(NestedProjects) = preSolution
		{7591717B-0AAE-4B9D-8377-95D238221E3F} = {1F02A63D-5627-4E02-AAB5-4D7B38EAC127}
		{5B8A4A3D-6206-408F-86D6-2B3C0BB40A33} = {7591717B-0AAE-4B9D-8377-95D238221E3F}
		{1818FD1B-6E27-4304-9292-500B9E99D0C6} = {1F02A63D-5627-4E02-AAB5-4D7B38EAC127}
		{28B90AB2-20E6-45CD-82D8-02DD807680D1} = {1818FD1B-6E27-4304-9292-500B9E99D0C6}
		{9256606F-B1F4-4833-B1D7-674341D3ECA5} = {680372A7-2EA7-431D-9B94-B081A130FD8C}
		{A421EFA2-35B6-406A-880F-FF9101FFCC3E} = {680372A7-2EA7-431D-9B94-B081A130FD8C}
	EndGlobalSection
EndGlobal
