
Microsoft Visual Studio Solution File, Format Version 12.00
# Visual Studio Version 16
VisualStudioVersion = 16.0.36227.6
MinimumVisualStudioVersion = 10.0.40219.1
Project("{9A19103F-16F7-4668-BE54-9A1E7A4F7556}") = "SensorControlServer", "..\..\Base\SensorControlServer\SensorControlServer\SensorControlServer.csproj", "{956D82D7-7F92-4A36-9539-A687BFA71BA2}"
EndProject
Project("{9A19103F-16F7-4668-BE54-9A1E7A4F7556}") = "SensorControlService", "..\..\Base\SensorControlServer\SensorControlService\SensorControlService.csproj", "{6313D602-4080-4386-98BF-57B8B262DC2D}"
EndProject
Project("{9A19103F-16F7-4668-BE54-9A1E7A4F7556}") = "ProcessReader", "..\..\Base\SensorControlServer\ProcessReader\ProcessReader.csproj", "{4B75EE35-8ED8-4336-A06F-1ADBEC41173F}"
EndProject
Project("{2150E333-8FDC-42A3-9474-1A3956D46DE8}") = "Model", "Model", "{63FE3866-E334-4304-BF0D-FC4A32E8FD95}"
EndProject
Project("{2150E333-8FDC-42A3-9474-1A3956D46DE8}") = "DAL", "DAL", "{011FAAB6-EFCD-4C20-B868-E148DD440ADE}"
EndProject
Project("{2150E333-8FDC-42A3-9474-1A3956D46DE8}") = "Utility", "Utility", "{508418BB-1905-46F2-907B-DBB0D5598E69}"
EndProject
Project("{2150E333-8FDC-42A3-9474-1A3956D46DE8}") = "SensorServer", "SensorServer", "{43CD1CB4-6B33-4337-8B0B-AF759A9E1FD2}"
EndProject
Project("{9A19103F-16F7-4668-BE54-9A1E7A4F7556}") = "Base.Model", "..\..\Base\Base.Model\Base.Model.csproj", "{58CB2ABE-1D43-4615-A7A2-D9A20AC7130D}"
EndProject
Project("{9A19103F-16F7-4668-BE54-9A1E7A4F7556}") = "Base.DAL", "..\..\Base\Base.DAL\Base.DAL.csproj", "{C612DF90-F3E8-4E7B-B8F6-7DB86E72464B}"
EndProject
Project("{9A19103F-16F7-4668-BE54-9A1E7A4F7556}") = "dnsDapperDBUtil", "..\..\..\..\esdk\dnsDapperDBUtil\dnsDapperDBUtil\dnsDapperDBUtil.csproj", "{E8BC8C50-9A74-4656-9871-21CCEF4DD012}"
EndProject
Project("{9A19103F-16F7-4668-BE54-9A1E7A4F7556}") = "dnsData2", "..\..\Utility\dnsData\dnsData2.csproj", "{CA2330C0-89E1-4040-AF67-47F6DAA7D149}"
EndProject
Project("{9A19103F-16F7-4668-BE54-9A1E7A4F7556}") = "dnsPipeHelper", "..\..\Base\SensorControlServer\dnsPipeHelper\dnsPipeHelper.csproj", "{172158D5-FA64-43A2-A085-049975BD5208}"
EndProject
Project("{9A19103F-16F7-4668-BE54-9A1E7A4F7556}") = "dnsTcpLib2", "..\..\..\..\esdk\dnsTcpLib2\dnsTcpLib2\dnsTcpLib2.csproj", "{AC022B74-FCD7-478E-A2BB-4F13BEA4EE32}"
EndProject
Project("{9A19103F-16F7-4668-BE54-9A1E7A4F7556}") = "Response", "..\..\Utility\Response\Response.csproj", "{AD5106B4-1F94-4FF7-9BE2-97C84ADD6AC4}"
EndProject
Project("{9A19103F-16F7-4668-BE54-9A1E7A4F7556}") = "dnsSensorServer", "..\..\Base\SensorControlServer\dnsSensorServer\dnsSensorServer.csproj", "{FB52ACE2-5E83-49A1-9FC5-4ECDBA3D6063}"
EndProject
Project("{9A19103F-16F7-4668-BE54-9A1E7A4F7556}") = "Eraeseeds", "Eraeseeds\Eraeseeds.csproj", "{2C61B88F-CB35-4A80-841D-3F2BF8378E24}"
EndProject
Project("{2150E333-8FDC-42A3-9474-1A3956D46DE8}") = "BLL", "BLL", "{AB46D9A0-14D9-4B3B-BFCB-577B2BB33A27}"
EndProject
Project("{9A19103F-16F7-4668-BE54-9A1E7A4F7556}") = "Kftc.BLL", "..\Kftc.BLL\Kftc.BLL.csproj", "{AFDD24D1-18B9-499F-B6A2-4FF7463D1008}"
EndProject
Project("{9A19103F-16F7-4668-BE54-9A1E7A4F7556}") = "dnsDataKftc", "..\dnsDataKftc\dnsDataKftc.csproj", "{A8781347-C2CF-4698-BA7D-A14BC144467D}"
EndProject
Project("{9A19103F-16F7-4668-BE54-9A1E7A4F7556}") = "AccessFire", "AccessFire\AccessFire.csproj", "{87259385-14EC-4B69-94F0-EBA48940B4D4}"
EndProject
Project("{9A19103F-16F7-4668-BE54-9A1E7A4F7556}") = "LampusTech", "LampusTech\LampusTech.csproj", "{4E32942E-DD1C-40DF-B1DA-4A0D28FDC00C}"
EndProject
Project("{9A19103F-16F7-4668-BE54-9A1E7A4F7556}") = "Kftc.Model", "..\Kftc.Model\Kftc.Model.csproj", "{89EEC3EC-D097-4629-8A48-95C50721B6C9}"
EndProject
Project("{9A19103F-16F7-4668-BE54-9A1E7A4F7556}") = "AccessControl", "AccessControl\AccessControl.csproj", "{3B12040B-44FD-432D-8795-5DB97333E2C8}"
EndProject
Project("{9A19103F-16F7-4668-BE54-9A1E7A4F7556}") = "AccessDoor", "AccessDoor\AccessDoor.csproj", "{A872E8AE-5964-470F-9029-8A7B33188190}"
EndProject
Project("{9A19103F-16F7-4668-BE54-9A1E7A4F7556}") = "AccessERP", "AccessERP\AccessERP.csproj", "{E6FCCED9-FB96-45A9-BA5B-3BBFF4E74CE0}"
EndProject
Project("{9A19103F-16F7-4668-BE54-9A1E7A4F7556}") = "JSParking", "JSParking\JSParking.csproj", "{296A2177-21BD-4A2D-B465-9B2A93AFDF78}"
EndProject
Global
	GlobalSection(SolutionConfigurationPlatforms) = preSolution
		Debug|Any CPU = Debug|Any CPU
		Debug|x86 = Debug|x86
		Release|Any CPU = Release|Any CPU
		Release|x86 = Release|x86
	EndGlobalSection
	GlobalSection(ProjectConfigurationPlatforms) = postSolution
		{956D82D7-7F92-4A36-9539-A687BFA71BA2}.Debug|Any CPU.ActiveCfg = Debug|Any CPU
		{956D82D7-7F92-4A36-9539-A687BFA71BA2}.Debug|Any CPU.Build.0 = Debug|Any CPU
		{956D82D7-7F92-4A36-9539-A687BFA71BA2}.Debug|x86.ActiveCfg = Debug|Any CPU
		{956D82D7-7F92-4A36-9539-A687BFA71BA2}.Debug|x86.Build.0 = Debug|Any CPU
		{956D82D7-7F92-4A36-9539-A687BFA71BA2}.Release|Any CPU.ActiveCfg = Release|Any CPU
		{956D82D7-7F92-4A36-9539-A687BFA71BA2}.Release|Any CPU.Build.0 = Release|Any CPU
		{956D82D7-7F92-4A36-9539-A687BFA71BA2}.Release|x86.ActiveCfg = Release|Any CPU
		{956D82D7-7F92-4A36-9539-A687BFA71BA2}.Release|x86.Build.0 = Release|Any CPU
		{6313D602-4080-4386-98BF-57B8B262DC2D}.Debug|Any CPU.ActiveCfg = Debug|Any CPU
		{6313D602-4080-4386-98BF-57B8B262DC2D}.Debug|Any CPU.Build.0 = Debug|Any CPU
		{6313D602-4080-4386-98BF-57B8B262DC2D}.Debug|x86.ActiveCfg = Debug|Any CPU
		{6313D602-4080-4386-98BF-57B8B262DC2D}.Debug|x86.Build.0 = Debug|Any CPU
		{6313D602-4080-4386-98BF-57B8B262DC2D}.Release|Any CPU.ActiveCfg = Release|Any CPU
		{6313D602-4080-4386-98BF-57B8B262DC2D}.Release|Any CPU.Build.0 = Release|Any CPU
		{6313D602-4080-4386-98BF-57B8B262DC2D}.Release|x86.ActiveCfg = Release|Any CPU
		{6313D602-4080-4386-98BF-57B8B262DC2D}.Release|x86.Build.0 = Release|Any CPU
		{4B75EE35-8ED8-4336-A06F-1ADBEC41173F}.Debug|Any CPU.ActiveCfg = Debug|Any CPU
		{4B75EE35-8ED8-4336-A06F-1ADBEC41173F}.Debug|Any CPU.Build.0 = Debug|Any CPU
		{4B75EE35-8ED8-4336-A06F-1ADBEC41173F}.Debug|x86.ActiveCfg = Debug|Any CPU
		{4B75EE35-8ED8-4336-A06F-1ADBEC41173F}.Debug|x86.Build.0 = Debug|Any CPU
		{4B75EE35-8ED8-4336-A06F-1ADBEC41173F}.Release|Any CPU.ActiveCfg = Release|Any CPU
		{4B75EE35-8ED8-4336-A06F-1ADBEC41173F}.Release|Any CPU.Build.0 = Release|Any CPU
		{4B75EE35-8ED8-4336-A06F-1ADBEC41173F}.Release|x86.ActiveCfg = Release|Any CPU
		{4B75EE35-8ED8-4336-A06F-1ADBEC41173F}.Release|x86.Build.0 = Release|Any CPU
		{58CB2ABE-1D43-4615-A7A2-D9A20AC7130D}.Debug|Any CPU.ActiveCfg = Debug|Any CPU
		{58CB2ABE-1D43-4615-A7A2-D9A20AC7130D}.Debug|Any CPU.Build.0 = Debug|Any CPU
		{58CB2ABE-1D43-4615-A7A2-D9A20AC7130D}.Debug|x86.ActiveCfg = Debug|x86
		{58CB2ABE-1D43-4615-A7A2-D9A20AC7130D}.Debug|x86.Build.0 = Debug|x86
		{58CB2ABE-1D43-4615-A7A2-D9A20AC7130D}.Release|Any CPU.ActiveCfg = Release|Any CPU
		{58CB2ABE-1D43-4615-A7A2-D9A20AC7130D}.Release|Any CPU.Build.0 = Release|Any CPU
		{58CB2ABE-1D43-4615-A7A2-D9A20AC7130D}.Release|x86.ActiveCfg = Release|x86
		{58CB2ABE-1D43-4615-A7A2-D9A20AC7130D}.Release|x86.Build.0 = Release|x86
		{C612DF90-F3E8-4E7B-B8F6-7DB86E72464B}.Debug|Any CPU.ActiveCfg = Debug|Any CPU
		{C612DF90-F3E8-4E7B-B8F6-7DB86E72464B}.Debug|Any CPU.Build.0 = Debug|Any CPU
		{C612DF90-F3E8-4E7B-B8F6-7DB86E72464B}.Debug|x86.ActiveCfg = Debug|Any CPU
		{C612DF90-F3E8-4E7B-B8F6-7DB86E72464B}.Debug|x86.Build.0 = Debug|Any CPU
		{C612DF90-F3E8-4E7B-B8F6-7DB86E72464B}.Release|Any CPU.ActiveCfg = Release|Any CPU
		{C612DF90-F3E8-4E7B-B8F6-7DB86E72464B}.Release|Any CPU.Build.0 = Release|Any CPU
		{C612DF90-F3E8-4E7B-B8F6-7DB86E72464B}.Release|x86.ActiveCfg = Release|Any CPU
		{C612DF90-F3E8-4E7B-B8F6-7DB86E72464B}.Release|x86.Build.0 = Release|Any CPU
		{E8BC8C50-9A74-4656-9871-21CCEF4DD012}.Debug|Any CPU.ActiveCfg = Debug|Any CPU
		{E8BC8C50-9A74-4656-9871-21CCEF4DD012}.Debug|Any CPU.Build.0 = Debug|Any CPU
		{E8BC8C50-9A74-4656-9871-21CCEF4DD012}.Debug|x86.ActiveCfg = Debug|x86
		{E8BC8C50-9A74-4656-9871-21CCEF4DD012}.Debug|x86.Build.0 = Debug|x86
		{E8BC8C50-9A74-4656-9871-21CCEF4DD012}.Release|Any CPU.ActiveCfg = Release|Any CPU
		{E8BC8C50-9A74-4656-9871-21CCEF4DD012}.Release|Any CPU.Build.0 = Release|Any CPU
		{E8BC8C50-9A74-4656-9871-21CCEF4DD012}.Release|x86.ActiveCfg = Release|x86
		{E8BC8C50-9A74-4656-9871-21CCEF4DD012}.Release|x86.Build.0 = Release|x86
		{CA2330C0-89E1-4040-AF67-47F6DAA7D149}.Debug|Any CPU.ActiveCfg = Debug|Any CPU
		{CA2330C0-89E1-4040-AF67-47F6DAA7D149}.Debug|Any CPU.Build.0 = Debug|Any CPU
		{CA2330C0-89E1-4040-AF67-47F6DAA7D149}.Debug|x86.ActiveCfg = Debug|x86
		{CA2330C0-89E1-4040-AF67-47F6DAA7D149}.Debug|x86.Build.0 = Debug|x86
		{CA2330C0-89E1-4040-AF67-47F6DAA7D149}.Release|Any CPU.ActiveCfg = Release|Any CPU
		{CA2330C0-89E1-4040-AF67-47F6DAA7D149}.Release|Any CPU.Build.0 = Release|Any CPU
		{CA2330C0-89E1-4040-AF67-47F6DAA7D149}.Release|x86.ActiveCfg = Release|x86
		{CA2330C0-89E1-4040-AF67-47F6DAA7D149}.Release|x86.Build.0 = Release|x86
		{172158D5-FA64-43A2-A085-049975BD5208}.Debug|Any CPU.ActiveCfg = Debug|Any CPU
		{172158D5-FA64-43A2-A085-049975BD5208}.Debug|Any CPU.Build.0 = Debug|Any CPU
		{172158D5-FA64-43A2-A085-049975BD5208}.Debug|x86.ActiveCfg = Debug|Any CPU
		{172158D5-FA64-43A2-A085-049975BD5208}.Debug|x86.Build.0 = Debug|Any CPU
		{172158D5-FA64-43A2-A085-049975BD5208}.Release|Any CPU.ActiveCfg = Release|Any CPU
		{172158D5-FA64-43A2-A085-049975BD5208}.Release|Any CPU.Build.0 = Release|Any CPU
		{172158D5-FA64-43A2-A085-049975BD5208}.Release|x86.ActiveCfg = Release|Any CPU
		{172158D5-FA64-43A2-A085-049975BD5208}.Release|x86.Build.0 = Release|Any CPU
		{AC022B74-FCD7-478E-A2BB-4F13BEA4EE32}.Debug|Any CPU.ActiveCfg = Debug|Any CPU
		{AC022B74-FCD7-478E-A2BB-4F13BEA4EE32}.Debug|Any CPU.Build.0 = Debug|Any CPU
		{AC022B74-FCD7-478E-A2BB-4F13BEA4EE32}.Debug|x86.ActiveCfg = Debug|Any CPU
		{AC022B74-FCD7-478E-A2BB-4F13BEA4EE32}.Debug|x86.Build.0 = Debug|Any CPU
		{AC022B74-FCD7-478E-A2BB-4F13BEA4EE32}.Release|Any CPU.ActiveCfg = Release|Any CPU
		{AC022B74-FCD7-478E-A2BB-4F13BEA4EE32}.Release|Any CPU.Build.0 = Release|Any CPU
		{AC022B74-FCD7-478E-A2BB-4F13BEA4EE32}.Release|x86.ActiveCfg = Release|Any CPU
		{AC022B74-FCD7-478E-A2BB-4F13BEA4EE32}.Release|x86.Build.0 = Release|Any CPU
		{AD5106B4-1F94-4FF7-9BE2-97C84ADD6AC4}.Debug|Any CPU.ActiveCfg = Debug|Any CPU
		{AD5106B4-1F94-4FF7-9BE2-97C84ADD6AC4}.Debug|Any CPU.Build.0 = Debug|Any CPU
		{AD5106B4-1F94-4FF7-9BE2-97C84ADD6AC4}.Debug|x86.ActiveCfg = Debug|Any CPU
		{AD5106B4-1F94-4FF7-9BE2-97C84ADD6AC4}.Debug|x86.Build.0 = Debug|Any CPU
		{AD5106B4-1F94-4FF7-9BE2-97C84ADD6AC4}.Release|Any CPU.ActiveCfg = Release|Any CPU
		{AD5106B4-1F94-4FF7-9BE2-97C84ADD6AC4}.Release|Any CPU.Build.0 = Release|Any CPU
		{AD5106B4-1F94-4FF7-9BE2-97C84ADD6AC4}.Release|x86.ActiveCfg = Release|Any CPU
		{AD5106B4-1F94-4FF7-9BE2-97C84ADD6AC4}.Release|x86.Build.0 = Release|Any CPU
		{FB52ACE2-5E83-49A1-9FC5-4ECDBA3D6063}.Debug|Any CPU.ActiveCfg = Debug|Any CPU
		{FB52ACE2-5E83-49A1-9FC5-4ECDBA3D6063}.Debug|Any CPU.Build.0 = Debug|Any CPU
		{FB52ACE2-5E83-49A1-9FC5-4ECDBA3D6063}.Debug|x86.ActiveCfg = Debug|Any CPU
		{FB52ACE2-5E83-49A1-9FC5-4ECDBA3D6063}.Debug|x86.Build.0 = Debug|Any CPU
		{FB52ACE2-5E83-49A1-9FC5-4ECDBA3D6063}.Release|Any CPU.ActiveCfg = Release|Any CPU
		{FB52ACE2-5E83-49A1-9FC5-4ECDBA3D6063}.Release|Any CPU.Build.0 = Release|Any CPU
		{FB52ACE2-5E83-49A1-9FC5-4ECDBA3D6063}.Release|x86.ActiveCfg = Release|Any CPU
		{FB52ACE2-5E83-49A1-9FC5-4ECDBA3D6063}.Release|x86.Build.0 = Release|Any CPU
		{2C61B88F-CB35-4A80-841D-3F2BF8378E24}.Debug|Any CPU.ActiveCfg = Debug|Any CPU
		{2C61B88F-CB35-4A80-841D-3F2BF8378E24}.Debug|Any CPU.Build.0 = Debug|Any CPU
		{2C61B88F-CB35-4A80-841D-3F2BF8378E24}.Debug|x86.ActiveCfg = Debug|Any CPU
		{2C61B88F-CB35-4A80-841D-3F2BF8378E24}.Debug|x86.Build.0 = Debug|Any CPU
		{2C61B88F-CB35-4A80-841D-3F2BF8378E24}.Release|Any CPU.ActiveCfg = Release|Any CPU
		{2C61B88F-CB35-4A80-841D-3F2BF8378E24}.Release|Any CPU.Build.0 = Release|Any CPU
		{2C61B88F-CB35-4A80-841D-3F2BF8378E24}.Release|x86.ActiveCfg = Release|Any CPU
		{2C61B88F-CB35-4A80-841D-3F2BF8378E24}.Release|x86.Build.0 = Release|Any CPU
		{AFDD24D1-18B9-499F-B6A2-4FF7463D1008}.Debug|Any CPU.ActiveCfg = Debug|Any CPU
		{AFDD24D1-18B9-499F-B6A2-4FF7463D1008}.Debug|Any CPU.Build.0 = Debug|Any CPU
		{AFDD24D1-18B9-499F-B6A2-4FF7463D1008}.Debug|x86.ActiveCfg = Debug|Any CPU
		{AFDD24D1-18B9-499F-B6A2-4FF7463D1008}.Debug|x86.Build.0 = Debug|Any CPU
		{AFDD24D1-18B9-499F-B6A2-4FF7463D1008}.Release|Any CPU.ActiveCfg = Release|Any CPU
		{AFDD24D1-18B9-499F-B6A2-4FF7463D1008}.Release|Any CPU.Build.0 = Release|Any CPU
		{AFDD24D1-18B9-499F-B6A2-4FF7463D1008}.Release|x86.ActiveCfg = Release|Any CPU
		{AFDD24D1-18B9-499F-B6A2-4FF7463D1008}.Release|x86.Build.0 = Release|Any CPU
		{A8781347-C2CF-4698-BA7D-A14BC144467D}.Debug|Any CPU.ActiveCfg = Debug|Any CPU
		{A8781347-C2CF-4698-BA7D-A14BC144467D}.Debug|Any CPU.Build.0 = Debug|Any CPU
		{A8781347-C2CF-4698-BA7D-A14BC144467D}.Debug|x86.ActiveCfg = Debug|Any CPU
		{A8781347-C2CF-4698-BA7D-A14BC144467D}.Debug|x86.Build.0 = Debug|Any CPU
		{A8781347-C2CF-4698-BA7D-A14BC144467D}.Release|Any CPU.ActiveCfg = Release|Any CPU
		{A8781347-C2CF-4698-BA7D-A14BC144467D}.Release|Any CPU.Build.0 = Release|Any CPU
		{A8781347-C2CF-4698-BA7D-A14BC144467D}.Release|x86.ActiveCfg = Release|Any CPU
		{A8781347-C2CF-4698-BA7D-A14BC144467D}.Release|x86.Build.0 = Release|Any CPU
		{87259385-14EC-4B69-94F0-EBA48940B4D4}.Debug|Any CPU.ActiveCfg = Debug|Any CPU
		{87259385-14EC-4B69-94F0-EBA48940B4D4}.Debug|Any CPU.Build.0 = Debug|Any CPU
		{87259385-14EC-4B69-94F0-EBA48940B4D4}.Debug|x86.ActiveCfg = Debug|Any CPU
		{87259385-14EC-4B69-94F0-EBA48940B4D4}.Debug|x86.Build.0 = Debug|Any CPU
		{87259385-14EC-4B69-94F0-EBA48940B4D4}.Release|Any CPU.ActiveCfg = Release|Any CPU
		{87259385-14EC-4B69-94F0-EBA48940B4D4}.Release|Any CPU.Build.0 = Release|Any CPU
		{87259385-14EC-4B69-94F0-EBA48940B4D4}.Release|x86.ActiveCfg = Release|Any CPU
		{87259385-14EC-4B69-94F0-EBA48940B4D4}.Release|x86.Build.0 = Release|Any CPU
		{4E32942E-DD1C-40DF-B1DA-4A0D28FDC00C}.Debug|Any CPU.ActiveCfg = Debug|Any CPU
		{4E32942E-DD1C-40DF-B1DA-4A0D28FDC00C}.Debug|Any CPU.Build.0 = Debug|Any CPU
		{4E32942E-DD1C-40DF-B1DA-4A0D28FDC00C}.Debug|x86.ActiveCfg = Debug|Any CPU
		{4E32942E-DD1C-40DF-B1DA-4A0D28FDC00C}.Debug|x86.Build.0 = Debug|Any CPU
		{4E32942E-DD1C-40DF-B1DA-4A0D28FDC00C}.Release|Any CPU.ActiveCfg = Release|Any CPU
		{4E32942E-DD1C-40DF-B1DA-4A0D28FDC00C}.Release|Any CPU.Build.0 = Release|Any CPU
		{4E32942E-DD1C-40DF-B1DA-4A0D28FDC00C}.Release|x86.ActiveCfg = Release|Any CPU
		{4E32942E-DD1C-40DF-B1DA-4A0D28FDC00C}.Release|x86.Build.0 = Release|Any CPU
		{89EEC3EC-D097-4629-8A48-95C50721B6C9}.Debug|Any CPU.ActiveCfg = Debug|Any CPU
		{89EEC3EC-D097-4629-8A48-95C50721B6C9}.Debug|Any CPU.Build.0 = Debug|Any CPU
		{89EEC3EC-D097-4629-8A48-95C50721B6C9}.Debug|x86.ActiveCfg = Debug|Any CPU
		{89EEC3EC-D097-4629-8A48-95C50721B6C9}.Debug|x86.Build.0 = Debug|Any CPU
		{89EEC3EC-D097-4629-8A48-95C50721B6C9}.Release|Any CPU.ActiveCfg = Release|Any CPU
		{89EEC3EC-D097-4629-8A48-95C50721B6C9}.Release|Any CPU.Build.0 = Release|Any CPU
		{89EEC3EC-D097-4629-8A48-95C50721B6C9}.Release|x86.ActiveCfg = Release|Any CPU
		{89EEC3EC-D097-4629-8A48-95C50721B6C9}.Release|x86.Build.0 = Release|Any CPU
		{3B12040B-44FD-432D-8795-5DB97333E2C8}.Debug|Any CPU.ActiveCfg = Debug|Any CPU
		{3B12040B-44FD-432D-8795-5DB97333E2C8}.Debug|Any CPU.Build.0 = Debug|Any CPU
		{3B12040B-44FD-432D-8795-5DB97333E2C8}.Debug|x86.ActiveCfg = Debug|Any CPU
		{3B12040B-44FD-432D-8795-5DB97333E2C8}.Debug|x86.Build.0 = Debug|Any CPU
		{3B12040B-44FD-432D-8795-5DB97333E2C8}.Release|Any CPU.ActiveCfg = Release|Any CPU
		{3B12040B-44FD-432D-8795-5DB97333E2C8}.Release|Any CPU.Build.0 = Release|Any CPU
		{3B12040B-44FD-432D-8795-5DB97333E2C8}.Release|x86.ActiveCfg = Release|Any CPU
		{3B12040B-44FD-432D-8795-5DB97333E2C8}.Release|x86.Build.0 = Release|Any CPU
		{A872E8AE-5964-470F-9029-8A7B33188190}.Debug|Any CPU.ActiveCfg = Debug|Any CPU
		{A872E8AE-5964-470F-9029-8A7B33188190}.Debug|Any CPU.Build.0 = Debug|Any CPU
		{A872E8AE-5964-470F-9029-8A7B33188190}.Debug|x86.ActiveCfg = Debug|Any CPU
		{A872E8AE-5964-470F-9029-8A7B33188190}.Debug|x86.Build.0 = Debug|Any CPU
		{A872E8AE-5964-470F-9029-8A7B33188190}.Release|Any CPU.ActiveCfg = Release|Any CPU
		{A872E8AE-5964-470F-9029-8A7B33188190}.Release|Any CPU.Build.0 = Release|Any CPU
		{A872E8AE-5964-470F-9029-8A7B33188190}.Release|x86.ActiveCfg = Release|Any CPU
		{A872E8AE-5964-470F-9029-8A7B33188190}.Release|x86.Build.0 = Release|Any CPU
		{E6FCCED9-FB96-45A9-BA5B-3BBFF4E74CE0}.Debug|Any CPU.ActiveCfg = Debug|Any CPU
		{E6FCCED9-FB96-45A9-BA5B-3BBFF4E74CE0}.Debug|Any CPU.Build.0 = Debug|Any CPU
		{E6FCCED9-FB96-45A9-BA5B-3BBFF4E74CE0}.Debug|x86.ActiveCfg = Debug|Any CPU
		{E6FCCED9-FB96-45A9-BA5B-3BBFF4E74CE0}.Debug|x86.Build.0 = Debug|Any CPU
		{E6FCCED9-FB96-45A9-BA5B-3BBFF4E74CE0}.Release|Any CPU.ActiveCfg = Release|Any CPU
		{E6FCCED9-FB96-45A9-BA5B-3BBFF4E74CE0}.Release|Any CPU.Build.0 = Release|Any CPU
		{E6FCCED9-FB96-45A9-BA5B-3BBFF4E74CE0}.Release|x86.ActiveCfg = Release|Any CPU
		{E6FCCED9-FB96-45A9-BA5B-3BBFF4E74CE0}.Release|x86.Build.0 = Release|Any CPU
		{296A2177-21BD-4A2D-B465-9B2A93AFDF78}.Debug|Any CPU.ActiveCfg = Debug|Any CPU
		{296A2177-21BD-4A2D-B465-9B2A93AFDF78}.Debug|Any CPU.Build.0 = Debug|Any CPU
		{296A2177-21BD-4A2D-B465-9B2A93AFDF78}.Debug|x86.ActiveCfg = Debug|Any CPU
		{296A2177-21BD-4A2D-B465-9B2A93AFDF78}.Debug|x86.Build.0 = Debug|Any CPU
		{296A2177-21BD-4A2D-B465-9B2A93AFDF78}.Release|Any CPU.ActiveCfg = Release|Any CPU
		{296A2177-21BD-4A2D-B465-9B2A93AFDF78}.Release|Any CPU.Build.0 = Release|Any CPU
		{296A2177-21BD-4A2D-B465-9B2A93AFDF78}.Release|x86.ActiveCfg = Release|Any CPU
		{296A2177-21BD-4A2D-B465-9B2A93AFDF78}.Release|x86.Build.0 = Release|Any CPU
	EndGlobalSection
	GlobalSection(SolutionProperties) = preSolution
		HideSolutionNode = FALSE
	EndGlobalSection
	GlobalSection(NestedProjects) = preSolution
		{58CB2ABE-1D43-4615-A7A2-D9A20AC7130D} = {63FE3866-E334-4304-BF0D-FC4A32E8FD95}
		{C612DF90-F3E8-4E7B-B8F6-7DB86E72464B} = {011FAAB6-EFCD-4C20-B868-E148DD440ADE}
		{E8BC8C50-9A74-4656-9871-21CCEF4DD012} = {508418BB-1905-46F2-907B-DBB0D5598E69}
		{CA2330C0-89E1-4040-AF67-47F6DAA7D149} = {508418BB-1905-46F2-907B-DBB0D5598E69}
		{172158D5-FA64-43A2-A085-049975BD5208} = {508418BB-1905-46F2-907B-DBB0D5598E69}
		{AC022B74-FCD7-478E-A2BB-4F13BEA4EE32} = {508418BB-1905-46F2-907B-DBB0D5598E69}
		{AD5106B4-1F94-4FF7-9BE2-97C84ADD6AC4} = {508418BB-1905-46F2-907B-DBB0D5598E69}
		{FB52ACE2-5E83-49A1-9FC5-4ECDBA3D6063} = {508418BB-1905-46F2-907B-DBB0D5598E69}
		{2C61B88F-CB35-4A80-841D-3F2BF8378E24} = {43CD1CB4-6B33-4337-8B0B-AF759A9E1FD2}
		{AFDD24D1-18B9-499F-B6A2-4FF7463D1008} = {AB46D9A0-14D9-4B3B-BFCB-577B2BB33A27}
		{A8781347-C2CF-4698-BA7D-A14BC144467D} = {508418BB-1905-46F2-907B-DBB0D5598E69}
		{87259385-14EC-4B69-94F0-EBA48940B4D4} = {43CD1CB4-6B33-4337-8B0B-AF759A9E1FD2}
		{4E32942E-DD1C-40DF-B1DA-4A0D28FDC00C} = {43CD1CB4-6B33-4337-8B0B-AF759A9E1FD2}
		{89EEC3EC-D097-4629-8A48-95C50721B6C9} = {63FE3866-E334-4304-BF0D-FC4A32E8FD95}
		{3B12040B-44FD-432D-8795-5DB97333E2C8} = {43CD1CB4-6B33-4337-8B0B-AF759A9E1FD2}
		{A872E8AE-5964-470F-9029-8A7B33188190} = {43CD1CB4-6B33-4337-8B0B-AF759A9E1FD2}
		{E6FCCED9-FB96-45A9-BA5B-3BBFF4E74CE0} = {43CD1CB4-6B33-4337-8B0B-AF759A9E1FD2}
		{296A2177-21BD-4A2D-B465-9B2A93AFDF78} = {43CD1CB4-6B33-4337-8B0B-AF759A9E1FD2}
	EndGlobalSection
	GlobalSection(ExtensibilityGlobals) = postSolution
		SolutionGuid = {A39D9110-87D0-46DB-A069-F3629D3EBE4E}
	EndGlobalSection
EndGlobal
