
Microsoft Visual Studio Solution File, Format Version 12.00
# Visual Studio Version 16
VisualStudioVersion = 16.0.30907.101
MinimumVisualStudioVersion = 10.0.40219.1
Project("{9A19103F-16F7-4668-BE54-9A1E7A4F7556}") = "WebSOPApp", "WebSOPApp\WebSOPApp.csproj", "{0D2F89C5-B300-4A9B-82B8-1D46F732624A}"
EndProject
Project("{2150E333-8FDC-42A3-9474-1A3956D46DE8}") = "BusinessLogicLayer", "BusinessLogicLayer", "{43BED9AD-600B-4EEC-A5D8-3A9B3D74F6C3}"
EndProject
Project("{2150E333-8FDC-42A3-9474-1A3956D46DE8}") = "Utility", "Utility", "{80ABF308-A539-46D8-9021-1A0C5F174C2D}"
EndProject
Project("{9A19103F-16F7-4668-BE54-9A1E7A4F7556}") = "dnsDapperDBUtil", "..\..\..\..\esdk\dnsDapperDBUtil\dnsDapperDBUtil\dnsDapperDBUtil.csproj", "{E152E4C4-F866-410D-B16D-F45FB52FCB0A}"
EndProject
Project("{9A19103F-16F7-4668-BE54-9A1E7A4F7556}") = "dnsData2", "..\..\Utility\dnsData\dnsData2.csproj", "{2ECF05F2-C1F5-46E4-8750-7734E00654B1}"
EndProject
Project("{9A19103F-16F7-4668-BE54-9A1E7A4F7556}") = "dnsSMS", "..\..\..\..\esdk\dnsSMS\dnsSMS\dnsSMS.csproj", "{D51F1091-F41B-448E-A747-3017B31A5893}"
EndProject
Project("{9A19103F-16F7-4668-BE54-9A1E7A4F7556}") = "Response", "..\..\Utility\Response\Response.csproj", "{912EBB43-E3A9-45EE-A753-C35773809D05}"
EndProject
Project("{2150E333-8FDC-42A3-9474-1A3956D46DE8}") = "ModelLayer", "ModelLayer", "{7CDBCDF5-CE36-4AE4-BC56-910AE11E1A54}"
EndProject
Project("{2150E333-8FDC-42A3-9474-1A3956D46DE8}") = "Base", "Base", "{EE2CC21B-E76B-447B-A6CF-D8A84040CA6B}"
EndProject
Project("{9A19103F-16F7-4668-BE54-9A1E7A4F7556}") = "Base.Model", "..\..\Base\Base.Model\Base.Model.csproj", "{12BB46A1-DC12-4B5B-B782-EF600613ACD1}"
EndProject
Project("{2150E333-8FDC-42A3-9474-1A3956D46DE8}") = "DataAccessLayer", "DataAccessLayer", "{45F3CEC3-F7E8-496E-A01D-8B0994B7973A}"
EndProject
Project("{2150E333-8FDC-42A3-9474-1A3956D46DE8}") = "Base", "Base", "{F46F6D75-3C6C-42BF-8DE7-B9631E8BAA26}"
EndProject
Project("{9A19103F-16F7-4668-BE54-9A1E7A4F7556}") = "Base.DAL", "..\..\Base\Base.DAL\Base.DAL.csproj", "{283040D9-72C6-4A08-8A4A-E9C59D7E6DD9}"
EndProject
Project("{2150E333-8FDC-42A3-9474-1A3956D46DE8}") = "Controller", "Controller", "{144DC96B-A581-4735-991C-AAEAB8F86D55}"
EndProject
Project("{2150E333-8FDC-42A3-9474-1A3956D46DE8}") = "Base", "Base", "{12EAA4DA-D585-4342-95C4-E48E747AFE47}"
EndProject
Project("{9A19103F-16F7-4668-BE54-9A1E7A4F7556}") = "Base.Controller", "..\..\Base\Base.Controller\Base.Controller.csproj", "{8B03A032-F2A2-4C86-B634-09FEB9BCFD9F}"
EndProject
Project("{2150E333-8FDC-42A3-9474-1A3956D46DE8}") = "Base", "Base", "{E15E9B4D-D041-4DDF-BF36-F2CD2F92AB1E}"
EndProject
Project("{9A19103F-16F7-4668-BE54-9A1E7A4F7556}") = "Base.Account.IBLL", "..\..\Base\Account\Base.Account.IBLL\Base.Account.IBLL.csproj", "{4C47F6FE-0FF7-4D14-BDD7-43780B467FD2}"
EndProject
Project("{9A19103F-16F7-4668-BE54-9A1E7A4F7556}") = "Base.Account.BLL", "..\..\Base\Account\Base.Account.BLL\Base.Account.BLL.csproj", "{BB548ABF-1070-4D6A-9DCB-2B381C4F6BC3}"
EndProject
Project("{9A19103F-16F7-4668-BE54-9A1E7A4F7556}") = "Base.History.IBLL", "..\..\Base\History\Base.History.IBLL\Base.History.IBLL.csproj", "{7985A213-3EB4-442F-9239-C8E2F37F6632}"
EndProject
Project("{9A19103F-16F7-4668-BE54-9A1E7A4F7556}") = "Base.Settings.IBLL", "..\..\Base\Settings\Base.Settings.IBLL\Base.Settings.IBLL.csproj", "{6E946797-F1F6-47CF-9316-ED29297FC6BA}"
EndProject
Project("{9A19103F-16F7-4668-BE54-9A1E7A4F7556}") = "Base.SOPManager.IBLL", "..\..\Base\SOPManager\Base.SOPManager.IBLL\Base.SOPManager.IBLL.csproj", "{0FDC4BA5-5499-4345-8D9F-506470BE35B1}"
EndProject
Project("{9A19103F-16F7-4668-BE54-9A1E7A4F7556}") = "Base.SOPSimulator.IBLL", "..\..\Base\SOPSimulator\Base.SOPSimulator.IBLL\Base.SOPSimulator.IBLL.csproj", "{7B1E4D2C-FFE4-45A0-92C6-63F3150AC18D}"
EndProject
Project("{9A19103F-16F7-4668-BE54-9A1E7A4F7556}") = "Base.TeamEditor.IBLL", "..\..\Base\TeamEditor\Base.TeamEditor.IBLL\Base.TeamEditor.IBLL.csproj", "{F2E93CFA-8A7E-4484-B3BE-971383A199A9}"
EndProject
Project("{9A19103F-16F7-4668-BE54-9A1E7A4F7556}") = "Base.History.BLL", "..\..\Base\History\Base.History.BLL\Base.History.BLL.csproj", "{4FB8DD13-6E73-4790-A83E-1E153C81A023}"
EndProject
Project("{9A19103F-16F7-4668-BE54-9A1E7A4F7556}") = "Base.Settings.BLL", "..\..\Base\Settings\Base.Settings.BLL\Base.Settings.BLL.csproj", "{C3CDCE1F-FB21-49E3-90E2-38C41C01D493}"
EndProject
Project("{9A19103F-16F7-4668-BE54-9A1E7A4F7556}") = "Base.SOPManager.BLL", "..\..\Base\SOPManager\Base.SOPManager.BLL\Base.SOPManager.BLL.csproj", "{80450970-967C-47A8-A365-EA6A8EB72F77}"
EndProject
Project("{9A19103F-16F7-4668-BE54-9A1E7A4F7556}") = "Base.SOPSimulator.BLL", "..\..\Base\SOPSimulator\Base.SOPSimulator.BLL\Base.SOPSimulator.BLL.csproj", "{BCC2D9D5-2D11-49C5-A9E3-C1EB3F97814F}"
EndProject
Project("{9A19103F-16F7-4668-BE54-9A1E7A4F7556}") = "Base.TeamEditor.BLL", "..\..\Base\TeamEditor\Base.TeamEditor.BLL\Base.TeamEditor.BLL.csproj", "{6D6F18CB-3051-4756-9D6F-57E20BD4A97B}"
EndProject
Project("{9A19103F-16F7-4668-BE54-9A1E7A4F7556}") = "Base.SDMS.IBLL", "..\..\Base\SDMS\Base.SDMS.IBLL\Base.SDMS.IBLL.csproj", "{7587FEED-5EBE-4A22-A6A6-6ABF4362AD94}"
EndProject
Project("{9A19103F-16F7-4668-BE54-9A1E7A4F7556}") = "Base.SDMS.BLL", "..\..\Base\SDMS\Base.SDMS.BLL\Base.SDMS.BLL.csproj", "{089652DE-5EB0-41EF-B91A-9A5F5BD1C7AC}"
EndProject
Project("{9A19103F-16F7-4668-BE54-9A1E7A4F7556}") = "dnsExcelReport", "..\..\Utility\dnsExcelReport\dnsExcelReport.csproj", "{A704C77E-DCCC-42D5-BC9F-358E57508260}"
EndProject
Project("{9A19103F-16F7-4668-BE54-9A1E7A4F7556}") = "Base.SensorSimulator.IBLL", "..\..\Base\SensorSimulator\Base.SensorSimulator.IBLL\Base.SensorSimulator.IBLL.csproj", "{A0CF4712-E4EA-43B3-893B-D66FD350F7B0}"
EndProject
Project("{9A19103F-16F7-4668-BE54-9A1E7A4F7556}") = "Base.SensorSimulator.BLL", "..\..\Base\SensorSimulator\Base.SensorSimulator.BLL\Base.SensorSimulator.BLL.csproj", "{CD9A3DDF-A3D1-4192-9B27-E2B1FEAE02A4}"
EndProject
Project("{9A19103F-16F7-4668-BE54-9A1E7A4F7556}") = "Pohang.Model", "..\Pohang.Model\Pohang.Model.csproj", "{5452BD0C-A17E-4F6C-8DCD-4CE8E4C31B4E}"
EndProject
Project("{9A19103F-16F7-4668-BE54-9A1E7A4F7556}") = "Pohang.IBLL", "..\Pohang.IBLL\Pohang.IBLL.csproj", "{B2C9F554-AA35-4283-A440-1F292362692C}"
EndProject
Project("{9A19103F-16F7-4668-BE54-9A1E7A4F7556}") = "Pohang.BLL", "..\Pohang.BLL\Pohang.BLL.csproj", "{DA143F8C-3481-4C99-94EA-1BFB0EF0E3B8}"
EndProject
Project("{9A19103F-16F7-4668-BE54-9A1E7A4F7556}") = "Agent.Pohang", "Agent.Pohang\Agent.Pohang.csproj", "{F870EA38-3245-4E8F-9339-1E93BDEFCBED}"
EndProject
Project("{9A19103F-16F7-4668-BE54-9A1E7A4F7556}") = "Base.Weather.IBLL", "..\..\Base\Weather\Base.Weather.IBLL\Base.Weather.IBLL.csproj", "{05D17441-3D62-4FF4-93B1-ED5435F87379}"
EndProject
Project("{9A19103F-16F7-4668-BE54-9A1E7A4F7556}") = "Base.Weather.BLL", "..\..\Base\Weather\Base.Weather.BLL\Base.Weather.BLL.csproj", "{AF371DBB-70D6-4A3C-AE1C-8473B7CEAD2E}"
EndProject
Project("{9A19103F-16F7-4668-BE54-9A1E7A4F7556}") = "dnsEmail", "..\..\..\..\esdk\dnsEmail\dnsEmail\dnsEmail.csproj", "{64FF3D4F-D9F5-4A59-810F-83E3C54D23D4}"
EndProject
Global
	GlobalSection(SolutionConfigurationPlatforms) = preSolution
		Debug|Any CPU = Debug|Any CPU
		Release_Kakao|Any CPU = Release_Kakao|Any CPU
		Release_Kakaowork|Any CPU = Release_Kakaowork|Any CPU
		Release_SKT_MCS|Any CPU = Release_SKT_MCS|Any CPU
		Release_Soulbrain_MCS|Any CPU = Release_Soulbrain_MCS|Any CPU
		Release_UNE_MCS|Any CPU = Release_UNE_MCS|Any CPU
		Release|Any CPU = Release|Any CPU
	EndGlobalSection
	GlobalSection(ProjectConfigurationPlatforms) = postSolution
		{0D2F89C5-B300-4A9B-82B8-1D46F732624A}.Debug|Any CPU.ActiveCfg = Debug|Any CPU
		{0D2F89C5-B300-4A9B-82B8-1D46F732624A}.Debug|Any CPU.Build.0 = Debug|Any CPU
		{0D2F89C5-B300-4A9B-82B8-1D46F732624A}.Release_Kakao|Any CPU.ActiveCfg = Release|Any CPU
		{0D2F89C5-B300-4A9B-82B8-1D46F732624A}.Release_Kakao|Any CPU.Build.0 = Release|Any CPU
		{0D2F89C5-B300-4A9B-82B8-1D46F732624A}.Release_Kakaowork|Any CPU.ActiveCfg = Release|Any CPU
		{0D2F89C5-B300-4A9B-82B8-1D46F732624A}.Release_Kakaowork|Any CPU.Build.0 = Release|Any CPU
		{0D2F89C5-B300-4A9B-82B8-1D46F732624A}.Release_SKT_MCS|Any CPU.ActiveCfg = Release|Any CPU
		{0D2F89C5-B300-4A9B-82B8-1D46F732624A}.Release_SKT_MCS|Any CPU.Build.0 = Release|Any CPU
		{0D2F89C5-B300-4A9B-82B8-1D46F732624A}.Release_Soulbrain_MCS|Any CPU.ActiveCfg = Release|Any CPU
		{0D2F89C5-B300-4A9B-82B8-1D46F732624A}.Release_Soulbrain_MCS|Any CPU.Build.0 = Release|Any CPU
		{0D2F89C5-B300-4A9B-82B8-1D46F732624A}.Release_UNE_MCS|Any CPU.ActiveCfg = Release|Any CPU
		{0D2F89C5-B300-4A9B-82B8-1D46F732624A}.Release_UNE_MCS|Any CPU.Build.0 = Release|Any CPU
		{0D2F89C5-B300-4A9B-82B8-1D46F732624A}.Release|Any CPU.ActiveCfg = Release|Any CPU
		{0D2F89C5-B300-4A9B-82B8-1D46F732624A}.Release|Any CPU.Build.0 = Release|Any CPU
		{E152E4C4-F866-410D-B16D-F45FB52FCB0A}.Debug|Any CPU.ActiveCfg = Debug|Any CPU
		{E152E4C4-F866-410D-B16D-F45FB52FCB0A}.Debug|Any CPU.Build.0 = Debug|Any CPU
		{E152E4C4-F866-410D-B16D-F45FB52FCB0A}.Release_Kakao|Any CPU.ActiveCfg = Release|Any CPU
		{E152E4C4-F866-410D-B16D-F45FB52FCB0A}.Release_Kakao|Any CPU.Build.0 = Release|Any CPU
		{E152E4C4-F866-410D-B16D-F45FB52FCB0A}.Release_Kakaowork|Any CPU.ActiveCfg = Release|Any CPU
		{E152E4C4-F866-410D-B16D-F45FB52FCB0A}.Release_Kakaowork|Any CPU.Build.0 = Release|Any CPU
		{E152E4C4-F866-410D-B16D-F45FB52FCB0A}.Release_SKT_MCS|Any CPU.ActiveCfg = Release|Any CPU
		{E152E4C4-F866-410D-B16D-F45FB52FCB0A}.Release_SKT_MCS|Any CPU.Build.0 = Release|Any CPU
		{E152E4C4-F866-410D-B16D-F45FB52FCB0A}.Release_Soulbrain_MCS|Any CPU.ActiveCfg = Release|Any CPU
		{E152E4C4-F866-410D-B16D-F45FB52FCB0A}.Release_Soulbrain_MCS|Any CPU.Build.0 = Release|Any CPU
		{E152E4C4-F866-410D-B16D-F45FB52FCB0A}.Release_UNE_MCS|Any CPU.ActiveCfg = Release|Any CPU
		{E152E4C4-F866-410D-B16D-F45FB52FCB0A}.Release_UNE_MCS|Any CPU.Build.0 = Release|Any CPU
		{E152E4C4-F866-410D-B16D-F45FB52FCB0A}.Release|Any CPU.ActiveCfg = Release|Any CPU
		{E152E4C4-F866-410D-B16D-F45FB52FCB0A}.Release|Any CPU.Build.0 = Release|Any CPU
		{2ECF05F2-C1F5-46E4-8750-7734E00654B1}.Debug|Any CPU.ActiveCfg = Debug|Any CPU
		{2ECF05F2-C1F5-46E4-8750-7734E00654B1}.Debug|Any CPU.Build.0 = Debug|Any CPU
		{2ECF05F2-C1F5-46E4-8750-7734E00654B1}.Release_Kakao|Any CPU.ActiveCfg = Release|Any CPU
		{2ECF05F2-C1F5-46E4-8750-7734E00654B1}.Release_Kakao|Any CPU.Build.0 = Release|Any CPU
		{2ECF05F2-C1F5-46E4-8750-7734E00654B1}.Release_Kakaowork|Any CPU.ActiveCfg = Release|Any CPU
		{2ECF05F2-C1F5-46E4-8750-7734E00654B1}.Release_Kakaowork|Any CPU.Build.0 = Release|Any CPU
		{2ECF05F2-C1F5-46E4-8750-7734E00654B1}.Release_SKT_MCS|Any CPU.ActiveCfg = Release|Any CPU
		{2ECF05F2-C1F5-46E4-8750-7734E00654B1}.Release_SKT_MCS|Any CPU.Build.0 = Release|Any CPU
		{2ECF05F2-C1F5-46E4-8750-7734E00654B1}.Release_Soulbrain_MCS|Any CPU.ActiveCfg = Release|Any CPU
		{2ECF05F2-C1F5-46E4-8750-7734E00654B1}.Release_Soulbrain_MCS|Any CPU.Build.0 = Release|Any CPU
		{2ECF05F2-C1F5-46E4-8750-7734E00654B1}.Release_UNE_MCS|Any CPU.ActiveCfg = Release|Any CPU
		{2ECF05F2-C1F5-46E4-8750-7734E00654B1}.Release_UNE_MCS|Any CPU.Build.0 = Release|Any CPU
		{2ECF05F2-C1F5-46E4-8750-7734E00654B1}.Release|Any CPU.ActiveCfg = Release|Any CPU
		{2ECF05F2-C1F5-46E4-8750-7734E00654B1}.Release|Any CPU.Build.0 = Release|Any CPU
		{D51F1091-F41B-448E-A747-3017B31A5893}.Debug|Any CPU.ActiveCfg = Debug|Any CPU
		{D51F1091-F41B-448E-A747-3017B31A5893}.Debug|Any CPU.Build.0 = Debug|Any CPU
		{D51F1091-F41B-448E-A747-3017B31A5893}.Release_Kakao|Any CPU.ActiveCfg = Release_Kakao|Any CPU
		{D51F1091-F41B-448E-A747-3017B31A5893}.Release_Kakao|Any CPU.Build.0 = Release_Kakao|Any CPU
		{D51F1091-F41B-448E-A747-3017B31A5893}.Release_Kakaowork|Any CPU.ActiveCfg = Release_Kakaowork|Any CPU
		{D51F1091-F41B-448E-A747-3017B31A5893}.Release_Kakaowork|Any CPU.Build.0 = Release_Kakaowork|Any CPU
		{D51F1091-F41B-448E-A747-3017B31A5893}.Release_SKT_MCS|Any CPU.ActiveCfg = Release_SKT_MCS|Any CPU
		{D51F1091-F41B-448E-A747-3017B31A5893}.Release_SKT_MCS|Any CPU.Build.0 = Release_SKT_MCS|Any CPU
		{D51F1091-F41B-448E-A747-3017B31A5893}.Release_Soulbrain_MCS|Any CPU.ActiveCfg = Release_Soulbrain_MCS|Any CPU
		{D51F1091-F41B-448E-A747-3017B31A5893}.Release_Soulbrain_MCS|Any CPU.Build.0 = Release_Soulbrain_MCS|Any CPU
		{D51F1091-F41B-448E-A747-3017B31A5893}.Release_UNE_MCS|Any CPU.ActiveCfg = Release_UNE_MCS|Any CPU
		{D51F1091-F41B-448E-A747-3017B31A5893}.Release_UNE_MCS|Any CPU.Build.0 = Release_UNE_MCS|Any CPU
		{D51F1091-F41B-448E-A747-3017B31A5893}.Release|Any CPU.ActiveCfg = Release|Any CPU
		{D51F1091-F41B-448E-A747-3017B31A5893}.Release|Any CPU.Build.0 = Release|Any CPU
		{912EBB43-E3A9-45EE-A753-C35773809D05}.Debug|Any CPU.ActiveCfg = Debug|Any CPU
		{912EBB43-E3A9-45EE-A753-C35773809D05}.Debug|Any CPU.Build.0 = Debug|Any CPU
		{912EBB43-E3A9-45EE-A753-C35773809D05}.Release_Kakao|Any CPU.ActiveCfg = Release|Any CPU
		{912EBB43-E3A9-45EE-A753-C35773809D05}.Release_Kakao|Any CPU.Build.0 = Release|Any CPU
		{912EBB43-E3A9-45EE-A753-C35773809D05}.Release_Kakaowork|Any CPU.ActiveCfg = Release|Any CPU
		{912EBB43-E3A9-45EE-A753-C35773809D05}.Release_Kakaowork|Any CPU.Build.0 = Release|Any CPU
		{912EBB43-E3A9-45EE-A753-C35773809D05}.Release_SKT_MCS|Any CPU.ActiveCfg = Release|Any CPU
		{912EBB43-E3A9-45EE-A753-C35773809D05}.Release_SKT_MCS|Any CPU.Build.0 = Release|Any CPU
		{912EBB43-E3A9-45EE-A753-C35773809D05}.Release_Soulbrain_MCS|Any CPU.ActiveCfg = Release|Any CPU
		{912EBB43-E3A9-45EE-A753-C35773809D05}.Release_Soulbrain_MCS|Any CPU.Build.0 = Release|Any CPU
		{912EBB43-E3A9-45EE-A753-C35773809D05}.Release_UNE_MCS|Any CPU.ActiveCfg = Release|Any CPU
		{912EBB43-E3A9-45EE-A753-C35773809D05}.Release_UNE_MCS|Any CPU.Build.0 = Release|Any CPU
		{912EBB43-E3A9-45EE-A753-C35773809D05}.Release|Any CPU.ActiveCfg = Release|Any CPU
		{912EBB43-E3A9-45EE-A753-C35773809D05}.Release|Any CPU.Build.0 = Release|Any CPU
		{12BB46A1-DC12-4B5B-B782-EF600613ACD1}.Debug|Any CPU.ActiveCfg = Debug|Any CPU
		{12BB46A1-DC12-4B5B-B782-EF600613ACD1}.Debug|Any CPU.Build.0 = Debug|Any CPU
		{12BB46A1-DC12-4B5B-B782-EF600613ACD1}.Release_Kakao|Any CPU.ActiveCfg = Release|Any CPU
		{12BB46A1-DC12-4B5B-B782-EF600613ACD1}.Release_Kakao|Any CPU.Build.0 = Release|Any CPU
		{12BB46A1-DC12-4B5B-B782-EF600613ACD1}.Release_Kakaowork|Any CPU.ActiveCfg = Release|Any CPU
		{12BB46A1-DC12-4B5B-B782-EF600613ACD1}.Release_Kakaowork|Any CPU.Build.0 = Release|Any CPU
		{12BB46A1-DC12-4B5B-B782-EF600613ACD1}.Release_SKT_MCS|Any CPU.ActiveCfg = Release|Any CPU
		{12BB46A1-DC12-4B5B-B782-EF600613ACD1}.Release_SKT_MCS|Any CPU.Build.0 = Release|Any CPU
		{12BB46A1-DC12-4B5B-B782-EF600613ACD1}.Release_Soulbrain_MCS|Any CPU.ActiveCfg = Release|Any CPU
		{12BB46A1-DC12-4B5B-B782-EF600613ACD1}.Release_Soulbrain_MCS|Any CPU.Build.0 = Release|Any CPU
		{12BB46A1-DC12-4B5B-B782-EF600613ACD1}.Release_UNE_MCS|Any CPU.ActiveCfg = Release|Any CPU
		{12BB46A1-DC12-4B5B-B782-EF600613ACD1}.Release_UNE_MCS|Any CPU.Build.0 = Release|Any CPU
		{12BB46A1-DC12-4B5B-B782-EF600613ACD1}.Release|Any CPU.ActiveCfg = Release|Any CPU
		{12BB46A1-DC12-4B5B-B782-EF600613ACD1}.Release|Any CPU.Build.0 = Release|Any CPU
		{283040D9-72C6-4A08-8A4A-E9C59D7E6DD9}.Debug|Any CPU.ActiveCfg = Debug|Any CPU
		{283040D9-72C6-4A08-8A4A-E9C59D7E6DD9}.Debug|Any CPU.Build.0 = Debug|Any CPU
		{283040D9-72C6-4A08-8A4A-E9C59D7E6DD9}.Release_Kakao|Any CPU.ActiveCfg = Release|Any CPU
		{283040D9-72C6-4A08-8A4A-E9C59D7E6DD9}.Release_Kakao|Any CPU.Build.0 = Release|Any CPU
		{283040D9-72C6-4A08-8A4A-E9C59D7E6DD9}.Release_Kakaowork|Any CPU.ActiveCfg = Release|Any CPU
		{283040D9-72C6-4A08-8A4A-E9C59D7E6DD9}.Release_Kakaowork|Any CPU.Build.0 = Release|Any CPU
		{283040D9-72C6-4A08-8A4A-E9C59D7E6DD9}.Release_SKT_MCS|Any CPU.ActiveCfg = Release|Any CPU
		{283040D9-72C6-4A08-8A4A-E9C59D7E6DD9}.Release_SKT_MCS|Any CPU.Build.0 = Release|Any CPU
		{283040D9-72C6-4A08-8A4A-E9C59D7E6DD9}.Release_Soulbrain_MCS|Any CPU.ActiveCfg = Release|Any CPU
		{283040D9-72C6-4A08-8A4A-E9C59D7E6DD9}.Release_Soulbrain_MCS|Any CPU.Build.0 = Release|Any CPU
		{283040D9-72C6-4A08-8A4A-E9C59D7E6DD9}.Release_UNE_MCS|Any CPU.ActiveCfg = Release|Any CPU
		{283040D9-72C6-4A08-8A4A-E9C59D7E6DD9}.Release_UNE_MCS|Any CPU.Build.0 = Release|Any CPU
		{283040D9-72C6-4A08-8A4A-E9C59D7E6DD9}.Release|Any CPU.ActiveCfg = Release|Any CPU
		{283040D9-72C6-4A08-8A4A-E9C59D7E6DD9}.Release|Any CPU.Build.0 = Release|Any CPU
		{8B03A032-F2A2-4C86-B634-09FEB9BCFD9F}.Debug|Any CPU.ActiveCfg = Debug|Any CPU
		{8B03A032-F2A2-4C86-B634-09FEB9BCFD9F}.Debug|Any CPU.Build.0 = Debug|Any CPU
		{8B03A032-F2A2-4C86-B634-09FEB9BCFD9F}.Release_Kakao|Any CPU.ActiveCfg = Release|Any CPU
		{8B03A032-F2A2-4C86-B634-09FEB9BCFD9F}.Release_Kakao|Any CPU.Build.0 = Release|Any CPU
		{8B03A032-F2A2-4C86-B634-09FEB9BCFD9F}.Release_Kakaowork|Any CPU.ActiveCfg = Release|Any CPU
		{8B03A032-F2A2-4C86-B634-09FEB9BCFD9F}.Release_Kakaowork|Any CPU.Build.0 = Release|Any CPU
		{8B03A032-F2A2-4C86-B634-09FEB9BCFD9F}.Release_SKT_MCS|Any CPU.ActiveCfg = Release|Any CPU
		{8B03A032-F2A2-4C86-B634-09FEB9BCFD9F}.Release_SKT_MCS|Any CPU.Build.0 = Release|Any CPU
		{8B03A032-F2A2-4C86-B634-09FEB9BCFD9F}.Release_Soulbrain_MCS|Any CPU.ActiveCfg = Release|Any CPU
		{8B03A032-F2A2-4C86-B634-09FEB9BCFD9F}.Release_Soulbrain_MCS|Any CPU.Build.0 = Release|Any CPU
		{8B03A032-F2A2-4C86-B634-09FEB9BCFD9F}.Release_UNE_MCS|Any CPU.ActiveCfg = Release|Any CPU
		{8B03A032-F2A2-4C86-B634-09FEB9BCFD9F}.Release_UNE_MCS|Any CPU.Build.0 = Release|Any CPU
		{8B03A032-F2A2-4C86-B634-09FEB9BCFD9F}.Release|Any CPU.ActiveCfg = Release|Any CPU
		{8B03A032-F2A2-4C86-B634-09FEB9BCFD9F}.Release|Any CPU.Build.0 = Release|Any CPU
		{4C47F6FE-0FF7-4D14-BDD7-43780B467FD2}.Debug|Any CPU.ActiveCfg = Debug|Any CPU
		{4C47F6FE-0FF7-4D14-BDD7-43780B467FD2}.Debug|Any CPU.Build.0 = Debug|Any CPU
		{4C47F6FE-0FF7-4D14-BDD7-43780B467FD2}.Release_Kakao|Any CPU.ActiveCfg = Release|Any CPU
		{4C47F6FE-0FF7-4D14-BDD7-43780B467FD2}.Release_Kakao|Any CPU.Build.0 = Release|Any CPU
		{4C47F6FE-0FF7-4D14-BDD7-43780B467FD2}.Release_Kakaowork|Any CPU.ActiveCfg = Release|Any CPU
		{4C47F6FE-0FF7-4D14-BDD7-43780B467FD2}.Release_Kakaowork|Any CPU.Build.0 = Release|Any CPU
		{4C47F6FE-0FF7-4D14-BDD7-43780B467FD2}.Release_SKT_MCS|Any CPU.ActiveCfg = Release|Any CPU
		{4C47F6FE-0FF7-4D14-BDD7-43780B467FD2}.Release_SKT_MCS|Any CPU.Build.0 = Release|Any CPU
		{4C47F6FE-0FF7-4D14-BDD7-43780B467FD2}.Release_Soulbrain_MCS|Any CPU.ActiveCfg = Release|Any CPU
		{4C47F6FE-0FF7-4D14-BDD7-43780B467FD2}.Release_Soulbrain_MCS|Any CPU.Build.0 = Release|Any CPU
		{4C47F6FE-0FF7-4D14-BDD7-43780B467FD2}.Release_UNE_MCS|Any CPU.ActiveCfg = Release|Any CPU
		{4C47F6FE-0FF7-4D14-BDD7-43780B467FD2}.Release_UNE_MCS|Any CPU.Build.0 = Release|Any CPU
		{4C47F6FE-0FF7-4D14-BDD7-43780B467FD2}.Release|Any CPU.ActiveCfg = Release|Any CPU
		{4C47F6FE-0FF7-4D14-BDD7-43780B467FD2}.Release|Any CPU.Build.0 = Release|Any CPU
		{BB548ABF-1070-4D6A-9DCB-2B381C4F6BC3}.Debug|Any CPU.ActiveCfg = Debug|Any CPU
		{BB548ABF-1070-4D6A-9DCB-2B381C4F6BC3}.Debug|Any CPU.Build.0 = Debug|Any CPU
		{BB548ABF-1070-4D6A-9DCB-2B381C4F6BC3}.Release_Kakao|Any CPU.ActiveCfg = Release|Any CPU
		{BB548ABF-1070-4D6A-9DCB-2B381C4F6BC3}.Release_Kakao|Any CPU.Build.0 = Release|Any CPU
		{BB548ABF-1070-4D6A-9DCB-2B381C4F6BC3}.Release_Kakaowork|Any CPU.ActiveCfg = Release|Any CPU
		{BB548ABF-1070-4D6A-9DCB-2B381C4F6BC3}.Release_Kakaowork|Any CPU.Build.0 = Release|Any CPU
		{BB548ABF-1070-4D6A-9DCB-2B381C4F6BC3}.Release_SKT_MCS|Any CPU.ActiveCfg = Release|Any CPU
		{BB548ABF-1070-4D6A-9DCB-2B381C4F6BC3}.Release_SKT_MCS|Any CPU.Build.0 = Release|Any CPU
		{BB548ABF-1070-4D6A-9DCB-2B381C4F6BC3}.Release_Soulbrain_MCS|Any CPU.ActiveCfg = Release|Any CPU
		{BB548ABF-1070-4D6A-9DCB-2B381C4F6BC3}.Release_Soulbrain_MCS|Any CPU.Build.0 = Release|Any CPU
		{BB548ABF-1070-4D6A-9DCB-2B381C4F6BC3}.Release_UNE_MCS|Any CPU.ActiveCfg = Release|Any CPU
		{BB548ABF-1070-4D6A-9DCB-2B381C4F6BC3}.Release_UNE_MCS|Any CPU.Build.0 = Release|Any CPU
		{BB548ABF-1070-4D6A-9DCB-2B381C4F6BC3}.Release|Any CPU.ActiveCfg = Release|Any CPU
		{BB548ABF-1070-4D6A-9DCB-2B381C4F6BC3}.Release|Any CPU.Build.0 = Release|Any CPU
		{7985A213-3EB4-442F-9239-C8E2F37F6632}.Debug|Any CPU.ActiveCfg = Debug|Any CPU
		{7985A213-3EB4-442F-9239-C8E2F37F6632}.Debug|Any CPU.Build.0 = Debug|Any CPU
		{7985A213-3EB4-442F-9239-C8E2F37F6632}.Release_Kakao|Any CPU.ActiveCfg = Release|Any CPU
		{7985A213-3EB4-442F-9239-C8E2F37F6632}.Release_Kakao|Any CPU.Build.0 = Release|Any CPU
		{7985A213-3EB4-442F-9239-C8E2F37F6632}.Release_Kakaowork|Any CPU.ActiveCfg = Release|Any CPU
		{7985A213-3EB4-442F-9239-C8E2F37F6632}.Release_Kakaowork|Any CPU.Build.0 = Release|Any CPU
		{7985A213-3EB4-442F-9239-C8E2F37F6632}.Release_SKT_MCS|Any CPU.ActiveCfg = Release|Any CPU
		{7985A213-3EB4-442F-9239-C8E2F37F6632}.Release_SKT_MCS|Any CPU.Build.0 = Release|Any CPU
		{7985A213-3EB4-442F-9239-C8E2F37F6632}.Release_Soulbrain_MCS|Any CPU.ActiveCfg = Release|Any CPU
		{7985A213-3EB4-442F-9239-C8E2F37F6632}.Release_Soulbrain_MCS|Any CPU.Build.0 = Release|Any CPU
		{7985A213-3EB4-442F-9239-C8E2F37F6632}.Release_UNE_MCS|Any CPU.ActiveCfg = Release|Any CPU
		{7985A213-3EB4-442F-9239-C8E2F37F6632}.Release_UNE_MCS|Any CPU.Build.0 = Release|Any CPU
		{7985A213-3EB4-442F-9239-C8E2F37F6632}.Release|Any CPU.ActiveCfg = Release|Any CPU
		{7985A213-3EB4-442F-9239-C8E2F37F6632}.Release|Any CPU.Build.0 = Release|Any CPU
		{6E946797-F1F6-47CF-9316-ED29297FC6BA}.Debug|Any CPU.ActiveCfg = Debug|Any CPU
		{6E946797-F1F6-47CF-9316-ED29297FC6BA}.Debug|Any CPU.Build.0 = Debug|Any CPU
		{6E946797-F1F6-47CF-9316-ED29297FC6BA}.Release_Kakao|Any CPU.ActiveCfg = Release|Any CPU
		{6E946797-F1F6-47CF-9316-ED29297FC6BA}.Release_Kakao|Any CPU.Build.0 = Release|Any CPU
		{6E946797-F1F6-47CF-9316-ED29297FC6BA}.Release_Kakaowork|Any CPU.ActiveCfg = Release|Any CPU
		{6E946797-F1F6-47CF-9316-ED29297FC6BA}.Release_Kakaowork|Any CPU.Build.0 = Release|Any CPU
		{6E946797-F1F6-47CF-9316-ED29297FC6BA}.Release_SKT_MCS|Any CPU.ActiveCfg = Release|Any CPU
		{6E946797-F1F6-47CF-9316-ED29297FC6BA}.Release_SKT_MCS|Any CPU.Build.0 = Release|Any CPU
		{6E946797-F1F6-47CF-9316-ED29297FC6BA}.Release_Soulbrain_MCS|Any CPU.ActiveCfg = Release|Any CPU
		{6E946797-F1F6-47CF-9316-ED29297FC6BA}.Release_Soulbrain_MCS|Any CPU.Build.0 = Release|Any CPU
		{6E946797-F1F6-47CF-9316-ED29297FC6BA}.Release_UNE_MCS|Any CPU.ActiveCfg = Release|Any CPU
		{6E946797-F1F6-47CF-9316-ED29297FC6BA}.Release_UNE_MCS|Any CPU.Build.0 = Release|Any CPU
		{6E946797-F1F6-47CF-9316-ED29297FC6BA}.Release|Any CPU.ActiveCfg = Release|Any CPU
		{6E946797-F1F6-47CF-9316-ED29297FC6BA}.Release|Any CPU.Build.0 = Release|Any CPU
		{0FDC4BA5-5499-4345-8D9F-506470BE35B1}.Debug|Any CPU.ActiveCfg = Debug|Any CPU
		{0FDC4BA5-5499-4345-8D9F-506470BE35B1}.Debug|Any CPU.Build.0 = Debug|Any CPU
		{0FDC4BA5-5499-4345-8D9F-506470BE35B1}.Release_Kakao|Any CPU.ActiveCfg = Release|Any CPU
		{0FDC4BA5-5499-4345-8D9F-506470BE35B1}.Release_Kakao|Any CPU.Build.0 = Release|Any CPU
		{0FDC4BA5-5499-4345-8D9F-506470BE35B1}.Release_Kakaowork|Any CPU.ActiveCfg = Release|Any CPU
		{0FDC4BA5-5499-4345-8D9F-506470BE35B1}.Release_Kakaowork|Any CPU.Build.0 = Release|Any CPU
		{0FDC4BA5-5499-4345-8D9F-506470BE35B1}.Release_SKT_MCS|Any CPU.ActiveCfg = Release|Any CPU
		{0FDC4BA5-5499-4345-8D9F-506470BE35B1}.Release_SKT_MCS|Any CPU.Build.0 = Release|Any CPU
		{0FDC4BA5-5499-4345-8D9F-506470BE35B1}.Release_Soulbrain_MCS|Any CPU.ActiveCfg = Release|Any CPU
		{0FDC4BA5-5499-4345-8D9F-506470BE35B1}.Release_Soulbrain_MCS|Any CPU.Build.0 = Release|Any CPU
		{0FDC4BA5-5499-4345-8D9F-506470BE35B1}.Release_UNE_MCS|Any CPU.ActiveCfg = Release|Any CPU
		{0FDC4BA5-5499-4345-8D9F-506470BE35B1}.Release_UNE_MCS|Any CPU.Build.0 = Release|Any CPU
		{0FDC4BA5-5499-4345-8D9F-506470BE35B1}.Release|Any CPU.ActiveCfg = Release|Any CPU
		{0FDC4BA5-5499-4345-8D9F-506470BE35B1}.Release|Any CPU.Build.0 = Release|Any CPU
		{7B1E4D2C-FFE4-45A0-92C6-63F3150AC18D}.Debug|Any CPU.ActiveCfg = Debug|Any CPU
		{7B1E4D2C-FFE4-45A0-92C6-63F3150AC18D}.Debug|Any CPU.Build.0 = Debug|Any CPU
		{7B1E4D2C-FFE4-45A0-92C6-63F3150AC18D}.Release_Kakao|Any CPU.ActiveCfg = Release|Any CPU
		{7B1E4D2C-FFE4-45A0-92C6-63F3150AC18D}.Release_Kakao|Any CPU.Build.0 = Release|Any CPU
		{7B1E4D2C-FFE4-45A0-92C6-63F3150AC18D}.Release_Kakaowork|Any CPU.ActiveCfg = Release|Any CPU
		{7B1E4D2C-FFE4-45A0-92C6-63F3150AC18D}.Release_Kakaowork|Any CPU.Build.0 = Release|Any CPU
		{7B1E4D2C-FFE4-45A0-92C6-63F3150AC18D}.Release_SKT_MCS|Any CPU.ActiveCfg = Release|Any CPU
		{7B1E4D2C-FFE4-45A0-92C6-63F3150AC18D}.Release_SKT_MCS|Any CPU.Build.0 = Release|Any CPU
		{7B1E4D2C-FFE4-45A0-92C6-63F3150AC18D}.Release_Soulbrain_MCS|Any CPU.ActiveCfg = Release|Any CPU
		{7B1E4D2C-FFE4-45A0-92C6-63F3150AC18D}.Release_Soulbrain_MCS|Any CPU.Build.0 = Release|Any CPU
		{7B1E4D2C-FFE4-45A0-92C6-63F3150AC18D}.Release_UNE_MCS|Any CPU.ActiveCfg = Release|Any CPU
		{7B1E4D2C-FFE4-45A0-92C6-63F3150AC18D}.Release_UNE_MCS|Any CPU.Build.0 = Release|Any CPU
		{7B1E4D2C-FFE4-45A0-92C6-63F3150AC18D}.Release|Any CPU.ActiveCfg = Release|Any CPU
		{7B1E4D2C-FFE4-45A0-92C6-63F3150AC18D}.Release|Any CPU.Build.0 = Release|Any CPU
		{F2E93CFA-8A7E-4484-B3BE-971383A199A9}.Debug|Any CPU.ActiveCfg = Debug|Any CPU
		{F2E93CFA-8A7E-4484-B3BE-971383A199A9}.Debug|Any CPU.Build.0 = Debug|Any CPU
		{F2E93CFA-8A7E-4484-B3BE-971383A199A9}.Release_Kakao|Any CPU.ActiveCfg = Release|Any CPU
		{F2E93CFA-8A7E-4484-B3BE-971383A199A9}.Release_Kakao|Any CPU.Build.0 = Release|Any CPU
		{F2E93CFA-8A7E-4484-B3BE-971383A199A9}.Release_Kakaowork|Any CPU.ActiveCfg = Release|Any CPU
		{F2E93CFA-8A7E-4484-B3BE-971383A199A9}.Release_Kakaowork|Any CPU.Build.0 = Release|Any CPU
		{F2E93CFA-8A7E-4484-B3BE-971383A199A9}.Release_SKT_MCS|Any CPU.ActiveCfg = Release|Any CPU
		{F2E93CFA-8A7E-4484-B3BE-971383A199A9}.Release_SKT_MCS|Any CPU.Build.0 = Release|Any CPU
		{F2E93CFA-8A7E-4484-B3BE-971383A199A9}.Release_Soulbrain_MCS|Any CPU.ActiveCfg = Release|Any CPU
		{F2E93CFA-8A7E-4484-B3BE-971383A199A9}.Release_Soulbrain_MCS|Any CPU.Build.0 = Release|Any CPU
		{F2E93CFA-8A7E-4484-B3BE-971383A199A9}.Release_UNE_MCS|Any CPU.ActiveCfg = Release|Any CPU
		{F2E93CFA-8A7E-4484-B3BE-971383A199A9}.Release_UNE_MCS|Any CPU.Build.0 = Release|Any CPU
		{F2E93CFA-8A7E-4484-B3BE-971383A199A9}.Release|Any CPU.ActiveCfg = Release|Any CPU
		{F2E93CFA-8A7E-4484-B3BE-971383A199A9}.Release|Any CPU.Build.0 = Release|Any CPU
		{4FB8DD13-6E73-4790-A83E-1E153C81A023}.Debug|Any CPU.ActiveCfg = Debug|Any CPU
		{4FB8DD13-6E73-4790-A83E-1E153C81A023}.Debug|Any CPU.Build.0 = Debug|Any CPU
		{4FB8DD13-6E73-4790-A83E-1E153C81A023}.Release_Kakao|Any CPU.ActiveCfg = Release|Any CPU
		{4FB8DD13-6E73-4790-A83E-1E153C81A023}.Release_Kakao|Any CPU.Build.0 = Release|Any CPU
		{4FB8DD13-6E73-4790-A83E-1E153C81A023}.Release_Kakaowork|Any CPU.ActiveCfg = Release|Any CPU
		{4FB8DD13-6E73-4790-A83E-1E153C81A023}.Release_Kakaowork|Any CPU.Build.0 = Release|Any CPU
		{4FB8DD13-6E73-4790-A83E-1E153C81A023}.Release_SKT_MCS|Any CPU.ActiveCfg = Release|Any CPU
		{4FB8DD13-6E73-4790-A83E-1E153C81A023}.Release_SKT_MCS|Any CPU.Build.0 = Release|Any CPU
		{4FB8DD13-6E73-4790-A83E-1E153C81A023}.Release_Soulbrain_MCS|Any CPU.ActiveCfg = Release|Any CPU
		{4FB8DD13-6E73-4790-A83E-1E153C81A023}.Release_Soulbrain_MCS|Any CPU.Build.0 = Release|Any CPU
		{4FB8DD13-6E73-4790-A83E-1E153C81A023}.Release_UNE_MCS|Any CPU.ActiveCfg = Release|Any CPU
		{4FB8DD13-6E73-4790-A83E-1E153C81A023}.Release_UNE_MCS|Any CPU.Build.0 = Release|Any CPU
		{4FB8DD13-6E73-4790-A83E-1E153C81A023}.Release|Any CPU.ActiveCfg = Release|Any CPU
		{4FB8DD13-6E73-4790-A83E-1E153C81A023}.Release|Any CPU.Build.0 = Release|Any CPU
		{C3CDCE1F-FB21-49E3-90E2-38C41C01D493}.Debug|Any CPU.ActiveCfg = Debug|Any CPU
		{C3CDCE1F-FB21-49E3-90E2-38C41C01D493}.Debug|Any CPU.Build.0 = Debug|Any CPU
		{C3CDCE1F-FB21-49E3-90E2-38C41C01D493}.Release_Kakao|Any CPU.ActiveCfg = Release|Any CPU
		{C3CDCE1F-FB21-49E3-90E2-38C41C01D493}.Release_Kakao|Any CPU.Build.0 = Release|Any CPU
		{C3CDCE1F-FB21-49E3-90E2-38C41C01D493}.Release_Kakaowork|Any CPU.ActiveCfg = Release|Any CPU
		{C3CDCE1F-FB21-49E3-90E2-38C41C01D493}.Release_Kakaowork|Any CPU.Build.0 = Release|Any CPU
		{C3CDCE1F-FB21-49E3-90E2-38C41C01D493}.Release_SKT_MCS|Any CPU.ActiveCfg = Release|Any CPU
		{C3CDCE1F-FB21-49E3-90E2-38C41C01D493}.Release_SKT_MCS|Any CPU.Build.0 = Release|Any CPU
		{C3CDCE1F-FB21-49E3-90E2-38C41C01D493}.Release_Soulbrain_MCS|Any CPU.ActiveCfg = Release|Any CPU
		{C3CDCE1F-FB21-49E3-90E2-38C41C01D493}.Release_Soulbrain_MCS|Any CPU.Build.0 = Release|Any CPU
		{C3CDCE1F-FB21-49E3-90E2-38C41C01D493}.Release_UNE_MCS|Any CPU.ActiveCfg = Release|Any CPU
		{C3CDCE1F-FB21-49E3-90E2-38C41C01D493}.Release_UNE_MCS|Any CPU.Build.0 = Release|Any CPU
		{C3CDCE1F-FB21-49E3-90E2-38C41C01D493}.Release|Any CPU.ActiveCfg = Release|Any CPU
		{C3CDCE1F-FB21-49E3-90E2-38C41C01D493}.Release|Any CPU.Build.0 = Release|Any CPU
		{80450970-967C-47A8-A365-EA6A8EB72F77}.Debug|Any CPU.ActiveCfg = Debug|Any CPU
		{80450970-967C-47A8-A365-EA6A8EB72F77}.Debug|Any CPU.Build.0 = Debug|Any CPU
		{80450970-967C-47A8-A365-EA6A8EB72F77}.Release_Kakao|Any CPU.ActiveCfg = Release|Any CPU
		{80450970-967C-47A8-A365-EA6A8EB72F77}.Release_Kakao|Any CPU.Build.0 = Release|Any CPU
		{80450970-967C-47A8-A365-EA6A8EB72F77}.Release_Kakaowork|Any CPU.ActiveCfg = Release|Any CPU
		{80450970-967C-47A8-A365-EA6A8EB72F77}.Release_Kakaowork|Any CPU.Build.0 = Release|Any CPU
		{80450970-967C-47A8-A365-EA6A8EB72F77}.Release_SKT_MCS|Any CPU.ActiveCfg = Release|Any CPU
		{80450970-967C-47A8-A365-EA6A8EB72F77}.Release_SKT_MCS|Any CPU.Build.0 = Release|Any CPU
		{80450970-967C-47A8-A365-EA6A8EB72F77}.Release_Soulbrain_MCS|Any CPU.ActiveCfg = Release|Any CPU
		{80450970-967C-47A8-A365-EA6A8EB72F77}.Release_Soulbrain_MCS|Any CPU.Build.0 = Release|Any CPU
		{80450970-967C-47A8-A365-EA6A8EB72F77}.Release_UNE_MCS|Any CPU.ActiveCfg = Release|Any CPU
		{80450970-967C-47A8-A365-EA6A8EB72F77}.Release_UNE_MCS|Any CPU.Build.0 = Release|Any CPU
		{80450970-967C-47A8-A365-EA6A8EB72F77}.Release|Any CPU.ActiveCfg = Release|Any CPU
		{80450970-967C-47A8-A365-EA6A8EB72F77}.Release|Any CPU.Build.0 = Release|Any CPU
		{BCC2D9D5-2D11-49C5-A9E3-C1EB3F97814F}.Debug|Any CPU.ActiveCfg = Debug|Any CPU
		{BCC2D9D5-2D11-49C5-A9E3-C1EB3F97814F}.Debug|Any CPU.Build.0 = Debug|Any CPU
		{BCC2D9D5-2D11-49C5-A9E3-C1EB3F97814F}.Release_Kakao|Any CPU.ActiveCfg = Release|Any CPU
		{BCC2D9D5-2D11-49C5-A9E3-C1EB3F97814F}.Release_Kakao|Any CPU.Build.0 = Release|Any CPU
		{BCC2D9D5-2D11-49C5-A9E3-C1EB3F97814F}.Release_Kakaowork|Any CPU.ActiveCfg = Release|Any CPU
		{BCC2D9D5-2D11-49C5-A9E3-C1EB3F97814F}.Release_Kakaowork|Any CPU.Build.0 = Release|Any CPU
		{BCC2D9D5-2D11-49C5-A9E3-C1EB3F97814F}.Release_SKT_MCS|Any CPU.ActiveCfg = Release|Any CPU
		{BCC2D9D5-2D11-49C5-A9E3-C1EB3F97814F}.Release_SKT_MCS|Any CPU.Build.0 = Release|Any CPU
		{BCC2D9D5-2D11-49C5-A9E3-C1EB3F97814F}.Release_Soulbrain_MCS|Any CPU.ActiveCfg = Release|Any CPU
		{BCC2D9D5-2D11-49C5-A9E3-C1EB3F97814F}.Release_Soulbrain_MCS|Any CPU.Build.0 = Release|Any CPU
		{BCC2D9D5-2D11-49C5-A9E3-C1EB3F97814F}.Release_UNE_MCS|Any CPU.ActiveCfg = Release|Any CPU
		{BCC2D9D5-2D11-49C5-A9E3-C1EB3F97814F}.Release_UNE_MCS|Any CPU.Build.0 = Release|Any CPU
		{BCC2D9D5-2D11-49C5-A9E3-C1EB3F97814F}.Release|Any CPU.ActiveCfg = Release|Any CPU
		{BCC2D9D5-2D11-49C5-A9E3-C1EB3F97814F}.Release|Any CPU.Build.0 = Release|Any CPU
		{6D6F18CB-3051-4756-9D6F-57E20BD4A97B}.Debug|Any CPU.ActiveCfg = Debug|Any CPU
		{6D6F18CB-3051-4756-9D6F-57E20BD4A97B}.Debug|Any CPU.Build.0 = Debug|Any CPU
		{6D6F18CB-3051-4756-9D6F-57E20BD4A97B}.Release_Kakao|Any CPU.ActiveCfg = Release|Any CPU
		{6D6F18CB-3051-4756-9D6F-57E20BD4A97B}.Release_Kakao|Any CPU.Build.0 = Release|Any CPU
		{6D6F18CB-3051-4756-9D6F-57E20BD4A97B}.Release_Kakaowork|Any CPU.ActiveCfg = Release|Any CPU
		{6D6F18CB-3051-4756-9D6F-57E20BD4A97B}.Release_Kakaowork|Any CPU.Build.0 = Release|Any CPU
		{6D6F18CB-3051-4756-9D6F-57E20BD4A97B}.Release_SKT_MCS|Any CPU.ActiveCfg = Release|Any CPU
		{6D6F18CB-3051-4756-9D6F-57E20BD4A97B}.Release_SKT_MCS|Any CPU.Build.0 = Release|Any CPU
		{6D6F18CB-3051-4756-9D6F-57E20BD4A97B}.Release_Soulbrain_MCS|Any CPU.ActiveCfg = Release|Any CPU
		{6D6F18CB-3051-4756-9D6F-57E20BD4A97B}.Release_Soulbrain_MCS|Any CPU.Build.0 = Release|Any CPU
		{6D6F18CB-3051-4756-9D6F-57E20BD4A97B}.Release_UNE_MCS|Any CPU.ActiveCfg = Release|Any CPU
		{6D6F18CB-3051-4756-9D6F-57E20BD4A97B}.Release_UNE_MCS|Any CPU.Build.0 = Release|Any CPU
		{6D6F18CB-3051-4756-9D6F-57E20BD4A97B}.Release|Any CPU.ActiveCfg = Release|Any CPU
		{6D6F18CB-3051-4756-9D6F-57E20BD4A97B}.Release|Any CPU.Build.0 = Release|Any CPU
		{7587FEED-5EBE-4A22-A6A6-6ABF4362AD94}.Debug|Any CPU.ActiveCfg = Debug|Any CPU
		{7587FEED-5EBE-4A22-A6A6-6ABF4362AD94}.Debug|Any CPU.Build.0 = Debug|Any CPU
		{7587FEED-5EBE-4A22-A6A6-6ABF4362AD94}.Release_Kakao|Any CPU.ActiveCfg = Release|Any CPU
		{7587FEED-5EBE-4A22-A6A6-6ABF4362AD94}.Release_Kakao|Any CPU.Build.0 = Release|Any CPU
		{7587FEED-5EBE-4A22-A6A6-6ABF4362AD94}.Release_Kakaowork|Any CPU.ActiveCfg = Release|Any CPU
		{7587FEED-5EBE-4A22-A6A6-6ABF4362AD94}.Release_Kakaowork|Any CPU.Build.0 = Release|Any CPU
		{7587FEED-5EBE-4A22-A6A6-6ABF4362AD94}.Release_SKT_MCS|Any CPU.ActiveCfg = Release|Any CPU
		{7587FEED-5EBE-4A22-A6A6-6ABF4362AD94}.Release_SKT_MCS|Any CPU.Build.0 = Release|Any CPU
		{7587FEED-5EBE-4A22-A6A6-6ABF4362AD94}.Release_Soulbrain_MCS|Any CPU.ActiveCfg = Release|Any CPU
		{7587FEED-5EBE-4A22-A6A6-6ABF4362AD94}.Release_Soulbrain_MCS|Any CPU.Build.0 = Release|Any CPU
		{7587FEED-5EBE-4A22-A6A6-6ABF4362AD94}.Release_UNE_MCS|Any CPU.ActiveCfg = Release|Any CPU
		{7587FEED-5EBE-4A22-A6A6-6ABF4362AD94}.Release_UNE_MCS|Any CPU.Build.0 = Release|Any CPU
		{7587FEED-5EBE-4A22-A6A6-6ABF4362AD94}.Release|Any CPU.ActiveCfg = Release|Any CPU
		{7587FEED-5EBE-4A22-A6A6-6ABF4362AD94}.Release|Any CPU.Build.0 = Release|Any CPU
		{089652DE-5EB0-41EF-B91A-9A5F5BD1C7AC}.Debug|Any CPU.ActiveCfg = Debug|Any CPU
		{089652DE-5EB0-41EF-B91A-9A5F5BD1C7AC}.Debug|Any CPU.Build.0 = Debug|Any CPU
		{089652DE-5EB0-41EF-B91A-9A5F5BD1C7AC}.Release_Kakao|Any CPU.ActiveCfg = Release|Any CPU
		{089652DE-5EB0-41EF-B91A-9A5F5BD1C7AC}.Release_Kakao|Any CPU.Build.0 = Release|Any CPU
		{089652DE-5EB0-41EF-B91A-9A5F5BD1C7AC}.Release_Kakaowork|Any CPU.ActiveCfg = Release|Any CPU
		{089652DE-5EB0-41EF-B91A-9A5F5BD1C7AC}.Release_Kakaowork|Any CPU.Build.0 = Release|Any CPU
		{089652DE-5EB0-41EF-B91A-9A5F5BD1C7AC}.Release_SKT_MCS|Any CPU.ActiveCfg = Release|Any CPU
		{089652DE-5EB0-41EF-B91A-9A5F5BD1C7AC}.Release_SKT_MCS|Any CPU.Build.0 = Release|Any CPU
		{089652DE-5EB0-41EF-B91A-9A5F5BD1C7AC}.Release_Soulbrain_MCS|Any CPU.ActiveCfg = Release|Any CPU
		{089652DE-5EB0-41EF-B91A-9A5F5BD1C7AC}.Release_Soulbrain_MCS|Any CPU.Build.0 = Release|Any CPU
		{089652DE-5EB0-41EF-B91A-9A5F5BD1C7AC}.Release_UNE_MCS|Any CPU.ActiveCfg = Release|Any CPU
		{089652DE-5EB0-41EF-B91A-9A5F5BD1C7AC}.Release_UNE_MCS|Any CPU.Build.0 = Release|Any CPU
		{089652DE-5EB0-41EF-B91A-9A5F5BD1C7AC}.Release|Any CPU.ActiveCfg = Release|Any CPU
		{089652DE-5EB0-41EF-B91A-9A5F5BD1C7AC}.Release|Any CPU.Build.0 = Release|Any CPU
		{A704C77E-DCCC-42D5-BC9F-358E57508260}.Debug|Any CPU.ActiveCfg = Debug|Any CPU
		{A704C77E-DCCC-42D5-BC9F-358E57508260}.Debug|Any CPU.Build.0 = Debug|Any CPU
		{A704C77E-DCCC-42D5-BC9F-358E57508260}.Release_Kakao|Any CPU.ActiveCfg = Release|Any CPU
		{A704C77E-DCCC-42D5-BC9F-358E57508260}.Release_Kakao|Any CPU.Build.0 = Release|Any CPU
		{A704C77E-DCCC-42D5-BC9F-358E57508260}.Release_Kakaowork|Any CPU.ActiveCfg = Release|Any CPU
		{A704C77E-DCCC-42D5-BC9F-358E57508260}.Release_Kakaowork|Any CPU.Build.0 = Release|Any CPU
		{A704C77E-DCCC-42D5-BC9F-358E57508260}.Release_SKT_MCS|Any CPU.ActiveCfg = Release|Any CPU
		{A704C77E-DCCC-42D5-BC9F-358E57508260}.Release_SKT_MCS|Any CPU.Build.0 = Release|Any CPU
		{A704C77E-DCCC-42D5-BC9F-358E57508260}.Release_Soulbrain_MCS|Any CPU.ActiveCfg = Release|Any CPU
		{A704C77E-DCCC-42D5-BC9F-358E57508260}.Release_Soulbrain_MCS|Any CPU.Build.0 = Release|Any CPU
		{A704C77E-DCCC-42D5-BC9F-358E57508260}.Release_UNE_MCS|Any CPU.ActiveCfg = Release|Any CPU
		{A704C77E-DCCC-42D5-BC9F-358E57508260}.Release_UNE_MCS|Any CPU.Build.0 = Release|Any CPU
		{A704C77E-DCCC-42D5-BC9F-358E57508260}.Release|Any CPU.ActiveCfg = Release|Any CPU
		{A704C77E-DCCC-42D5-BC9F-358E57508260}.Release|Any CPU.Build.0 = Release|Any CPU
		{A0CF4712-E4EA-43B3-893B-D66FD350F7B0}.Debug|Any CPU.ActiveCfg = Debug|Any CPU
		{A0CF4712-E4EA-43B3-893B-D66FD350F7B0}.Debug|Any CPU.Build.0 = Debug|Any CPU
		{A0CF4712-E4EA-43B3-893B-D66FD350F7B0}.Release_Kakao|Any CPU.ActiveCfg = Release|Any CPU
		{A0CF4712-E4EA-43B3-893B-D66FD350F7B0}.Release_Kakao|Any CPU.Build.0 = Release|Any CPU
		{A0CF4712-E4EA-43B3-893B-D66FD350F7B0}.Release_Kakaowork|Any CPU.ActiveCfg = Release|Any CPU
		{A0CF4712-E4EA-43B3-893B-D66FD350F7B0}.Release_Kakaowork|Any CPU.Build.0 = Release|Any CPU
		{A0CF4712-E4EA-43B3-893B-D66FD350F7B0}.Release_SKT_MCS|Any CPU.ActiveCfg = Release|Any CPU
		{A0CF4712-E4EA-43B3-893B-D66FD350F7B0}.Release_SKT_MCS|Any CPU.Build.0 = Release|Any CPU
		{A0CF4712-E4EA-43B3-893B-D66FD350F7B0}.Release_Soulbrain_MCS|Any CPU.ActiveCfg = Release|Any CPU
		{A0CF4712-E4EA-43B3-893B-D66FD350F7B0}.Release_Soulbrain_MCS|Any CPU.Build.0 = Release|Any CPU
		{A0CF4712-E4EA-43B3-893B-D66FD350F7B0}.Release_UNE_MCS|Any CPU.ActiveCfg = Release|Any CPU
		{A0CF4712-E4EA-43B3-893B-D66FD350F7B0}.Release_UNE_MCS|Any CPU.Build.0 = Release|Any CPU
		{A0CF4712-E4EA-43B3-893B-D66FD350F7B0}.Release|Any CPU.ActiveCfg = Release|Any CPU
		{A0CF4712-E4EA-43B3-893B-D66FD350F7B0}.Release|Any CPU.Build.0 = Release|Any CPU
		{CD9A3DDF-A3D1-4192-9B27-E2B1FEAE02A4}.Debug|Any CPU.ActiveCfg = Debug|Any CPU
		{CD9A3DDF-A3D1-4192-9B27-E2B1FEAE02A4}.Debug|Any CPU.Build.0 = Debug|Any CPU
		{CD9A3DDF-A3D1-4192-9B27-E2B1FEAE02A4}.Release_Kakao|Any CPU.ActiveCfg = Release|Any CPU
		{CD9A3DDF-A3D1-4192-9B27-E2B1FEAE02A4}.Release_Kakao|Any CPU.Build.0 = Release|Any CPU
		{CD9A3DDF-A3D1-4192-9B27-E2B1FEAE02A4}.Release_Kakaowork|Any CPU.ActiveCfg = Release|Any CPU
		{CD9A3DDF-A3D1-4192-9B27-E2B1FEAE02A4}.Release_Kakaowork|Any CPU.Build.0 = Release|Any CPU
		{CD9A3DDF-A3D1-4192-9B27-E2B1FEAE02A4}.Release_SKT_MCS|Any CPU.ActiveCfg = Release|Any CPU
		{CD9A3DDF-A3D1-4192-9B27-E2B1FEAE02A4}.Release_SKT_MCS|Any CPU.Build.0 = Release|Any CPU
		{CD9A3DDF-A3D1-4192-9B27-E2B1FEAE02A4}.Release_Soulbrain_MCS|Any CPU.ActiveCfg = Release|Any CPU
		{CD9A3DDF-A3D1-4192-9B27-E2B1FEAE02A4}.Release_Soulbrain_MCS|Any CPU.Build.0 = Release|Any CPU
		{CD9A3DDF-A3D1-4192-9B27-E2B1FEAE02A4}.Release_UNE_MCS|Any CPU.ActiveCfg = Release|Any CPU
		{CD9A3DDF-A3D1-4192-9B27-E2B1FEAE02A4}.Release_UNE_MCS|Any CPU.Build.0 = Release|Any CPU
		{CD9A3DDF-A3D1-4192-9B27-E2B1FEAE02A4}.Release|Any CPU.ActiveCfg = Release|Any CPU
		{CD9A3DDF-A3D1-4192-9B27-E2B1FEAE02A4}.Release|Any CPU.Build.0 = Release|Any CPU
		{5452BD0C-A17E-4F6C-8DCD-4CE8E4C31B4E}.Debug|Any CPU.ActiveCfg = Debug|Any CPU
		{5452BD0C-A17E-4F6C-8DCD-4CE8E4C31B4E}.Debug|Any CPU.Build.0 = Debug|Any CPU
		{5452BD0C-A17E-4F6C-8DCD-4CE8E4C31B4E}.Release_Kakao|Any CPU.ActiveCfg = Release|Any CPU
		{5452BD0C-A17E-4F6C-8DCD-4CE8E4C31B4E}.Release_Kakao|Any CPU.Build.0 = Release|Any CPU
		{5452BD0C-A17E-4F6C-8DCD-4CE8E4C31B4E}.Release_Kakaowork|Any CPU.ActiveCfg = Release|Any CPU
		{5452BD0C-A17E-4F6C-8DCD-4CE8E4C31B4E}.Release_Kakaowork|Any CPU.Build.0 = Release|Any CPU
		{5452BD0C-A17E-4F6C-8DCD-4CE8E4C31B4E}.Release_SKT_MCS|Any CPU.ActiveCfg = Release|Any CPU
		{5452BD0C-A17E-4F6C-8DCD-4CE8E4C31B4E}.Release_SKT_MCS|Any CPU.Build.0 = Release|Any CPU
		{5452BD0C-A17E-4F6C-8DCD-4CE8E4C31B4E}.Release_Soulbrain_MCS|Any CPU.ActiveCfg = Release|Any CPU
		{5452BD0C-A17E-4F6C-8DCD-4CE8E4C31B4E}.Release_Soulbrain_MCS|Any CPU.Build.0 = Release|Any CPU
		{5452BD0C-A17E-4F6C-8DCD-4CE8E4C31B4E}.Release_UNE_MCS|Any CPU.ActiveCfg = Release|Any CPU
		{5452BD0C-A17E-4F6C-8DCD-4CE8E4C31B4E}.Release_UNE_MCS|Any CPU.Build.0 = Release|Any CPU
		{5452BD0C-A17E-4F6C-8DCD-4CE8E4C31B4E}.Release|Any CPU.ActiveCfg = Release|Any CPU
		{5452BD0C-A17E-4F6C-8DCD-4CE8E4C31B4E}.Release|Any CPU.Build.0 = Release|Any CPU
		{B2C9F554-AA35-4283-A440-1F292362692C}.Debug|Any CPU.ActiveCfg = Debug|Any CPU
		{B2C9F554-AA35-4283-A440-1F292362692C}.Debug|Any CPU.Build.0 = Debug|Any CPU
		{B2C9F554-AA35-4283-A440-1F292362692C}.Release_Kakao|Any CPU.ActiveCfg = Release|Any CPU
		{B2C9F554-AA35-4283-A440-1F292362692C}.Release_Kakao|Any CPU.Build.0 = Release|Any CPU
		{B2C9F554-AA35-4283-A440-1F292362692C}.Release_Kakaowork|Any CPU.ActiveCfg = Release|Any CPU
		{B2C9F554-AA35-4283-A440-1F292362692C}.Release_Kakaowork|Any CPU.Build.0 = Release|Any CPU
		{B2C9F554-AA35-4283-A440-1F292362692C}.Release_SKT_MCS|Any CPU.ActiveCfg = Release|Any CPU
		{B2C9F554-AA35-4283-A440-1F292362692C}.Release_SKT_MCS|Any CPU.Build.0 = Release|Any CPU
		{B2C9F554-AA35-4283-A440-1F292362692C}.Release_Soulbrain_MCS|Any CPU.ActiveCfg = Release|Any CPU
		{B2C9F554-AA35-4283-A440-1F292362692C}.Release_Soulbrain_MCS|Any CPU.Build.0 = Release|Any CPU
		{B2C9F554-AA35-4283-A440-1F292362692C}.Release_UNE_MCS|Any CPU.ActiveCfg = Release|Any CPU
		{B2C9F554-AA35-4283-A440-1F292362692C}.Release_UNE_MCS|Any CPU.Build.0 = Release|Any CPU
		{B2C9F554-AA35-4283-A440-1F292362692C}.Release|Any CPU.ActiveCfg = Release|Any CPU
		{B2C9F554-AA35-4283-A440-1F292362692C}.Release|Any CPU.Build.0 = Release|Any CPU
		{DA143F8C-3481-4C99-94EA-1BFB0EF0E3B8}.Debug|Any CPU.ActiveCfg = Debug|Any CPU
		{DA143F8C-3481-4C99-94EA-1BFB0EF0E3B8}.Debug|Any CPU.Build.0 = Debug|Any CPU
		{DA143F8C-3481-4C99-94EA-1BFB0EF0E3B8}.Release_Kakao|Any CPU.ActiveCfg = Release|Any CPU
		{DA143F8C-3481-4C99-94EA-1BFB0EF0E3B8}.Release_Kakao|Any CPU.Build.0 = Release|Any CPU
		{DA143F8C-3481-4C99-94EA-1BFB0EF0E3B8}.Release_Kakaowork|Any CPU.ActiveCfg = Release|Any CPU
		{DA143F8C-3481-4C99-94EA-1BFB0EF0E3B8}.Release_Kakaowork|Any CPU.Build.0 = Release|Any CPU
		{DA143F8C-3481-4C99-94EA-1BFB0EF0E3B8}.Release_SKT_MCS|Any CPU.ActiveCfg = Release|Any CPU
		{DA143F8C-3481-4C99-94EA-1BFB0EF0E3B8}.Release_SKT_MCS|Any CPU.Build.0 = Release|Any CPU
		{DA143F8C-3481-4C99-94EA-1BFB0EF0E3B8}.Release_Soulbrain_MCS|Any CPU.ActiveCfg = Release|Any CPU
		{DA143F8C-3481-4C99-94EA-1BFB0EF0E3B8}.Release_Soulbrain_MCS|Any CPU.Build.0 = Release|Any CPU
		{DA143F8C-3481-4C99-94EA-1BFB0EF0E3B8}.Release_UNE_MCS|Any CPU.ActiveCfg = Release|Any CPU
		{DA143F8C-3481-4C99-94EA-1BFB0EF0E3B8}.Release_UNE_MCS|Any CPU.Build.0 = Release|Any CPU
		{DA143F8C-3481-4C99-94EA-1BFB0EF0E3B8}.Release|Any CPU.ActiveCfg = Release|Any CPU
		{DA143F8C-3481-4C99-94EA-1BFB0EF0E3B8}.Release|Any CPU.Build.0 = Release|Any CPU
		{F870EA38-3245-4E8F-9339-1E93BDEFCBED}.Debug|Any CPU.ActiveCfg = Debug|Any CPU
		{F870EA38-3245-4E8F-9339-1E93BDEFCBED}.Debug|Any CPU.Build.0 = Debug|Any CPU
		{F870EA38-3245-4E8F-9339-1E93BDEFCBED}.Release_Kakao|Any CPU.ActiveCfg = Debug|Any CPU
		{F870EA38-3245-4E8F-9339-1E93BDEFCBED}.Release_Kakao|Any CPU.Build.0 = Debug|Any CPU
		{F870EA38-3245-4E8F-9339-1E93BDEFCBED}.Release_Kakaowork|Any CPU.ActiveCfg = Debug|Any CPU
		{F870EA38-3245-4E8F-9339-1E93BDEFCBED}.Release_Kakaowork|Any CPU.Build.0 = Debug|Any CPU
		{F870EA38-3245-4E8F-9339-1E93BDEFCBED}.Release_SKT_MCS|Any CPU.ActiveCfg = Debug|Any CPU
		{F870EA38-3245-4E8F-9339-1E93BDEFCBED}.Release_SKT_MCS|Any CPU.Build.0 = Debug|Any CPU
		{F870EA38-3245-4E8F-9339-1E93BDEFCBED}.Release_Soulbrain_MCS|Any CPU.ActiveCfg = Debug|Any CPU
		{F870EA38-3245-4E8F-9339-1E93BDEFCBED}.Release_Soulbrain_MCS|Any CPU.Build.0 = Debug|Any CPU
		{F870EA38-3245-4E8F-9339-1E93BDEFCBED}.Release_UNE_MCS|Any CPU.ActiveCfg = Debug|Any CPU
		{F870EA38-3245-4E8F-9339-1E93BDEFCBED}.Release_UNE_MCS|Any CPU.Build.0 = Debug|Any CPU
		{F870EA38-3245-4E8F-9339-1E93BDEFCBED}.Release|Any CPU.ActiveCfg = Release|Any CPU
		{F870EA38-3245-4E8F-9339-1E93BDEFCBED}.Release|Any CPU.Build.0 = Release|Any CPU
		{05D17441-3D62-4FF4-93B1-ED5435F87379}.Debug|Any CPU.ActiveCfg = Debug|Any CPU
		{05D17441-3D62-4FF4-93B1-ED5435F87379}.Debug|Any CPU.Build.0 = Debug|Any CPU
		{05D17441-3D62-4FF4-93B1-ED5435F87379}.Release_Kakao|Any CPU.ActiveCfg = Debug|Any CPU
		{05D17441-3D62-4FF4-93B1-ED5435F87379}.Release_Kakao|Any CPU.Build.0 = Debug|Any CPU
		{05D17441-3D62-4FF4-93B1-ED5435F87379}.Release_Kakaowork|Any CPU.ActiveCfg = Debug|Any CPU
		{05D17441-3D62-4FF4-93B1-ED5435F87379}.Release_Kakaowork|Any CPU.Build.0 = Debug|Any CPU
		{05D17441-3D62-4FF4-93B1-ED5435F87379}.Release_SKT_MCS|Any CPU.ActiveCfg = Debug|Any CPU
		{05D17441-3D62-4FF4-93B1-ED5435F87379}.Release_SKT_MCS|Any CPU.Build.0 = Debug|Any CPU
		{05D17441-3D62-4FF4-93B1-ED5435F87379}.Release_Soulbrain_MCS|Any CPU.ActiveCfg = Debug|Any CPU
		{05D17441-3D62-4FF4-93B1-ED5435F87379}.Release_Soulbrain_MCS|Any CPU.Build.0 = Debug|Any CPU
		{05D17441-3D62-4FF4-93B1-ED5435F87379}.Release_UNE_MCS|Any CPU.ActiveCfg = Debug|Any CPU
		{05D17441-3D62-4FF4-93B1-ED5435F87379}.Release_UNE_MCS|Any CPU.Build.0 = Debug|Any CPU
		{05D17441-3D62-4FF4-93B1-ED5435F87379}.Release|Any CPU.ActiveCfg = Release|Any CPU
		{05D17441-3D62-4FF4-93B1-ED5435F87379}.Release|Any CPU.Build.0 = Release|Any CPU
		{AF371DBB-70D6-4A3C-AE1C-8473B7CEAD2E}.Debug|Any CPU.ActiveCfg = Debug|Any CPU
		{AF371DBB-70D6-4A3C-AE1C-8473B7CEAD2E}.Debug|Any CPU.Build.0 = Debug|Any CPU
		{AF371DBB-70D6-4A3C-AE1C-8473B7CEAD2E}.Release_Kakao|Any CPU.ActiveCfg = Debug|Any CPU
		{AF371DBB-70D6-4A3C-AE1C-8473B7CEAD2E}.Release_Kakao|Any CPU.Build.0 = Debug|Any CPU
		{AF371DBB-70D6-4A3C-AE1C-8473B7CEAD2E}.Release_Kakaowork|Any CPU.ActiveCfg = Debug|Any CPU
		{AF371DBB-70D6-4A3C-AE1C-8473B7CEAD2E}.Release_Kakaowork|Any CPU.Build.0 = Debug|Any CPU
		{AF371DBB-70D6-4A3C-AE1C-8473B7CEAD2E}.Release_SKT_MCS|Any CPU.ActiveCfg = Debug|Any CPU
		{AF371DBB-70D6-4A3C-AE1C-8473B7CEAD2E}.Release_SKT_MCS|Any CPU.Build.0 = Debug|Any CPU
		{AF371DBB-70D6-4A3C-AE1C-8473B7CEAD2E}.Release_Soulbrain_MCS|Any CPU.ActiveCfg = Debug|Any CPU
		{AF371DBB-70D6-4A3C-AE1C-8473B7CEAD2E}.Release_Soulbrain_MCS|Any CPU.Build.0 = Debug|Any CPU
		{AF371DBB-70D6-4A3C-AE1C-8473B7CEAD2E}.Release_UNE_MCS|Any CPU.ActiveCfg = Debug|Any CPU
		{AF371DBB-70D6-4A3C-AE1C-8473B7CEAD2E}.Release_UNE_MCS|Any CPU.Build.0 = Debug|Any CPU
		{AF371DBB-70D6-4A3C-AE1C-8473B7CEAD2E}.Release|Any CPU.ActiveCfg = Release|Any CPU
		{AF371DBB-70D6-4A3C-AE1C-8473B7CEAD2E}.Release|Any CPU.Build.0 = Release|Any CPU
		{64FF3D4F-D9F5-4A59-810F-83E3C54D23D4}.Debug|Any CPU.ActiveCfg = Debug|Any CPU
		{64FF3D4F-D9F5-4A59-810F-83E3C54D23D4}.Debug|Any CPU.Build.0 = Debug|Any CPU
		{64FF3D4F-D9F5-4A59-810F-83E3C54D23D4}.Release_Kakao|Any CPU.ActiveCfg = Release|Any CPU
		{64FF3D4F-D9F5-4A59-810F-83E3C54D23D4}.Release_Kakao|Any CPU.Build.0 = Release|Any CPU
		{64FF3D4F-D9F5-4A59-810F-83E3C54D23D4}.Release_Kakaowork|Any CPU.ActiveCfg = Release|Any CPU
		{64FF3D4F-D9F5-4A59-810F-83E3C54D23D4}.Release_Kakaowork|Any CPU.Build.0 = Release|Any CPU
		{64FF3D4F-D9F5-4A59-810F-83E3C54D23D4}.Release_SKT_MCS|Any CPU.ActiveCfg = Release|Any CPU
		{64FF3D4F-D9F5-4A59-810F-83E3C54D23D4}.Release_SKT_MCS|Any CPU.Build.0 = Release|Any CPU
		{64FF3D4F-D9F5-4A59-810F-83E3C54D23D4}.Release_Soulbrain_MCS|Any CPU.ActiveCfg = Release|Any CPU
		{64FF3D4F-D9F5-4A59-810F-83E3C54D23D4}.Release_Soulbrain_MCS|Any CPU.Build.0 = Release|Any CPU
		{64FF3D4F-D9F5-4A59-810F-83E3C54D23D4}.Release_UNE_MCS|Any CPU.ActiveCfg = Release|Any CPU
		{64FF3D4F-D9F5-4A59-810F-83E3C54D23D4}.Release_UNE_MCS|Any CPU.Build.0 = Release|Any CPU
		{64FF3D4F-D9F5-4A59-810F-83E3C54D23D4}.Release|Any CPU.ActiveCfg = Release|Any CPU
		{64FF3D4F-D9F5-4A59-810F-83E3C54D23D4}.Release|Any CPU.Build.0 = Release|Any CPU
	EndGlobalSection
	GlobalSection(SolutionProperties) = preSolution
		HideSolutionNode = FALSE
	EndGlobalSection
	GlobalSection(NestedProjects) = preSolution
		{E152E4C4-F866-410D-B16D-F45FB52FCB0A} = {80ABF308-A539-46D8-9021-1A0C5F174C2D}
		{2ECF05F2-C1F5-46E4-8750-7734E00654B1} = {80ABF308-A539-46D8-9021-1A0C5F174C2D}
		{D51F1091-F41B-448E-A747-3017B31A5893} = {80ABF308-A539-46D8-9021-1A0C5F174C2D}
		{912EBB43-E3A9-45EE-A753-C35773809D05} = {80ABF308-A539-46D8-9021-1A0C5F174C2D}
		{EE2CC21B-E76B-447B-A6CF-D8A84040CA6B} = {7CDBCDF5-CE36-4AE4-BC56-910AE11E1A54}
		{12BB46A1-DC12-4B5B-B782-EF600613ACD1} = {EE2CC21B-E76B-447B-A6CF-D8A84040CA6B}
		{F46F6D75-3C6C-42BF-8DE7-B9631E8BAA26} = {45F3CEC3-F7E8-496E-A01D-8B0994B7973A}
		{283040D9-72C6-4A08-8A4A-E9C59D7E6DD9} = {F46F6D75-3C6C-42BF-8DE7-B9631E8BAA26}
		{12EAA4DA-D585-4342-95C4-E48E747AFE47} = {144DC96B-A581-4735-991C-AAEAB8F86D55}
		{8B03A032-F2A2-4C86-B634-09FEB9BCFD9F} = {12EAA4DA-D585-4342-95C4-E48E747AFE47}
		{E15E9B4D-D041-4DDF-BF36-F2CD2F92AB1E} = {43BED9AD-600B-4EEC-A5D8-3A9B3D74F6C3}
		{4C47F6FE-0FF7-4D14-BDD7-43780B467FD2} = {E15E9B4D-D041-4DDF-BF36-F2CD2F92AB1E}
		{BB548ABF-1070-4D6A-9DCB-2B381C4F6BC3} = {E15E9B4D-D041-4DDF-BF36-F2CD2F92AB1E}
		{7985A213-3EB4-442F-9239-C8E2F37F6632} = {E15E9B4D-D041-4DDF-BF36-F2CD2F92AB1E}
		{6E946797-F1F6-47CF-9316-ED29297FC6BA} = {E15E9B4D-D041-4DDF-BF36-F2CD2F92AB1E}
		{0FDC4BA5-5499-4345-8D9F-506470BE35B1} = {E15E9B4D-D041-4DDF-BF36-F2CD2F92AB1E}
		{7B1E4D2C-FFE4-45A0-92C6-63F3150AC18D} = {E15E9B4D-D041-4DDF-BF36-F2CD2F92AB1E}
		{F2E93CFA-8A7E-4484-B3BE-971383A199A9} = {E15E9B4D-D041-4DDF-BF36-F2CD2F92AB1E}
		{4FB8DD13-6E73-4790-A83E-1E153C81A023} = {E15E9B4D-D041-4DDF-BF36-F2CD2F92AB1E}
		{C3CDCE1F-FB21-49E3-90E2-38C41C01D493} = {E15E9B4D-D041-4DDF-BF36-F2CD2F92AB1E}
		{80450970-967C-47A8-A365-EA6A8EB72F77} = {E15E9B4D-D041-4DDF-BF36-F2CD2F92AB1E}
		{BCC2D9D5-2D11-49C5-A9E3-C1EB3F97814F} = {E15E9B4D-D041-4DDF-BF36-F2CD2F92AB1E}
		{6D6F18CB-3051-4756-9D6F-57E20BD4A97B} = {E15E9B4D-D041-4DDF-BF36-F2CD2F92AB1E}
		{7587FEED-5EBE-4A22-A6A6-6ABF4362AD94} = {E15E9B4D-D041-4DDF-BF36-F2CD2F92AB1E}
		{089652DE-5EB0-41EF-B91A-9A5F5BD1C7AC} = {E15E9B4D-D041-4DDF-BF36-F2CD2F92AB1E}
		{A704C77E-DCCC-42D5-BC9F-358E57508260} = {80ABF308-A539-46D8-9021-1A0C5F174C2D}
		{A0CF4712-E4EA-43B3-893B-D66FD350F7B0} = {E15E9B4D-D041-4DDF-BF36-F2CD2F92AB1E}
		{CD9A3DDF-A3D1-4192-9B27-E2B1FEAE02A4} = {E15E9B4D-D041-4DDF-BF36-F2CD2F92AB1E}
		{5452BD0C-A17E-4F6C-8DCD-4CE8E4C31B4E} = {7CDBCDF5-CE36-4AE4-BC56-910AE11E1A54}
		{B2C9F554-AA35-4283-A440-1F292362692C} = {43BED9AD-600B-4EEC-A5D8-3A9B3D74F6C3}
		{DA143F8C-3481-4C99-94EA-1BFB0EF0E3B8} = {43BED9AD-600B-4EEC-A5D8-3A9B3D74F6C3}
		{05D17441-3D62-4FF4-93B1-ED5435F87379} = {E15E9B4D-D041-4DDF-BF36-F2CD2F92AB1E}
		{AF371DBB-70D6-4A3C-AE1C-8473B7CEAD2E} = {E15E9B4D-D041-4DDF-BF36-F2CD2F92AB1E}
		{64FF3D4F-D9F5-4A59-810F-83E3C54D23D4} = {80ABF308-A539-46D8-9021-1A0C5F174C2D}
	EndGlobalSection
	GlobalSection(ExtensibilityGlobals) = postSolution
		SolutionGuid = {D9B7A937-429C-4AFE-B523-402CE583A6FC}
	EndGlobalSection
EndGlobal
