
Microsoft Visual Studio Solution File, Format Version 12.00
# Visual Studio Version 16
VisualStudioVersion = 16.0.36422.26
MinimumVisualStudioVersion = 10.0.40219.1
Project("{9A19103F-16F7-4668-BE54-9A1E7A4F7556}") = "SensorControlServer", "..\..\Base\SensorControlServer\SensorControlServer\SensorControlServer.csproj", "{C57E4FA3-B706-46B2-834D-A09FA8E908F9}"
EndProject
Project("{9A19103F-16F7-4668-BE54-9A1E7A4F7556}") = "Johnson", "Fire\Johnson\Johnson.csproj", "{BB67332A-7BDB-4353-9884-757E22A6BFB9}"
EndProject
Project("{9A19103F-16F7-4668-BE54-9A1E7A4F7556}") = "dnsDapperDBUtil", "..\..\..\..\esdk\dnsDapperDBUtil\dnsDapperDBUtil\dnsDapperDBUtil.csproj", "{EE74F49B-E79E-4A86-9B9A-F9196080F3E2}"
EndProject
Project("{9A19103F-16F7-4668-BE54-9A1E7A4F7556}") = "dnsPipeHelper", "..\..\Base\SensorControlServer\dnsPipeHelper\dnsPipeHelper.csproj", "{72AF1252-3C15-41AE-B5EE-4B48E4062A65}"
EndProject
Project("{2150E333-8FDC-42A3-9474-1A3956D46DE8}") = "Utility", "Utility", "{1820A1D6-10F0-40C4-AB10-A0161A074827}"
EndProject
Project("{9A19103F-16F7-4668-BE54-9A1E7A4F7556}") = "dnsTcpLib2", "..\..\..\..\esdk\dnsTcpLib2\dnsTcpLib2\dnsTcpLib2.csproj", "{76168595-0B29-4589-8062-56820EFE959D}"
EndProject
Project("{2150E333-8FDC-42A3-9474-1A3956D46DE8}") = "SensorServer", "SensorServer", "{40C9CA7E-52F8-4DC4-A10D-F7DAF4C73A91}"
EndProject
Project("{2150E333-8FDC-42A3-9474-1A3956D46DE8}") = "Model", "Model", "{BB96EB7A-9CF3-49A3-83C9-F731C39E617A}"
EndProject
Project("{9A19103F-16F7-4668-BE54-9A1E7A4F7556}") = "Base.Model", "..\..\Base\Base.Model\Base.Model.csproj", "{2F6E2900-5F63-4002-BA92-D80BD58614FA}"
EndProject
Project("{9A19103F-16F7-4668-BE54-9A1E7A4F7556}") = "dnsSensorServer", "..\..\Base\SensorControlServer\dnsSensorServer\dnsSensorServer.csproj", "{D349A62C-44A6-49A2-BB36-7D3EDE382746}"
EndProject
Project("{9A19103F-16F7-4668-BE54-9A1E7A4F7556}") = "Response", "..\..\Utility\Response\Response.csproj", "{B5035A0E-6CF1-401D-8509-8C8F72FBEF38}"
EndProject
Project("{9A19103F-16F7-4668-BE54-9A1E7A4F7556}") = "dnsData2", "..\..\Utility\dnsData\dnsData2.csproj", "{2BAA6C18-240B-45E4-8C45-0BBC7B4D6F68}"
EndProject
Project("{9A19103F-16F7-4668-BE54-9A1E7A4F7556}") = "SensorControlService", "..\..\Base\SensorControlServer\SensorControlService\SensorControlService.csproj", "{9EAE2613-EA54-44D8-A037-9BAE72E782D3}"
EndProject
Project("{9A19103F-16F7-4668-BE54-9A1E7A4F7556}") = "ProcessReader", "..\..\Base\SensorControlServer\ProcessReader\ProcessReader.csproj", "{FF787830-04D7-420F-AFAC-17462C22F8C8}"
EndProject
Project("{9A19103F-16F7-4668-BE54-9A1E7A4F7556}") = "SoulbrainIoT", "IoT\SoulbrainIoT\SoulbrainIoT.csproj", "{44E36D43-B0EA-44DD-88D2-BB0A119E6DE0}"
EndProject
Project("{9A19103F-16F7-4668-BE54-9A1E7A4F7556}") = "SoulbrainHr", "SoulbrainHr\SoulbrainHr.csproj", "{C8B62823-62D8-45D6-9EFE-14B558A26F47}"
EndProject
Project("{9A19103F-16F7-4668-BE54-9A1E7A4F7556}") = "SVMS", "CCTV\SVMS\SVMS.csproj", "{F830932A-04A4-4B74-B9D4-1CB5D31D3C7A}"
EndProject
Project("{9A19103F-16F7-4668-BE54-9A1E7A4F7556}") = "Soulbrain.Model", "..\Soulbrain.Model\Soulbrain.Model.csproj", "{1A7CFC01-67D0-4418-BA62-4F58F06529CF}"
EndProject
Project("{2150E333-8FDC-42A3-9474-1A3956D46DE8}") = "DAL", "DAL", "{62D3EE21-B7C0-4EB9-B241-12820825FD83}"
EndProject
Project("{9A19103F-16F7-4668-BE54-9A1E7A4F7556}") = "Base.DAL", "..\..\Base\Base.DAL\Base.DAL.csproj", "{30F2C8A2-F5FD-4C68-BEE1-8E625D81CB98}"
EndProject
Project("{FAE04EC0-301F-11D3-BF4B-00C04F79EFBC}") = "SoulbrainWeather", "Weather\SoulbrainWeather\SoulbrainWeather.csproj", "{46BCA939-464B-42AC-A616-346B56F3F5A3}"
EndProject
Project("{FAE04EC0-301F-11D3-BF4B-00C04F79EFBC}") = "SoulbrainPlc", "SoulbrainPlc\SoulbrainPlc.csproj", "{C40D0482-11F4-4C06-8A49-6EEA01B16B32}"
EndProject
Global
	GlobalSection(SolutionConfigurationPlatforms) = preSolution
		Debug|Any CPU = Debug|Any CPU
		Release|Any CPU = Release|Any CPU
	EndGlobalSection
	GlobalSection(ProjectConfigurationPlatforms) = postSolution
		{C57E4FA3-B706-46B2-834D-A09FA8E908F9}.Debug|Any CPU.ActiveCfg = Debug|Any CPU
		{C57E4FA3-B706-46B2-834D-A09FA8E908F9}.Debug|Any CPU.Build.0 = Debug|Any CPU
		{C57E4FA3-B706-46B2-834D-A09FA8E908F9}.Release|Any CPU.ActiveCfg = Release|Any CPU
		{C57E4FA3-B706-46B2-834D-A09FA8E908F9}.Release|Any CPU.Build.0 = Release|Any CPU
		{BB67332A-7BDB-4353-9884-757E22A6BFB9}.Debug|Any CPU.ActiveCfg = Debug|Any CPU
		{BB67332A-7BDB-4353-9884-757E22A6BFB9}.Debug|Any CPU.Build.0 = Debug|Any CPU
		{BB67332A-7BDB-4353-9884-757E22A6BFB9}.Release|Any CPU.ActiveCfg = Release|Any CPU
		{BB67332A-7BDB-4353-9884-757E22A6BFB9}.Release|Any CPU.Build.0 = Release|Any CPU
		{EE74F49B-E79E-4A86-9B9A-F9196080F3E2}.Debug|Any CPU.ActiveCfg = Debug|Any CPU
		{EE74F49B-E79E-4A86-9B9A-F9196080F3E2}.Debug|Any CPU.Build.0 = Debug|Any CPU
		{EE74F49B-E79E-4A86-9B9A-F9196080F3E2}.Release|Any CPU.ActiveCfg = Release|Any CPU
		{EE74F49B-E79E-4A86-9B9A-F9196080F3E2}.Release|Any CPU.Build.0 = Release|Any CPU
		{72AF1252-3C15-41AE-B5EE-4B48E4062A65}.Debug|Any CPU.ActiveCfg = Debug|Any CPU
		{72AF1252-3C15-41AE-B5EE-4B48E4062A65}.Debug|Any CPU.Build.0 = Debug|Any CPU
		{72AF1252-3C15-41AE-B5EE-4B48E4062A65}.Release|Any CPU.ActiveCfg = Release|Any CPU
		{72AF1252-3C15-41AE-B5EE-4B48E4062A65}.Release|Any CPU.Build.0 = Release|Any CPU
		{76168595-0B29-4589-8062-56820EFE959D}.Debug|Any CPU.ActiveCfg = Debug|Any CPU
		{76168595-0B29-4589-8062-56820EFE959D}.Debug|Any CPU.Build.0 = Debug|Any CPU
		{76168595-0B29-4589-8062-56820EFE959D}.Release|Any CPU.ActiveCfg = Release|Any CPU
		{76168595-0B29-4589-8062-56820EFE959D}.Release|Any CPU.Build.0 = Release|Any CPU
		{2F6E2900-5F63-4002-BA92-D80BD58614FA}.Debug|Any CPU.ActiveCfg = Debug|Any CPU
		{2F6E2900-5F63-4002-BA92-D80BD58614FA}.Debug|Any CPU.Build.0 = Debug|Any CPU
		{2F6E2900-5F63-4002-BA92-D80BD58614FA}.Release|Any CPU.ActiveCfg = Release|Any CPU
		{2F6E2900-5F63-4002-BA92-D80BD58614FA}.Release|Any CPU.Build.0 = Release|Any CPU
		{D349A62C-44A6-49A2-BB36-7D3EDE382746}.Debug|Any CPU.ActiveCfg = Debug|Any CPU
		{D349A62C-44A6-49A2-BB36-7D3EDE382746}.Debug|Any CPU.Build.0 = Debug|Any CPU
		{D349A62C-44A6-49A2-BB36-7D3EDE382746}.Release|Any CPU.ActiveCfg = Release|Any CPU
		{D349A62C-44A6-49A2-BB36-7D3EDE382746}.Release|Any CPU.Build.0 = Release|Any CPU
		{B5035A0E-6CF1-401D-8509-8C8F72FBEF38}.Debug|Any CPU.ActiveCfg = Debug|Any CPU
		{B5035A0E-6CF1-401D-8509-8C8F72FBEF38}.Debug|Any CPU.Build.0 = Debug|Any CPU
		{B5035A0E-6CF1-401D-8509-8C8F72FBEF38}.Release|Any CPU.ActiveCfg = Release|Any CPU
		{B5035A0E-6CF1-401D-8509-8C8F72FBEF38}.Release|Any CPU.Build.0 = Release|Any CPU
		{2BAA6C18-240B-45E4-8C45-0BBC7B4D6F68}.Debug|Any CPU.ActiveCfg = Debug|Any CPU
		{2BAA6C18-240B-45E4-8C45-0BBC7B4D6F68}.Debug|Any CPU.Build.0 = Debug|Any CPU
		{2BAA6C18-240B-45E4-8C45-0BBC7B4D6F68}.Release|Any CPU.ActiveCfg = Release|Any CPU
		{2BAA6C18-240B-45E4-8C45-0BBC7B4D6F68}.Release|Any CPU.Build.0 = Release|Any CPU
		{9EAE2613-EA54-44D8-A037-9BAE72E782D3}.Debug|Any CPU.ActiveCfg = Debug|Any CPU
		{9EAE2613-EA54-44D8-A037-9BAE72E782D3}.Debug|Any CPU.Build.0 = Debug|Any CPU
		{9EAE2613-EA54-44D8-A037-9BAE72E782D3}.Release|Any CPU.ActiveCfg = Release|Any CPU
		{9EAE2613-EA54-44D8-A037-9BAE72E782D3}.Release|Any CPU.Build.0 = Release|Any CPU
		{FF787830-04D7-420F-AFAC-17462C22F8C8}.Debug|Any CPU.ActiveCfg = Debug|Any CPU
		{FF787830-04D7-420F-AFAC-17462C22F8C8}.Debug|Any CPU.Build.0 = Debug|Any CPU
		{FF787830-04D7-420F-AFAC-17462C22F8C8}.Release|Any CPU.ActiveCfg = Release|Any CPU
		{FF787830-04D7-420F-AFAC-17462C22F8C8}.Release|Any CPU.Build.0 = Release|Any CPU
		{44E36D43-B0EA-44DD-88D2-BB0A119E6DE0}.Debug|Any CPU.ActiveCfg = Debug|Any CPU
		{44E36D43-B0EA-44DD-88D2-BB0A119E6DE0}.Debug|Any CPU.Build.0 = Debug|Any CPU
		{44E36D43-B0EA-44DD-88D2-BB0A119E6DE0}.Release|Any CPU.ActiveCfg = Release|Any CPU
		{44E36D43-B0EA-44DD-88D2-BB0A119E6DE0}.Release|Any CPU.Build.0 = Release|Any CPU
		{C8B62823-62D8-45D6-9EFE-14B558A26F47}.Debug|Any CPU.ActiveCfg = Debug|Any CPU
		{C8B62823-62D8-45D6-9EFE-14B558A26F47}.Debug|Any CPU.Build.0 = Debug|Any CPU
		{C8B62823-62D8-45D6-9EFE-14B558A26F47}.Release|Any CPU.ActiveCfg = Release|Any CPU
		{C8B62823-62D8-45D6-9EFE-14B558A26F47}.Release|Any CPU.Build.0 = Release|Any CPU
		{F830932A-04A4-4B74-B9D4-1CB5D31D3C7A}.Debug|Any CPU.ActiveCfg = Debug|Any CPU
		{F830932A-04A4-4B74-B9D4-1CB5D31D3C7A}.Debug|Any CPU.Build.0 = Debug|Any CPU
		{F830932A-04A4-4B74-B9D4-1CB5D31D3C7A}.Release|Any CPU.ActiveCfg = Release|Any CPU
		{F830932A-04A4-4B74-B9D4-1CB5D31D3C7A}.Release|Any CPU.Build.0 = Release|Any CPU
		{1A7CFC01-67D0-4418-BA62-4F58F06529CF}.Debug|Any CPU.ActiveCfg = Debug|Any CPU
		{1A7CFC01-67D0-4418-BA62-4F58F06529CF}.Debug|Any CPU.Build.0 = Debug|Any CPU
		{1A7CFC01-67D0-4418-BA62-4F58F06529CF}.Release|Any CPU.ActiveCfg = Release|Any CPU
		{1A7CFC01-67D0-4418-BA62-4F58F06529CF}.Release|Any CPU.Build.0 = Release|Any CPU
		{30F2C8A2-F5FD-4C68-BEE1-8E625D81CB98}.Debug|Any CPU.ActiveCfg = Debug|Any CPU
		{30F2C8A2-F5FD-4C68-BEE1-8E625D81CB98}.Debug|Any CPU.Build.0 = Debug|Any CPU
		{30F2C8A2-F5FD-4C68-BEE1-8E625D81CB98}.Release|Any CPU.ActiveCfg = Release|Any CPU
		{30F2C8A2-F5FD-4C68-BEE1-8E625D81CB98}.Release|Any CPU.Build.0 = Release|Any CPU
		{46BCA939-464B-42AC-A616-346B56F3F5A3}.Debug|Any CPU.ActiveCfg = Debug|Any CPU
		{46BCA939-464B-42AC-A616-346B56F3F5A3}.Debug|Any CPU.Build.0 = Debug|Any CPU
		{46BCA939-464B-42AC-A616-346B56F3F5A3}.Release|Any CPU.ActiveCfg = Release|Any CPU
		{46BCA939-464B-42AC-A616-346B56F3F5A3}.Release|Any CPU.Build.0 = Release|Any CPU
		{C40D0482-11F4-4C06-8A49-6EEA01B16B32}.Debug|Any CPU.ActiveCfg = Debug|Any CPU
		{C40D0482-11F4-4C06-8A49-6EEA01B16B32}.Debug|Any CPU.Build.0 = Debug|Any CPU
		{C40D0482-11F4-4C06-8A49-6EEA01B16B32}.Release|Any CPU.ActiveCfg = Release|Any CPU
		{C40D0482-11F4-4C06-8A49-6EEA01B16B32}.Release|Any CPU.Build.0 = Release|Any CPU
	EndGlobalSection
	GlobalSection(SolutionProperties) = preSolution
		HideSolutionNode = FALSE
	EndGlobalSection
	GlobalSection(NestedProjects) = preSolution
		{BB67332A-7BDB-4353-9884-757E22A6BFB9} = {40C9CA7E-52F8-4DC4-A10D-F7DAF4C73A91}
		{EE74F49B-E79E-4A86-9B9A-F9196080F3E2} = {1820A1D6-10F0-40C4-AB10-A0161A074827}
		{72AF1252-3C15-41AE-B5EE-4B48E4062A65} = {1820A1D6-10F0-40C4-AB10-A0161A074827}
		{76168595-0B29-4589-8062-56820EFE959D} = {1820A1D6-10F0-40C4-AB10-A0161A074827}
		{2F6E2900-5F63-4002-BA92-D80BD58614FA} = {BB96EB7A-9CF3-49A3-83C9-F731C39E617A}
		{D349A62C-44A6-49A2-BB36-7D3EDE382746} = {1820A1D6-10F0-40C4-AB10-A0161A074827}
		{B5035A0E-6CF1-401D-8509-8C8F72FBEF38} = {1820A1D6-10F0-40C4-AB10-A0161A074827}
		{2BAA6C18-240B-45E4-8C45-0BBC7B4D6F68} = {1820A1D6-10F0-40C4-AB10-A0161A074827}
		{44E36D43-B0EA-44DD-88D2-BB0A119E6DE0} = {40C9CA7E-52F8-4DC4-A10D-F7DAF4C73A91}
		{C8B62823-62D8-45D6-9EFE-14B558A26F47} = {40C9CA7E-52F8-4DC4-A10D-F7DAF4C73A91}
		{F830932A-04A4-4B74-B9D4-1CB5D31D3C7A} = {40C9CA7E-52F8-4DC4-A10D-F7DAF4C73A91}
		{1A7CFC01-67D0-4418-BA62-4F58F06529CF} = {BB96EB7A-9CF3-49A3-83C9-F731C39E617A}
		{30F2C8A2-F5FD-4C68-BEE1-8E625D81CB98} = {62D3EE21-B7C0-4EB9-B241-12820825FD83}
		{46BCA939-464B-42AC-A616-346B56F3F5A3} = {40C9CA7E-52F8-4DC4-A10D-F7DAF4C73A91}
		{C40D0482-11F4-4C06-8A49-6EEA01B16B32} = {40C9CA7E-52F8-4DC4-A10D-F7DAF4C73A91}
	EndGlobalSection
	GlobalSection(ExtensibilityGlobals) = postSolution
		SolutionGuid = {0CE6E158-92A1-4BC1-95F1-DBE40A9BAB9B}
	EndGlobalSection
EndGlobal
