
Microsoft Visual Studio Solution File, Format Version 12.00
# Visual Studio Version 16
VisualStudioVersion = 16.0.30907.101
MinimumVisualStudioVersion = 10.0.40219.1
Project("{FAE04EC0-301F-11D3-BF4B-00C04F79EFBC}") = "AlarmWebService", "AlarmWebService\AlarmWebService.csproj", "{F3610191-2302-43C1-9FE8-4FDAEE208E21}"
EndProject
Project("{9A19103F-16F7-4668-BE54-9A1E7A4F7556}") = "dnsDapperDBUtil", "..\..\..\..\esdk\dnsDapperDBUtil\dnsDapperDBUtil\dnsDapperDBUtil.csproj", "{E573015B-9AA8-46DC-8365-2EB0C8EBB37D}"
EndProject
Global
	GlobalSection(SolutionConfigurationPlatforms) = preSolution
		Debug|Any CPU = Debug|Any CPU
		Release|Any CPU = Release|Any CPU
	EndGlobalSection
	GlobalSection(ProjectConfigurationPlatforms) = postSolution
		{F3610191-2302-43C1-9FE8-4FDAEE208E21}.Debug|Any CPU.ActiveCfg = Debug|Any CPU
		{F3610191-2302-43C1-9FE8-4FDAEE208E21}.Debug|Any CPU.Build.0 = Debug|Any CPU
		{F3610191-2302-43C1-9FE8-4FDAEE208E21}.Release|Any CPU.ActiveCfg = Release|Any CPU
		{F3610191-2302-43C1-9FE8-4FDAEE208E21}.Release|Any CPU.Build.0 = Release|Any CPU
		{E573015B-9AA8-46DC-8365-2EB0C8EBB37D}.Debug|Any CPU.ActiveCfg = Debug|Any CPU
		{E573015B-9AA8-46DC-8365-2EB0C8EBB37D}.Debug|Any CPU.Build.0 = Debug|Any CPU
		{E573015B-9AA8-46DC-8365-2EB0C8EBB37D}.Release|Any CPU.ActiveCfg = Release|Any CPU
		{E573015B-9AA8-46DC-8365-2EB0C8EBB37D}.Release|Any CPU.Build.0 = Release|Any CPU
	EndGlobalSection
	GlobalSection(SolutionProperties) = preSolution
		HideSolutionNode = FALSE
	EndGlobalSection
	GlobalSection(ExtensibilityGlobals) = postSolution
		SolutionGuid = {E0DF33C8-5D88-45BF-80CD-D1BEA0D598B3}
	EndGlobalSection
EndGlobal
